// !$*UTF8*$!
{
	archiveVersion = 1;
	classes = {
	};
	objectVersion = 50;
	objects = {

/* Begin PBXBuildFile section */
		EE010518251A6EBD00FFA24C /* CollectionSectionHeader.xib in Resources */ = {isa = PBXBuildFile; fileRef = EE010517251A6EBD00FFA24C /* CollectionSectionHeader.xib */; };
		EE01051E251A6FBF00FFA24C /* CollectionSectionHeaderView.swift in Sources */ = {isa = PBXBuildFile; fileRef = EE01051D251A6FBF00FFA24C /* CollectionSectionHeaderView.swift */; };
		EE0573D923FF342600316516 /* SunburstView.swift in Sources */ = {isa = PBXBuildFile; fileRef = EE0573D823FF342600316516 /* SunburstView.swift */; };
		EE0573DB23FF345B00316516 /* Sunburst.swift in Sources */ = {isa = PBXBuildFile; fileRef = EE0573DA23FF345B00316516 /* Sunburst.swift */; };
		EE0573DD23FF347C00316516 /* ArcView.swift in Sources */ = {isa = PBXBuildFile; fileRef = EE0573DC23FF347C00316516 /* ArcView.swift */; };
		EE0573DF23FF34A800316516 /* DataModel.swift in Sources */ = {isa = PBXBuildFile; fileRef = EE0573DE23FF34A800316516 /* DataModel.swift */; };
		EE0573E123FF34BF00316516 /* IfLetView.swift in Sources */ = {isa = PBXBuildFile; fileRef = EE0573E023FF34BF00316516 /* IfLetView.swift */; };
		EE0573E323FF393F00316516 /* UIImage+Custom.swift in Sources */ = {isa = PBXBuildFile; fileRef = EE0573E223FF393F00316516 /* UIImage+Custom.swift */; };
		EE05FC06253E185D00258BB0 /* SidebarCollectionViewController.swift in Sources */ = {isa = PBXBuildFile; fileRef = EE05FC05253E185D00258BB0 /* SidebarCollectionViewController.swift */; };
		EE06B03124FDDB1D00C84D4B /* TripleSplitViewController.swift in Sources */ = {isa = PBXBuildFile; fileRef = EE06B03024FDDB1D00C84D4B /* TripleSplitViewController.swift */; };
		EE06B04C24FEDFD000C84D4B /* CardVC.swift in Sources */ = {isa = PBXBuildFile; fileRef = EE06B04B24FEDFD000C84D4B /* CardVC.swift */; };
		EE0F62A922341CD7003D8A8A /* PageTwoViewController.swift in Sources */ = {isa = PBXBuildFile; fileRef = EE0F62A822341CD7003D8A8A /* PageTwoViewController.swift */; };
		EE0F62AB22341DC1003D8A8A /* PageOneViewController.swift in Sources */ = {isa = PBXBuildFile; fileRef = EE0F62AA22341DC1003D8A8A /* PageOneViewController.swift */; };
		EE0F62AD22356494003D8A8A /* CoreDataStack.swift in Sources */ = {isa = PBXBuildFile; fileRef = EE0F62AC22356494003D8A8A /* CoreDataStack.swift */; };
		EE1E1467223AFC6600A54747 /* DeckCard+CoreDataClass.swift in Sources */ = {isa = PBXBuildFile; fileRef = EE1E1465223AFC6600A54747 /* DeckCard+CoreDataClass.swift */; };
		EE1E1468223AFC6600A54747 /* DeckCard+CoreDataProperties.swift in Sources */ = {isa = PBXBuildFile; fileRef = EE1E1466223AFC6600A54747 /* DeckCard+CoreDataProperties.swift */; };
		EE1E146A223AFFEA00A54747 /* DeckTableViewCell.swift in Sources */ = {isa = PBXBuildFile; fileRef = EE1E1469223AFFEA00A54747 /* DeckTableViewCell.swift */; };
		EE244332252FECFA00B22885 /* RandomCardArtIntent.intentdefinition in Sources */ = {isa = PBXBuildFile; fileRef = EE244331252FECFA00B22885 /* RandomCardArtIntent.intentdefinition */; settings = {ATTRIBUTES = (no_codegen, ); }; };
		EE24433B252FEDBB00B22885 /* RandomCardArtIntent.intentdefinition in Sources */ = {isa = PBXBuildFile; fileRef = EE244331252FECFA00B22885 /* RandomCardArtIntent.intentdefinition */; };
		EE2443962530075D00B22885 /* macOSCardArtIntent.intentdefinition in Sources */ = {isa = PBXBuildFile; fileRef = EE2443732530037700B22885 /* macOSCardArtIntent.intentdefinition */; settings = {ATTRIBUTES = (no_codegen, ); }; };
		EE24439B2530075E00B22885 /* macOSCardArtIntent.intentdefinition in Sources */ = {isa = PBXBuildFile; fileRef = EE2443732530037700B22885 /* macOSCardArtIntent.intentdefinition */; settings = {ATTRIBUTES = (no_codegen, ); }; };
		EE24B104223DB9700057610D /* Collection.storyboard in Resources */ = {isa = PBXBuildFile; fileRef = EE24B103223DB9700057610D /* Collection.storyboard */; };
		EE24B106223DB9910057610D /* CollectionTableViewController.swift in Sources */ = {isa = PBXBuildFile; fileRef = EE24B105223DB9910057610D /* CollectionTableViewController.swift */; };
		EE24B108223DB9F50057610D /* CollectionTableViewCell.swift in Sources */ = {isa = PBXBuildFile; fileRef = EE24B107223DB9F50057610D /* CollectionTableViewCell.swift */; };
		EE2755292234084C006BD083 /* UserDefaultsHandler.swift in Sources */ = {isa = PBXBuildFile; fileRef = EE2755282234084C006BD083 /* UserDefaultsHandler.swift */; };
		EE27552B22340F0F006BD083 /* Onboarding.storyboard in Resources */ = {isa = PBXBuildFile; fileRef = EE27552A22340F0F006BD083 /* Onboarding.storyboard */; };
		EE27552D22341B04006BD083 /* RoundButton.swift in Sources */ = {isa = PBXBuildFile; fileRef = EE27552C22341B04006BD083 /* RoundButton.swift */; };
		EE2B78A621EFE39700306990 /* RootViewController+ViewFactory.swift in Sources */ = {isa = PBXBuildFile; fileRef = EE2B78A521EFE39700306990 /* RootViewController+ViewFactory.swift */; };
		EE2B78A821EFE3DB00306990 /* RootViewController.swift in Sources */ = {isa = PBXBuildFile; fileRef = EE2B78A721EFE3DB00306990 /* RootViewController.swift */; };
		EE2B78AB21EFE47600306990 /* UIView+AutolayoutHelp.swift in Sources */ = {isa = PBXBuildFile; fileRef = EE2B78AA21EFE47600306990 /* UIView+AutolayoutHelp.swift */; };
		EE2B78BA21EFE60E00306990 /* SelectionState.swift in Sources */ = {isa = PBXBuildFile; fileRef = EE2B78B821EFE60E00306990 /* SelectionState.swift */; };
		EE2B78BB21EFE60E00306990 /* StateCoordinator.swift in Sources */ = {isa = PBXBuildFile; fileRef = EE2B78B921EFE60E00306990 /* StateCoordinator.swift */; };
		EE2B78C121F0075100306990 /* Collections.storyboard in Resources */ = {isa = PBXBuildFile; fileRef = EE2B78C021F0075100306990 /* Collections.storyboard */; };
		EE2B78C321F0077400306990 /* CollectionsTableViewController.swift in Sources */ = {isa = PBXBuildFile; fileRef = EE2B78C221F0077400306990 /* CollectionsTableViewController.swift */; };
		EE2B78C521F0083E00306990 /* CardList.storyboard in Resources */ = {isa = PBXBuildFile; fileRef = EE2B78C421F0083E00306990 /* CardList.storyboard */; };
		EE2B78C721F0084A00306990 /* Card.storyboard in Resources */ = {isa = PBXBuildFile; fileRef = EE2B78C621F0084A00306990 /* Card.storyboard */; };
		EE2B78C921F0087200306990 /* CardListTableViewController.swift in Sources */ = {isa = PBXBuildFile; fileRef = EE2B78C821F0087200306990 /* CardListTableViewController.swift */; };
		EE2B78CB21F0089500306990 /* CardViewController.swift in Sources */ = {isa = PBXBuildFile; fileRef = EE2B78CA21F0089500306990 /* CardViewController.swift */; };
		EE2B78CE21F009A600306990 /* PlaceholderView.storyboard in Resources */ = {isa = PBXBuildFile; fileRef = EE2B78CC21F009A600306990 /* PlaceholderView.storyboard */; };
		EE2B78CF21F009A600306990 /* PlaceholderViewController.swift in Sources */ = {isa = PBXBuildFile; fileRef = EE2B78CD21F009A600306990 /* PlaceholderViewController.swift */; };
		EE2B78D121F13ACD00306990 /* DataManager.swift in Sources */ = {isa = PBXBuildFile; fileRef = EE2B78D021F13ACD00306990 /* DataManager.swift */; };
		EE2B78D321F13EAF00306990 /* MTGSet.swift in Sources */ = {isa = PBXBuildFile; fileRef = EE2B78D221F13EAF00306990 /* MTGSet.swift */; };
		EE2B78D521F1518E00306990 /* SetList.swift in Sources */ = {isa = PBXBuildFile; fileRef = EE2B78D421F1518E00306990 /* SetList.swift */; };
		EE2B821D21FCAD5200306990 /* Ruling.swift in Sources */ = {isa = PBXBuildFile; fileRef = EE2B821C21FCAD5200306990 /* Ruling.swift */; };
		EE2B821F21FCCA3900306990 /* Card.swift in Sources */ = {isa = PBXBuildFile; fileRef = EE2B821E21FCCA3900306990 /* Card.swift */; };
		EE2B822121FD254100306990 /* ForeignDatum.swift in Sources */ = {isa = PBXBuildFile; fileRef = EE2B822021FD254100306990 /* ForeignDatum.swift */; };
		EE2B822321FD258700306990 /* Legalities.swift in Sources */ = {isa = PBXBuildFile; fileRef = EE2B822221FD258700306990 /* Legalities.swift */; };
		EE2B822521FD25C800306990 /* Meta.swift in Sources */ = {isa = PBXBuildFile; fileRef = EE2B822421FD25C800306990 /* Meta.swift */; };
		EE2B822721FD25FD00306990 /* Token.swift in Sources */ = {isa = PBXBuildFile; fileRef = EE2B822621FD25FD00306990 /* Token.swift */; };
		EE2CAC502231707000D24334 /* TcgPrices.swift in Sources */ = {isa = PBXBuildFile; fileRef = EE2CAC4F2231707000D24334 /* TcgPrices.swift */; };
		EE2CAC522231AAF200D24334 /* SafariActivity.swift in Sources */ = {isa = PBXBuildFile; fileRef = EE2CAC512231AAF200D24334 /* SafariActivity.swift */; };
		EE2CAC542231C1AA00D24334 /* String+Custom.swift in Sources */ = {isa = PBXBuildFile; fileRef = EE2CAC532231C1AA00D24334 /* String+Custom.swift */; };
		EE32D7AF2265631D00AEC47E /* DeckCardCommanderTableViewCell.swift in Sources */ = {isa = PBXBuildFile; fileRef = EE32D7AE2265631D00AEC47E /* DeckCardCommanderTableViewCell.swift */; };
		EE35EDAF23F5EC27000254E7 /* BarChart.swift in Sources */ = {isa = PBXBuildFile; fileRef = EE35EDAE23F5EC27000254E7 /* BarChart.swift */; };
		EE35EDB123F627D4000254E7 /* Array+Custom.swift in Sources */ = {isa = PBXBuildFile; fileRef = EE35EDB023F627D4000254E7 /* Array+Custom.swift */; };
		EE37BA672494017A007885DF /* DeckLegalities.swift in Sources */ = {isa = PBXBuildFile; fileRef = EE37BA662494017A007885DF /* DeckLegalities.swift */; };
		EE4F532522467859003A06CA /* CardRulingView.xib in Resources */ = {isa = PBXBuildFile; fileRef = EE4F532422467859003A06CA /* CardRulingView.xib */; };
		EE4F532722467A4D003A06CA /* CardRulingsView.swift in Sources */ = {isa = PBXBuildFile; fileRef = EE4F532622467A4D003A06CA /* CardRulingsView.swift */; };
		EE4FD204223A91BD00E8CDB3 /* Deck+CoreDataClass.swift in Sources */ = {isa = PBXBuildFile; fileRef = EE4FD202223A91BD00E8CDB3 /* Deck+CoreDataClass.swift */; };
		EE4FD205223A91BD00E8CDB3 /* Deck+CoreDataProperties.swift in Sources */ = {isa = PBXBuildFile; fileRef = EE4FD203223A91BD00E8CDB3 /* Deck+CoreDataProperties.swift */; };
		EE4FD207223AC6CE00E8CDB3 /* Deck.storyboard in Resources */ = {isa = PBXBuildFile; fileRef = EE4FD206223AC6CE00E8CDB3 /* Deck.storyboard */; };
		EE4FD209223AC6FE00E8CDB3 /* DeckTableViewController.swift in Sources */ = {isa = PBXBuildFile; fileRef = EE4FD208223AC6FE00E8CDB3 /* DeckTableViewController.swift */; };
		EE5742072513E22D006FA8C2 /* PricesView.swift in Sources */ = {isa = PBXBuildFile; fileRef = EE5742062513E22D006FA8C2 /* PricesView.swift */; };
		EE5EDE942246831F00C24C5E /* CardLegalityView.xib in Resources */ = {isa = PBXBuildFile; fileRef = EE5EDE922246831E00C24C5E /* CardLegalityView.xib */; };
		EE5EDE952246831F00C24C5E /* CardLegalityView.swift in Sources */ = {isa = PBXBuildFile; fileRef = EE5EDE932246831F00C24C5E /* CardLegalityView.swift */; };
		EE65339F249A9E8200489802 /* CardIdentifiers.swift in Sources */ = {isa = PBXBuildFile; fileRef = EE65339E249A9E8200489802 /* CardIdentifiers.swift */; };
		EE6533A2249AAC2600489802 /* CardKeyword+CoreDataClass.swift in Sources */ = {isa = PBXBuildFile; fileRef = EE6533A0249AAC2600489802 /* CardKeyword+CoreDataClass.swift */; };
		EE6533A3249AAC2600489802 /* CardKeyword+CoreDataProperties.swift in Sources */ = {isa = PBXBuildFile; fileRef = EE6533A1249AAC2600489802 /* CardKeyword+CoreDataProperties.swift */; };
		EE6533A9249BEEC600489802 /* EditDeck.storyboard in Resources */ = {isa = PBXBuildFile; fileRef = EE6533A8249BEEC600489802 /* EditDeck.storyboard */; };
		EE6533AB249BEEF800489802 /* EditDeckTableViewController.swift in Sources */ = {isa = PBXBuildFile; fileRef = EE6533AA249BEEF800489802 /* EditDeckTableViewController.swift */; };
		EE6533AE249D3E1100489802 /* CardFrameEffect+CoreDataClass.swift in Sources */ = {isa = PBXBuildFile; fileRef = EE6533AC249D3E1100489802 /* CardFrameEffect+CoreDataClass.swift */; };
		EE6533AF249D3E1100489802 /* CardFrameEffect+CoreDataProperties.swift in Sources */ = {isa = PBXBuildFile; fileRef = EE6533AD249D3E1100489802 /* CardFrameEffect+CoreDataProperties.swift */; };
		EE6F94B022309136001B3378 /* TcgPlayerApi.swift in Sources */ = {isa = PBXBuildFile; fileRef = EE6F94AF22309136001B3378 /* TcgPlayerApi.swift */; };
		EE6F94B2223092AD001B3378 /* TcgToken.swift in Sources */ = {isa = PBXBuildFile; fileRef = EE6F94B1223092AD001B3378 /* TcgToken.swift */; };
		EE75E5F42284DF8300C23421 /* UpdateSet.swift in Sources */ = {isa = PBXBuildFile; fileRef = EE75E5F32284DF8300C23421 /* UpdateSet.swift */; };
		EE843A302228256100B07E09 /* ScryfallCard.swift in Sources */ = {isa = PBXBuildFile; fileRef = EE843A2F2228256100B07E09 /* ScryfallCard.swift */; };
		EE9246F2225A7B110044F858 /* Filters.storyboard in Resources */ = {isa = PBXBuildFile; fileRef = EE9246F1225A7B110044F858 /* Filters.storyboard */; };
		EE9246F4225A7E620044F858 /* FiltersTableViewController.swift in Sources */ = {isa = PBXBuildFile; fileRef = EE9246F3225A7E620044F858 /* FiltersTableViewController.swift */; };
		EE9246FB225A9EF80044F858 /* TypeFilterTableViewController.swift in Sources */ = {isa = PBXBuildFile; fileRef = EE9246F6225A9EF70044F858 /* TypeFilterTableViewController.swift */; };
		EE9246FC225A9EF80044F858 /* SubTypeFilterTableViewController.swift in Sources */ = {isa = PBXBuildFile; fileRef = EE9246F7225A9EF70044F858 /* SubTypeFilterTableViewController.swift */; };
		EE9246FE225A9EF80044F858 /* SetFilterTableViewController.swift in Sources */ = {isa = PBXBuildFile; fileRef = EE9246F9225A9EF80044F858 /* SetFilterTableViewController.swift */; };
		EE9246FF225A9EF80044F858 /* SuperTypeFilterTableViewController.swift in Sources */ = {isa = PBXBuildFile; fileRef = EE9246FA225A9EF80044F858 /* SuperTypeFilterTableViewController.swift */; };
		EE924701225A9F990044F858 /* LegalityFilterTableViewController.swift in Sources */ = {isa = PBXBuildFile; fileRef = EE924700225A9F980044F858 /* LegalityFilterTableViewController.swift */; };
		EE924703225AA4E70044F858 /* Filters.swift in Sources */ = {isa = PBXBuildFile; fileRef = EE924702225AA4E70044F858 /* Filters.swift */; };
		EE924708225AD4440044F858 /* CardType+CoreDataClass.swift in Sources */ = {isa = PBXBuildFile; fileRef = EE924706225AD4440044F858 /* CardType+CoreDataClass.swift */; };
		EE924709225AD4440044F858 /* CardType+CoreDataProperties.swift in Sources */ = {isa = PBXBuildFile; fileRef = EE924707225AD4440044F858 /* CardType+CoreDataProperties.swift */; };
		EE99E168243FBFC6008BEFAA /* Sharing.swift in Sources */ = {isa = PBXBuildFile; fileRef = EE99E167243FBFC6008BEFAA /* Sharing.swift */; };
		EE99E17424411856008BEFAA /* OnboardingPageViewController.swift in Sources */ = {isa = PBXBuildFile; fileRef = EE99E17324411856008BEFAA /* OnboardingPageViewController.swift */; };
		EEAA53CB223323D700CB4B72 /* Debug.storyboard in Resources */ = {isa = PBXBuildFile; fileRef = EEAA53CA223323D700CB4B72 /* Debug.storyboard */; };
		EEAA53CD2233241000CB4B72 /* DebugViewController.swift in Sources */ = {isa = PBXBuildFile; fileRef = EEAA53CC2233241000CB4B72 /* DebugViewController.swift */; };
		EEB0ADDA227A3C3400613C8C /* Backup.swift in Sources */ = {isa = PBXBuildFile; fileRef = EEB0ADD9227A3C3400613C8C /* Backup.swift */; };
		EEB0ADDC227A3FBF00613C8C /* Deck+Backup.swift in Sources */ = {isa = PBXBuildFile; fileRef = EEB0ADDB227A3FBF00613C8C /* Deck+Backup.swift */; };
		EEB0E85422ADDB2C00BB8B74 /* DeckStats.storyboard in Resources */ = {isa = PBXBuildFile; fileRef = EEB0E85322ADDB2C00BB8B74 /* DeckStats.storyboard */; };
		EEB0E85A22ADDDE700BB8B74 /* DeckCardFoilTableViewCell.swift in Sources */ = {isa = PBXBuildFile; fileRef = EEB0E85922ADDDE700BB8B74 /* DeckCardFoilTableViewCell.swift */; };
		EEB0E85C22ADE58A00BB8B74 /* DeckStatsTableViewController.swift in Sources */ = {isa = PBXBuildFile; fileRef = EEB0E85B22ADE58A00BB8B74 /* DeckStatsTableViewController.swift */; };
		EEB5D81D2205EA670070FF8B /* CardListTableViewCell.swift in Sources */ = {isa = PBXBuildFile; fileRef = EEB5D81C2205EA670070FF8B /* CardListTableViewCell.swift */; };
		EEB5D81F2205EBFF0070FF8B /* UIColor+Custom.swift in Sources */ = {isa = PBXBuildFile; fileRef = EEB5D81E2205EBFF0070FF8B /* UIColor+Custom.swift */; };
		EEB5D8212205F0D30070FF8B /* GradientView.swift in Sources */ = {isa = PBXBuildFile; fileRef = EEB5D8202205F0D30070FF8B /* GradientView.swift */; };
		EEBA1B7A25090905006DF743 /* ImageLoader.swift in Sources */ = {isa = PBXBuildFile; fileRef = EEBA1B7925090905006DF743 /* ImageLoader.swift */; };
		EEBA1B7C2509092E006DF743 /* URLImage.swift in Sources */ = {isa = PBXBuildFile; fileRef = EEBA1B7B2509092E006DF743 /* URLImage.swift */; };
		EEBA1B7E25091F84006DF743 /* TCGPricesLoader.swift in Sources */ = {isa = PBXBuildFile; fileRef = EEBA1B7D25091F84006DF743 /* TCGPricesLoader.swift */; };
		EEBA1B8025093854006DF743 /* CardDetailsView.swift in Sources */ = {isa = PBXBuildFile; fileRef = EEBA1B7F25093854006DF743 /* CardDetailsView.swift */; };
		EEBA1B82250939FC006DF743 /* RulingsView.swift in Sources */ = {isa = PBXBuildFile; fileRef = EEBA1B81250939FC006DF743 /* RulingsView.swift */; };
		EEBE6D8E21EFE18F00A3464E /* AppDelegate.swift in Sources */ = {isa = PBXBuildFile; fileRef = EEBE6D8D21EFE18F00A3464E /* AppDelegate.swift */; };
		EEBE6D9321EFE18F00A3464E /* Main.storyboard in Resources */ = {isa = PBXBuildFile; fileRef = EEBE6D9121EFE18F00A3464E /* Main.storyboard */; };
		EEBE6D9621EFE18F00A3464E /* MTGCards.xcdatamodeld in Sources */ = {isa = PBXBuildFile; fileRef = EEBE6D9421EFE18F00A3464E /* MTGCards.xcdatamodeld */; };
		EEBE6D9821EFE19100A3464E /* Assets.xcassets in Resources */ = {isa = PBXBuildFile; fileRef = EEBE6D9721EFE19100A3464E /* Assets.xcassets */; };
		EEBE6D9B21EFE19100A3464E /* LaunchScreen.storyboard in Resources */ = {isa = PBXBuildFile; fileRef = EEBE6D9921EFE19100A3464E /* LaunchScreen.storyboard */; };
		EEBE6DA621EFE19100A3464E /* MTGCardsTests.swift in Sources */ = {isa = PBXBuildFile; fileRef = EEBE6DA521EFE19100A3464E /* MTGCardsTests.swift */; };
		EEBE6DB121EFE19100A3464E /* MTGCardsUITests.swift in Sources */ = {isa = PBXBuildFile; fileRef = EEBE6DB021EFE19100A3464E /* MTGCardsUITests.swift */; };
		EEC9198E223080A0004E52F5 /* Settings.storyboard in Resources */ = {isa = PBXBuildFile; fileRef = EEC9198D223080A0004E52F5 /* Settings.storyboard */; };
		EEC91990223080DF004E52F5 /* SettingsTableViewController.swift in Sources */ = {isa = PBXBuildFile; fileRef = EEC9198F223080DF004E52F5 /* SettingsTableViewController.swift */; };
		EED295D8256DD056003A1800 /* Updates.swift in Sources */ = {isa = PBXBuildFile; fileRef = EED295D7256DD056003A1800 /* Updates.swift */; };
		EED295E6256DE2BD003A1800 /* NonCDSet.swift in Sources */ = {isa = PBXBuildFile; fileRef = EED295E5256DE2BD003A1800 /* NonCDSet.swift */; };
		EED295ED25771364003A1800 /* DeckStatsView.swift in Sources */ = {isa = PBXBuildFile; fileRef = EED295EC25771363003A1800 /* DeckStatsView.swift */; };
		EED997BD257B19D40002F12E /* NotificationsViewController.swift in Sources */ = {isa = PBXBuildFile; fileRef = EED997BC257B19D40002F12E /* NotificationsViewController.swift */; };
		EED997C3257EB88F0002F12E /* KeywordFilterTableViewController.swift in Sources */ = {isa = PBXBuildFile; fileRef = EED997C2257EB88F0002F12E /* KeywordFilterTableViewController.swift */; };
		EEE7D56F225B6E0000FE4D1C /* ColorIdentity+CoreDataClass.swift in Sources */ = {isa = PBXBuildFile; fileRef = EEE7D56D225B6E0000FE4D1C /* ColorIdentity+CoreDataClass.swift */; };
		EEE7D570225B6E0000FE4D1C /* ColorIdentity+CoreDataProperties.swift in Sources */ = {isa = PBXBuildFile; fileRef = EEE7D56E225B6E0000FE4D1C /* ColorIdentity+CoreDataProperties.swift */; };
		EEE7D587225B91DD00FE4D1C /* CardSubtype+CoreDataClass.swift in Sources */ = {isa = PBXBuildFile; fileRef = EEE7D585225B91DD00FE4D1C /* CardSubtype+CoreDataClass.swift */; };
		EEE7D588225B91DD00FE4D1C /* CardSubtype+CoreDataProperties.swift in Sources */ = {isa = PBXBuildFile; fileRef = EEE7D586225B91DD00FE4D1C /* CardSubtype+CoreDataProperties.swift */; };
		EEE7D59B225BA16D00FE4D1C /* CardSupertype+CoreDataClass.swift in Sources */ = {isa = PBXBuildFile; fileRef = EEE7D599225BA16D00FE4D1C /* CardSupertype+CoreDataClass.swift */; };
		EEE7D59C225BA16D00FE4D1C /* CardSupertype+CoreDataProperties.swift in Sources */ = {isa = PBXBuildFile; fileRef = EEE7D59A225BA16D00FE4D1C /* CardSupertype+CoreDataProperties.swift */; };
		EEE7D5A6226284E800FE4D1C /* EditDeckCard.storyboard in Resources */ = {isa = PBXBuildFile; fileRef = EEE7D5A5226284E800FE4D1C /* EditDeckCard.storyboard */; };
		EEE7D5A82262852100FE4D1C /* EditDeckCardTableViewController.swift in Sources */ = {isa = PBXBuildFile; fileRef = EEE7D5A72262852100FE4D1C /* EditDeckCardTableViewController.swift */; };
		EEE7D5AA226375FA00FE4D1C /* DeckCardQuantityTableViewCell.swift in Sources */ = {isa = PBXBuildFile; fileRef = EEE7D5A9226375FA00FE4D1C /* DeckCardQuantityTableViewCell.swift */; };
		EEE7D5AC226378CB00FE4D1C /* DeckCardSideboardTableViewCell.swift in Sources */ = {isa = PBXBuildFile; fileRef = EEE7D5AB226378CB00FE4D1C /* DeckCardSideboardTableViewCell.swift */; };
		EEEB6F27227929250009B442 /* Collection+Export.swift in Sources */ = {isa = PBXBuildFile; fileRef = EEEB6F26227929250009B442 /* Collection+Export.swift */; };
		EEF02F22223DAC11008F008B /* Collection+CoreDataClass.swift in Sources */ = {isa = PBXBuildFile; fileRef = EEF02F1E223DAC11008F008B /* Collection+CoreDataClass.swift */; };
		EEF02F23223DAC11008F008B /* Collection+CoreDataProperties.swift in Sources */ = {isa = PBXBuildFile; fileRef = EEF02F1F223DAC11008F008B /* Collection+CoreDataProperties.swift */; };
		EEF02F24223DAC11008F008B /* CollectionCard+CoreDataClass.swift in Sources */ = {isa = PBXBuildFile; fileRef = EEF02F20223DAC11008F008B /* CollectionCard+CoreDataClass.swift */; };
		EEF02F25223DAC11008F008B /* CollectionCard+CoreDataProperties.swift in Sources */ = {isa = PBXBuildFile; fileRef = EEF02F21223DAC11008F008B /* CollectionCard+CoreDataProperties.swift */; };
		EEF33D3C251D55BF003D1856 /* WidgetKit.framework in Frameworks */ = {isa = PBXBuildFile; fileRef = EE5741D12513D516006FA8C2 /* WidgetKit.framework */; };
		EEF33D3D251D55BF003D1856 /* SwiftUI.framework in Frameworks */ = {isa = PBXBuildFile; fileRef = EE5741D32513D517006FA8C2 /* SwiftUI.framework */; };
		EEF33D40251D55BF003D1856 /* RandomCardArtWidget.swift in Sources */ = {isa = PBXBuildFile; fileRef = EEF33D3F251D55BF003D1856 /* RandomCardArtWidget.swift */; };
		EEF33D42251D55C1003D1856 /* Assets.xcassets in Resources */ = {isa = PBXBuildFile; fileRef = EEF33D41251D55C1003D1856 /* Assets.xcassets */; };
		EEF33D46251D55C1003D1856 /* RandomCardArtWidgetExtension.appex in Embed App Extensions */ = {isa = PBXBuildFile; fileRef = EEF33D3B251D55BF003D1856 /* RandomCardArtWidgetExtension.appex */; settings = {ATTRIBUTES = (RemoveHeadersOnCopy, ); }; };
		EEF33D52251D5654003D1856 /* RandomCard.swift in Sources */ = {isa = PBXBuildFile; fileRef = EEF33D51251D5654003D1856 /* RandomCard.swift */; };
		EEF8AC5325140194002E10CF /* DebugBorder.swift in Sources */ = {isa = PBXBuildFile; fileRef = EEF8AC5225140194002E10CF /* DebugBorder.swift */; };
/* End PBXBuildFile section */

/* Begin PBXContainerItemProxy section */
		EEBE6DA221EFE19100A3464E /* PBXContainerItemProxy */ = {
			isa = PBXContainerItemProxy;
			containerPortal = EEBE6D8221EFE18F00A3464E /* Project object */;
			proxyType = 1;
			remoteGlobalIDString = EEBE6D8921EFE18F00A3464E;
			remoteInfo = MTGCards;
		};
		EEBE6DAD21EFE19100A3464E /* PBXContainerItemProxy */ = {
			isa = PBXContainerItemProxy;
			containerPortal = EEBE6D8221EFE18F00A3464E /* Project object */;
			proxyType = 1;
			remoteGlobalIDString = EEBE6D8921EFE18F00A3464E;
			remoteInfo = MTGCards;
		};
		EEF33D44251D55C1003D1856 /* PBXContainerItemProxy */ = {
			isa = PBXContainerItemProxy;
			containerPortal = EEBE6D8221EFE18F00A3464E /* Project object */;
			proxyType = 1;
			remoteGlobalIDString = EEF33D3A251D55BF003D1856;
			remoteInfo = RandomCardArtWidgetExtension;
		};
/* End PBXContainerItemProxy section */

/* Begin PBXCopyFilesBuildPhase section */
		EE5741E22513D519006FA8C2 /* Embed App Extensions */ = {
			isa = PBXCopyFilesBuildPhase;
			buildActionMask = 2147483647;
			dstPath = "";
			dstSubfolderSpec = 13;
			files = (
				EEF33D46251D55C1003D1856 /* RandomCardArtWidgetExtension.appex in Embed App Extensions */,
			);
			name = "Embed App Extensions";
			runOnlyForDeploymentPostprocessing = 0;
		};
/* End PBXCopyFilesBuildPhase section */

/* Begin PBXFileReference section */
		EE010517251A6EBD00FFA24C /* CollectionSectionHeader.xib */ = {isa = PBXFileReference; lastKnownFileType = file.xib; path = CollectionSectionHeader.xib; sourceTree = "<group>"; };
		EE01051D251A6FBF00FFA24C /* CollectionSectionHeaderView.swift */ = {isa = PBXFileReference; lastKnownFileType = sourcecode.swift; path = CollectionSectionHeaderView.swift; sourceTree = "<group>"; };
		EE0573D823FF342600316516 /* SunburstView.swift */ = {isa = PBXFileReference; lastKnownFileType = sourcecode.swift; path = SunburstView.swift; sourceTree = "<group>"; };
		EE0573DA23FF345B00316516 /* Sunburst.swift */ = {isa = PBXFileReference; lastKnownFileType = sourcecode.swift; path = Sunburst.swift; sourceTree = "<group>"; };
		EE0573DC23FF347C00316516 /* ArcView.swift */ = {isa = PBXFileReference; fileEncoding = 4; lastKnownFileType = sourcecode.swift; path = ArcView.swift; sourceTree = "<group>"; };
		EE0573DE23FF34A800316516 /* DataModel.swift */ = {isa = PBXFileReference; fileEncoding = 4; lastKnownFileType = sourcecode.swift; path = DataModel.swift; sourceTree = "<group>"; };
		EE0573E023FF34BF00316516 /* IfLetView.swift */ = {isa = PBXFileReference; fileEncoding = 4; lastKnownFileType = sourcecode.swift; path = IfLetView.swift; sourceTree = "<group>"; };
		EE0573E223FF393F00316516 /* UIImage+Custom.swift */ = {isa = PBXFileReference; lastKnownFileType = sourcecode.swift; path = "UIImage+Custom.swift"; sourceTree = "<group>"; };
		EE05FC05253E185D00258BB0 /* SidebarCollectionViewController.swift */ = {isa = PBXFileReference; lastKnownFileType = sourcecode.swift; path = SidebarCollectionViewController.swift; sourceTree = "<group>"; };
		EE06B03024FDDB1D00C84D4B /* TripleSplitViewController.swift */ = {isa = PBXFileReference; lastKnownFileType = sourcecode.swift; path = TripleSplitViewController.swift; sourceTree = "<group>"; };
		EE06B04B24FEDFD000C84D4B /* CardVC.swift */ = {isa = PBXFileReference; lastKnownFileType = sourcecode.swift; path = CardVC.swift; sourceTree = "<group>"; };
		EE0F62A822341CD7003D8A8A /* PageTwoViewController.swift */ = {isa = PBXFileReference; lastKnownFileType = sourcecode.swift; path = PageTwoViewController.swift; sourceTree = "<group>"; };
		EE0F62AA22341DC1003D8A8A /* PageOneViewController.swift */ = {isa = PBXFileReference; lastKnownFileType = sourcecode.swift; path = PageOneViewController.swift; sourceTree = "<group>"; };
		EE0F62AC22356494003D8A8A /* CoreDataStack.swift */ = {isa = PBXFileReference; lastKnownFileType = sourcecode.swift; path = CoreDataStack.swift; sourceTree = "<group>"; };
		EE1E1465223AFC6600A54747 /* DeckCard+CoreDataClass.swift */ = {isa = PBXFileReference; lastKnownFileType = sourcecode.swift; path = "DeckCard+CoreDataClass.swift"; sourceTree = "<group>"; };
		EE1E1466223AFC6600A54747 /* DeckCard+CoreDataProperties.swift */ = {isa = PBXFileReference; lastKnownFileType = sourcecode.swift; path = "DeckCard+CoreDataProperties.swift"; sourceTree = "<group>"; };
		EE1E1469223AFFEA00A54747 /* DeckTableViewCell.swift */ = {isa = PBXFileReference; lastKnownFileType = sourcecode.swift; path = DeckTableViewCell.swift; sourceTree = "<group>"; };
		EE244331252FECFA00B22885 /* RandomCardArtIntent.intentdefinition */ = {isa = PBXFileReference; lastKnownFileType = file.intentdefinition; path = RandomCardArtIntent.intentdefinition; sourceTree = "<group>"; };
		EE2443732530037700B22885 /* macOSCardArtIntent.intentdefinition */ = {isa = PBXFileReference; lastKnownFileType = file.intentdefinition; path = macOSCardArtIntent.intentdefinition; sourceTree = "<group>"; };
		EE24B103223DB9700057610D /* Collection.storyboard */ = {isa = PBXFileReference; lastKnownFileType = file.storyboard; path = Collection.storyboard; sourceTree = "<group>"; };
		EE24B105223DB9910057610D /* CollectionTableViewController.swift */ = {isa = PBXFileReference; lastKnownFileType = sourcecode.swift; path = CollectionTableViewController.swift; sourceTree = "<group>"; };
		EE24B107223DB9F50057610D /* CollectionTableViewCell.swift */ = {isa = PBXFileReference; lastKnownFileType = sourcecode.swift; path = CollectionTableViewCell.swift; sourceTree = "<group>"; };
		EE2755282234084C006BD083 /* UserDefaultsHandler.swift */ = {isa = PBXFileReference; lastKnownFileType = sourcecode.swift; path = UserDefaultsHandler.swift; sourceTree = "<group>"; };
		EE27552A22340F0F006BD083 /* Onboarding.storyboard */ = {isa = PBXFileReference; lastKnownFileType = file.storyboard; path = Onboarding.storyboard; sourceTree = "<group>"; };
		EE27552C22341B04006BD083 /* RoundButton.swift */ = {isa = PBXFileReference; lastKnownFileType = sourcecode.swift; path = RoundButton.swift; sourceTree = "<group>"; };
		EE2B78A521EFE39700306990 /* RootViewController+ViewFactory.swift */ = {isa = PBXFileReference; lastKnownFileType = sourcecode.swift; path = "RootViewController+ViewFactory.swift"; sourceTree = "<group>"; };
		EE2B78A721EFE3DB00306990 /* RootViewController.swift */ = {isa = PBXFileReference; fileEncoding = 4; lastKnownFileType = sourcecode.swift; path = RootViewController.swift; sourceTree = "<group>"; };
		EE2B78AA21EFE47600306990 /* UIView+AutolayoutHelp.swift */ = {isa = PBXFileReference; fileEncoding = 4; lastKnownFileType = sourcecode.swift; path = "UIView+AutolayoutHelp.swift"; sourceTree = "<group>"; };
		EE2B78B821EFE60E00306990 /* SelectionState.swift */ = {isa = PBXFileReference; fileEncoding = 4; lastKnownFileType = sourcecode.swift; path = SelectionState.swift; sourceTree = "<group>"; };
		EE2B78B921EFE60E00306990 /* StateCoordinator.swift */ = {isa = PBXFileReference; fileEncoding = 4; lastKnownFileType = sourcecode.swift; path = StateCoordinator.swift; sourceTree = "<group>"; };
		EE2B78C021F0075100306990 /* Collections.storyboard */ = {isa = PBXFileReference; lastKnownFileType = file.storyboard; path = Collections.storyboard; sourceTree = "<group>"; };
		EE2B78C221F0077400306990 /* CollectionsTableViewController.swift */ = {isa = PBXFileReference; lastKnownFileType = sourcecode.swift; path = CollectionsTableViewController.swift; sourceTree = "<group>"; };
		EE2B78C421F0083E00306990 /* CardList.storyboard */ = {isa = PBXFileReference; lastKnownFileType = file.storyboard; path = CardList.storyboard; sourceTree = "<group>"; };
		EE2B78C621F0084A00306990 /* Card.storyboard */ = {isa = PBXFileReference; lastKnownFileType = file.storyboard; path = Card.storyboard; sourceTree = "<group>"; };
		EE2B78C821F0087200306990 /* CardListTableViewController.swift */ = {isa = PBXFileReference; lastKnownFileType = sourcecode.swift; path = CardListTableViewController.swift; sourceTree = "<group>"; };
		EE2B78CA21F0089500306990 /* CardViewController.swift */ = {isa = PBXFileReference; lastKnownFileType = sourcecode.swift; path = CardViewController.swift; sourceTree = "<group>"; };
		EE2B78CC21F009A600306990 /* PlaceholderView.storyboard */ = {isa = PBXFileReference; fileEncoding = 4; lastKnownFileType = file.storyboard; path = PlaceholderView.storyboard; sourceTree = "<group>"; };
		EE2B78CD21F009A600306990 /* PlaceholderViewController.swift */ = {isa = PBXFileReference; fileEncoding = 4; lastKnownFileType = sourcecode.swift; path = PlaceholderViewController.swift; sourceTree = "<group>"; };
		EE2B78D021F13ACD00306990 /* DataManager.swift */ = {isa = PBXFileReference; lastKnownFileType = sourcecode.swift; path = DataManager.swift; sourceTree = "<group>"; };
		EE2B78D221F13EAF00306990 /* MTGSet.swift */ = {isa = PBXFileReference; lastKnownFileType = sourcecode.swift; path = MTGSet.swift; sourceTree = "<group>"; };
		EE2B78D421F1518E00306990 /* SetList.swift */ = {isa = PBXFileReference; lastKnownFileType = sourcecode.swift; path = SetList.swift; sourceTree = "<group>"; };
		EE2B821C21FCAD5200306990 /* Ruling.swift */ = {isa = PBXFileReference; lastKnownFileType = sourcecode.swift; path = Ruling.swift; sourceTree = "<group>"; };
		EE2B821E21FCCA3900306990 /* Card.swift */ = {isa = PBXFileReference; lastKnownFileType = sourcecode.swift; path = Card.swift; sourceTree = "<group>"; };
		EE2B822021FD254100306990 /* ForeignDatum.swift */ = {isa = PBXFileReference; lastKnownFileType = sourcecode.swift; path = ForeignDatum.swift; sourceTree = "<group>"; };
		EE2B822221FD258700306990 /* Legalities.swift */ = {isa = PBXFileReference; lastKnownFileType = sourcecode.swift; path = Legalities.swift; sourceTree = "<group>"; };
		EE2B822421FD25C800306990 /* Meta.swift */ = {isa = PBXFileReference; lastKnownFileType = sourcecode.swift; path = Meta.swift; sourceTree = "<group>"; };
		EE2B822621FD25FD00306990 /* Token.swift */ = {isa = PBXFileReference; lastKnownFileType = sourcecode.swift; path = Token.swift; sourceTree = "<group>"; };
		EE2CAC4F2231707000D24334 /* TcgPrices.swift */ = {isa = PBXFileReference; lastKnownFileType = sourcecode.swift; path = TcgPrices.swift; sourceTree = "<group>"; };
		EE2CAC512231AAF200D24334 /* SafariActivity.swift */ = {isa = PBXFileReference; lastKnownFileType = sourcecode.swift; path = SafariActivity.swift; sourceTree = "<group>"; };
		EE2CAC532231C1AA00D24334 /* String+Custom.swift */ = {isa = PBXFileReference; lastKnownFileType = sourcecode.swift; path = "String+Custom.swift"; sourceTree = "<group>"; };
		EE2E412B22A8680F00A9CCF6 /* MTGCards.entitlements */ = {isa = PBXFileReference; lastKnownFileType = text.plist.entitlements; path = MTGCards.entitlements; sourceTree = "<group>"; };
		EE32D7AE2265631D00AEC47E /* DeckCardCommanderTableViewCell.swift */ = {isa = PBXFileReference; lastKnownFileType = sourcecode.swift; path = DeckCardCommanderTableViewCell.swift; sourceTree = "<group>"; };
		EE35EDAE23F5EC27000254E7 /* BarChart.swift */ = {isa = PBXFileReference; lastKnownFileType = sourcecode.swift; path = BarChart.swift; sourceTree = "<group>"; };
		EE35EDB023F627D4000254E7 /* Array+Custom.swift */ = {isa = PBXFileReference; lastKnownFileType = sourcecode.swift; path = "Array+Custom.swift"; sourceTree = "<group>"; };
		EE37BA662494017A007885DF /* DeckLegalities.swift */ = {isa = PBXFileReference; lastKnownFileType = sourcecode.swift; path = DeckLegalities.swift; sourceTree = "<group>"; };
		EE4F532422467859003A06CA /* CardRulingView.xib */ = {isa = PBXFileReference; fileEncoding = 4; lastKnownFileType = file.xib; path = CardRulingView.xib; sourceTree = "<group>"; };
		EE4F532622467A4D003A06CA /* CardRulingsView.swift */ = {isa = PBXFileReference; fileEncoding = 4; lastKnownFileType = sourcecode.swift; path = CardRulingsView.swift; sourceTree = "<group>"; };
		EE4FD202223A91BD00E8CDB3 /* Deck+CoreDataClass.swift */ = {isa = PBXFileReference; lastKnownFileType = sourcecode.swift; path = "Deck+CoreDataClass.swift"; sourceTree = "<group>"; };
		EE4FD203223A91BD00E8CDB3 /* Deck+CoreDataProperties.swift */ = {isa = PBXFileReference; lastKnownFileType = sourcecode.swift; path = "Deck+CoreDataProperties.swift"; sourceTree = "<group>"; };
		EE4FD206223AC6CE00E8CDB3 /* Deck.storyboard */ = {isa = PBXFileReference; lastKnownFileType = file.storyboard; path = Deck.storyboard; sourceTree = "<group>"; };
		EE4FD208223AC6FE00E8CDB3 /* DeckTableViewController.swift */ = {isa = PBXFileReference; lastKnownFileType = sourcecode.swift; path = DeckTableViewController.swift; sourceTree = "<group>"; };
		EE5741D12513D516006FA8C2 /* WidgetKit.framework */ = {isa = PBXFileReference; lastKnownFileType = wrapper.framework; name = WidgetKit.framework; path = System/Library/Frameworks/WidgetKit.framework; sourceTree = SDKROOT; };
		EE5741D32513D517006FA8C2 /* SwiftUI.framework */ = {isa = PBXFileReference; lastKnownFileType = wrapper.framework; name = SwiftUI.framework; path = System/Library/Frameworks/SwiftUI.framework; sourceTree = SDKROOT; };
		EE5742062513E22D006FA8C2 /* PricesView.swift */ = {isa = PBXFileReference; lastKnownFileType = sourcecode.swift; path = PricesView.swift; sourceTree = "<group>"; };
		EE5EDE922246831E00C24C5E /* CardLegalityView.xib */ = {isa = PBXFileReference; fileEncoding = 4; lastKnownFileType = file.xib; path = CardLegalityView.xib; sourceTree = "<group>"; };
		EE5EDE932246831F00C24C5E /* CardLegalityView.swift */ = {isa = PBXFileReference; fileEncoding = 4; lastKnownFileType = sourcecode.swift; path = CardLegalityView.swift; sourceTree = "<group>"; };
		EE65339E249A9E8200489802 /* CardIdentifiers.swift */ = {isa = PBXFileReference; lastKnownFileType = sourcecode.swift; path = CardIdentifiers.swift; sourceTree = "<group>"; };
		EE6533A0249AAC2600489802 /* CardKeyword+CoreDataClass.swift */ = {isa = PBXFileReference; lastKnownFileType = sourcecode.swift; path = "CardKeyword+CoreDataClass.swift"; sourceTree = SOURCE_ROOT; };
		EE6533A1249AAC2600489802 /* CardKeyword+CoreDataProperties.swift */ = {isa = PBXFileReference; lastKnownFileType = sourcecode.swift; path = "CardKeyword+CoreDataProperties.swift"; sourceTree = SOURCE_ROOT; };
		EE6533A8249BEEC600489802 /* EditDeck.storyboard */ = {isa = PBXFileReference; lastKnownFileType = file.storyboard; path = EditDeck.storyboard; sourceTree = "<group>"; };
		EE6533AA249BEEF800489802 /* EditDeckTableViewController.swift */ = {isa = PBXFileReference; lastKnownFileType = sourcecode.swift; path = EditDeckTableViewController.swift; sourceTree = "<group>"; };
		EE6533AC249D3E1100489802 /* CardFrameEffect+CoreDataClass.swift */ = {isa = PBXFileReference; lastKnownFileType = sourcecode.swift; path = "CardFrameEffect+CoreDataClass.swift"; sourceTree = "<group>"; };
		EE6533AD249D3E1100489802 /* CardFrameEffect+CoreDataProperties.swift */ = {isa = PBXFileReference; lastKnownFileType = sourcecode.swift; path = "CardFrameEffect+CoreDataProperties.swift"; sourceTree = "<group>"; };
		EE6F94AF22309136001B3378 /* TcgPlayerApi.swift */ = {isa = PBXFileReference; lastKnownFileType = sourcecode.swift; path = TcgPlayerApi.swift; sourceTree = "<group>"; };
		EE6F94B1223092AD001B3378 /* TcgToken.swift */ = {isa = PBXFileReference; lastKnownFileType = sourcecode.swift; path = TcgToken.swift; sourceTree = "<group>"; };
		EE75E5F32284DF8300C23421 /* UpdateSet.swift */ = {isa = PBXFileReference; lastKnownFileType = sourcecode.swift; path = UpdateSet.swift; sourceTree = "<group>"; };
		EE843A2F2228256100B07E09 /* ScryfallCard.swift */ = {isa = PBXFileReference; lastKnownFileType = sourcecode.swift; path = ScryfallCard.swift; sourceTree = "<group>"; };
		EE9246F1225A7B110044F858 /* Filters.storyboard */ = {isa = PBXFileReference; lastKnownFileType = file.storyboard; path = Filters.storyboard; sourceTree = "<group>"; };
		EE9246F3225A7E620044F858 /* FiltersTableViewController.swift */ = {isa = PBXFileReference; lastKnownFileType = sourcecode.swift; path = FiltersTableViewController.swift; sourceTree = "<group>"; };
		EE9246F6225A9EF70044F858 /* TypeFilterTableViewController.swift */ = {isa = PBXFileReference; fileEncoding = 4; lastKnownFileType = sourcecode.swift; path = TypeFilterTableViewController.swift; sourceTree = "<group>"; };
		EE9246F7225A9EF70044F858 /* SubTypeFilterTableViewController.swift */ = {isa = PBXFileReference; fileEncoding = 4; lastKnownFileType = sourcecode.swift; path = SubTypeFilterTableViewController.swift; sourceTree = "<group>"; };
		EE9246F9225A9EF80044F858 /* SetFilterTableViewController.swift */ = {isa = PBXFileReference; fileEncoding = 4; lastKnownFileType = sourcecode.swift; path = SetFilterTableViewController.swift; sourceTree = "<group>"; };
		EE9246FA225A9EF80044F858 /* SuperTypeFilterTableViewController.swift */ = {isa = PBXFileReference; fileEncoding = 4; lastKnownFileType = sourcecode.swift; path = SuperTypeFilterTableViewController.swift; sourceTree = "<group>"; };
		EE924700225A9F980044F858 /* LegalityFilterTableViewController.swift */ = {isa = PBXFileReference; fileEncoding = 4; lastKnownFileType = sourcecode.swift; path = LegalityFilterTableViewController.swift; sourceTree = "<group>"; };
		EE924702225AA4E70044F858 /* Filters.swift */ = {isa = PBXFileReference; lastKnownFileType = sourcecode.swift; path = Filters.swift; sourceTree = "<group>"; };
		EE924706225AD4440044F858 /* CardType+CoreDataClass.swift */ = {isa = PBXFileReference; lastKnownFileType = sourcecode.swift; path = "CardType+CoreDataClass.swift"; sourceTree = "<group>"; };
		EE924707225AD4440044F858 /* CardType+CoreDataProperties.swift */ = {isa = PBXFileReference; lastKnownFileType = sourcecode.swift; path = "CardType+CoreDataProperties.swift"; sourceTree = "<group>"; };
		EE99E167243FBFC6008BEFAA /* Sharing.swift */ = {isa = PBXFileReference; lastKnownFileType = sourcecode.swift; path = Sharing.swift; sourceTree = "<group>"; };
		EE99E17324411856008BEFAA /* OnboardingPageViewController.swift */ = {isa = PBXFileReference; lastKnownFileType = sourcecode.swift; path = OnboardingPageViewController.swift; sourceTree = "<group>"; };
		EEAA53CA223323D700CB4B72 /* Debug.storyboard */ = {isa = PBXFileReference; lastKnownFileType = file.storyboard; path = Debug.storyboard; sourceTree = "<group>"; };
		EEAA53CC2233241000CB4B72 /* DebugViewController.swift */ = {isa = PBXFileReference; lastKnownFileType = sourcecode.swift; path = DebugViewController.swift; sourceTree = "<group>"; };
		EEB0ADD9227A3C3400613C8C /* Backup.swift */ = {isa = PBXFileReference; lastKnownFileType = sourcecode.swift; path = Backup.swift; sourceTree = "<group>"; };
		EEB0ADDB227A3FBF00613C8C /* Deck+Backup.swift */ = {isa = PBXFileReference; lastKnownFileType = sourcecode.swift; path = "Deck+Backup.swift"; sourceTree = "<group>"; };
		EEB0E85322ADDB2C00BB8B74 /* DeckStats.storyboard */ = {isa = PBXFileReference; lastKnownFileType = file.storyboard; path = DeckStats.storyboard; sourceTree = "<group>"; };
		EEB0E85922ADDDE700BB8B74 /* DeckCardFoilTableViewCell.swift */ = {isa = PBXFileReference; lastKnownFileType = sourcecode.swift; path = DeckCardFoilTableViewCell.swift; sourceTree = "<group>"; };
		EEB0E85B22ADE58A00BB8B74 /* DeckStatsTableViewController.swift */ = {isa = PBXFileReference; lastKnownFileType = sourcecode.swift; path = DeckStatsTableViewController.swift; sourceTree = "<group>"; };
		EEB5D81C2205EA670070FF8B /* CardListTableViewCell.swift */ = {isa = PBXFileReference; lastKnownFileType = sourcecode.swift; path = CardListTableViewCell.swift; sourceTree = "<group>"; };
		EEB5D81E2205EBFF0070FF8B /* UIColor+Custom.swift */ = {isa = PBXFileReference; lastKnownFileType = sourcecode.swift; path = "UIColor+Custom.swift"; sourceTree = "<group>"; };
		EEB5D8202205F0D30070FF8B /* GradientView.swift */ = {isa = PBXFileReference; lastKnownFileType = sourcecode.swift; path = GradientView.swift; sourceTree = "<group>"; };
		EEBA1B7925090905006DF743 /* ImageLoader.swift */ = {isa = PBXFileReference; lastKnownFileType = sourcecode.swift; path = ImageLoader.swift; sourceTree = "<group>"; };
		EEBA1B7B2509092E006DF743 /* URLImage.swift */ = {isa = PBXFileReference; lastKnownFileType = sourcecode.swift; path = URLImage.swift; sourceTree = "<group>"; };
		EEBA1B7D25091F84006DF743 /* TCGPricesLoader.swift */ = {isa = PBXFileReference; lastKnownFileType = sourcecode.swift; path = TCGPricesLoader.swift; sourceTree = "<group>"; };
		EEBA1B7F25093854006DF743 /* CardDetailsView.swift */ = {isa = PBXFileReference; lastKnownFileType = sourcecode.swift; path = CardDetailsView.swift; sourceTree = "<group>"; };
		EEBA1B81250939FC006DF743 /* RulingsView.swift */ = {isa = PBXFileReference; lastKnownFileType = sourcecode.swift; path = RulingsView.swift; sourceTree = "<group>"; };
		EEBE6D8A21EFE18F00A3464E /* My MTG.app */ = {isa = PBXFileReference; explicitFileType = wrapper.application; includeInIndex = 0; path = "My MTG.app"; sourceTree = BUILT_PRODUCTS_DIR; };
		EEBE6D8D21EFE18F00A3464E /* AppDelegate.swift */ = {isa = PBXFileReference; lastKnownFileType = sourcecode.swift; path = AppDelegate.swift; sourceTree = "<group>"; };
		EEBE6D9221EFE18F00A3464E /* Base */ = {isa = PBXFileReference; lastKnownFileType = file.storyboard; name = Base; path = Base.lproj/Main.storyboard; sourceTree = "<group>"; };
		EEBE6D9521EFE18F00A3464E /* MTGCards.xcdatamodel */ = {isa = PBXFileReference; lastKnownFileType = wrapper.xcdatamodel; path = MTGCards.xcdatamodel; sourceTree = "<group>"; };
		EEBE6D9721EFE19100A3464E /* Assets.xcassets */ = {isa = PBXFileReference; lastKnownFileType = folder.assetcatalog; path = Assets.xcassets; sourceTree = "<group>"; };
		EEBE6D9A21EFE19100A3464E /* Base */ = {isa = PBXFileReference; lastKnownFileType = file.storyboard; name = Base; path = Base.lproj/LaunchScreen.storyboard; sourceTree = "<group>"; };
		EEBE6D9C21EFE19100A3464E /* Info.plist */ = {isa = PBXFileReference; lastKnownFileType = text.plist.xml; path = Info.plist; sourceTree = "<group>"; };
		EEBE6DA121EFE19100A3464E /* MTGCardsTests.xctest */ = {isa = PBXFileReference; explicitFileType = wrapper.cfbundle; includeInIndex = 0; path = MTGCardsTests.xctest; sourceTree = BUILT_PRODUCTS_DIR; };
		EEBE6DA521EFE19100A3464E /* MTGCardsTests.swift */ = {isa = PBXFileReference; lastKnownFileType = sourcecode.swift; path = MTGCardsTests.swift; sourceTree = "<group>"; };
		EEBE6DA721EFE19100A3464E /* Info.plist */ = {isa = PBXFileReference; lastKnownFileType = text.plist.xml; path = Info.plist; sourceTree = "<group>"; };
		EEBE6DAC21EFE19100A3464E /* MTGCardsUITests.xctest */ = {isa = PBXFileReference; explicitFileType = wrapper.cfbundle; includeInIndex = 0; path = MTGCardsUITests.xctest; sourceTree = BUILT_PRODUCTS_DIR; };
		EEBE6DB021EFE19100A3464E /* MTGCardsUITests.swift */ = {isa = PBXFileReference; lastKnownFileType = sourcecode.swift; path = MTGCardsUITests.swift; sourceTree = "<group>"; };
		EEBE6DB221EFE19100A3464E /* Info.plist */ = {isa = PBXFileReference; lastKnownFileType = text.plist.xml; path = Info.plist; sourceTree = "<group>"; };
		EEC9198D223080A0004E52F5 /* Settings.storyboard */ = {isa = PBXFileReference; lastKnownFileType = file.storyboard; path = Settings.storyboard; sourceTree = "<group>"; };
		EEC9198F223080DF004E52F5 /* SettingsTableViewController.swift */ = {isa = PBXFileReference; lastKnownFileType = sourcecode.swift; path = SettingsTableViewController.swift; sourceTree = "<group>"; };
		EED295D7256DD056003A1800 /* Updates.swift */ = {isa = PBXFileReference; lastKnownFileType = sourcecode.swift; path = Updates.swift; sourceTree = "<group>"; };
		EED295E5256DE2BD003A1800 /* NonCDSet.swift */ = {isa = PBXFileReference; lastKnownFileType = sourcecode.swift; path = NonCDSet.swift; sourceTree = "<group>"; };
		EED295EC25771363003A1800 /* DeckStatsView.swift */ = {isa = PBXFileReference; lastKnownFileType = sourcecode.swift; path = DeckStatsView.swift; sourceTree = "<group>"; };
		EED997BC257B19D40002F12E /* NotificationsViewController.swift */ = {isa = PBXFileReference; lastKnownFileType = sourcecode.swift; path = NotificationsViewController.swift; sourceTree = "<group>"; };
		EED997C2257EB88F0002F12E /* KeywordFilterTableViewController.swift */ = {isa = PBXFileReference; lastKnownFileType = sourcecode.swift; path = KeywordFilterTableViewController.swift; sourceTree = "<group>"; };
		EEE7D56D225B6E0000FE4D1C /* ColorIdentity+CoreDataClass.swift */ = {isa = PBXFileReference; lastKnownFileType = sourcecode.swift; path = "ColorIdentity+CoreDataClass.swift"; sourceTree = "<group>"; };
		EEE7D56E225B6E0000FE4D1C /* ColorIdentity+CoreDataProperties.swift */ = {isa = PBXFileReference; lastKnownFileType = sourcecode.swift; path = "ColorIdentity+CoreDataProperties.swift"; sourceTree = "<group>"; };
		EEE7D585225B91DD00FE4D1C /* CardSubtype+CoreDataClass.swift */ = {isa = PBXFileReference; lastKnownFileType = sourcecode.swift; path = "CardSubtype+CoreDataClass.swift"; sourceTree = "<group>"; };
		EEE7D586225B91DD00FE4D1C /* CardSubtype+CoreDataProperties.swift */ = {isa = PBXFileReference; lastKnownFileType = sourcecode.swift; path = "CardSubtype+CoreDataProperties.swift"; sourceTree = "<group>"; };
		EEE7D599225BA16D00FE4D1C /* CardSupertype+CoreDataClass.swift */ = {isa = PBXFileReference; lastKnownFileType = sourcecode.swift; path = "CardSupertype+CoreDataClass.swift"; sourceTree = "<group>"; };
		EEE7D59A225BA16D00FE4D1C /* CardSupertype+CoreDataProperties.swift */ = {isa = PBXFileReference; lastKnownFileType = sourcecode.swift; path = "CardSupertype+CoreDataProperties.swift"; sourceTree = "<group>"; };
		EEE7D5A5226284E800FE4D1C /* EditDeckCard.storyboard */ = {isa = PBXFileReference; lastKnownFileType = file.storyboard; path = EditDeckCard.storyboard; sourceTree = "<group>"; };
		EEE7D5A72262852100FE4D1C /* EditDeckCardTableViewController.swift */ = {isa = PBXFileReference; lastKnownFileType = sourcecode.swift; path = EditDeckCardTableViewController.swift; sourceTree = "<group>"; };
		EEE7D5A9226375FA00FE4D1C /* DeckCardQuantityTableViewCell.swift */ = {isa = PBXFileReference; lastKnownFileType = sourcecode.swift; path = DeckCardQuantityTableViewCell.swift; sourceTree = "<group>"; };
		EEE7D5AB226378CB00FE4D1C /* DeckCardSideboardTableViewCell.swift */ = {isa = PBXFileReference; lastKnownFileType = sourcecode.swift; path = DeckCardSideboardTableViewCell.swift; sourceTree = "<group>"; };
		EEEB6F26227929250009B442 /* Collection+Export.swift */ = {isa = PBXFileReference; lastKnownFileType = sourcecode.swift; path = "Collection+Export.swift"; sourceTree = "<group>"; };
		EEF02F1E223DAC11008F008B /* Collection+CoreDataClass.swift */ = {isa = PBXFileReference; lastKnownFileType = sourcecode.swift; path = "Collection+CoreDataClass.swift"; sourceTree = "<group>"; };
		EEF02F1F223DAC11008F008B /* Collection+CoreDataProperties.swift */ = {isa = PBXFileReference; lastKnownFileType = sourcecode.swift; path = "Collection+CoreDataProperties.swift"; sourceTree = "<group>"; };
		EEF02F20223DAC11008F008B /* CollectionCard+CoreDataClass.swift */ = {isa = PBXFileReference; lastKnownFileType = sourcecode.swift; path = "CollectionCard+CoreDataClass.swift"; sourceTree = "<group>"; };
		EEF02F21223DAC11008F008B /* CollectionCard+CoreDataProperties.swift */ = {isa = PBXFileReference; lastKnownFileType = sourcecode.swift; path = "CollectionCard+CoreDataProperties.swift"; sourceTree = "<group>"; };
		EEF33D3B251D55BF003D1856 /* RandomCardArtWidgetExtension.appex */ = {isa = PBXFileReference; explicitFileType = "wrapper.app-extension"; includeInIndex = 0; path = RandomCardArtWidgetExtension.appex; sourceTree = BUILT_PRODUCTS_DIR; };
		EEF33D3F251D55BF003D1856 /* RandomCardArtWidget.swift */ = {isa = PBXFileReference; lastKnownFileType = sourcecode.swift; path = RandomCardArtWidget.swift; sourceTree = "<group>"; };
		EEF33D41251D55C1003D1856 /* Assets.xcassets */ = {isa = PBXFileReference; lastKnownFileType = folder.assetcatalog; path = Assets.xcassets; sourceTree = "<group>"; };
		EEF33D43251D55C1003D1856 /* Info.plist */ = {isa = PBXFileReference; lastKnownFileType = text.plist.xml; path = Info.plist; sourceTree = "<group>"; };
		EEF33D47251D55C1003D1856 /* RandomCardArtWidgetExtension.entitlements */ = {isa = PBXFileReference; lastKnownFileType = text.plist.entitlements; path = RandomCardArtWidgetExtension.entitlements; sourceTree = "<group>"; };
		EEF33D51251D5654003D1856 /* RandomCard.swift */ = {isa = PBXFileReference; lastKnownFileType = sourcecode.swift; path = RandomCard.swift; sourceTree = "<group>"; };
		EEF8AC5225140194002E10CF /* DebugBorder.swift */ = {isa = PBXFileReference; lastKnownFileType = sourcecode.swift; path = DebugBorder.swift; sourceTree = "<group>"; };
/* End PBXFileReference section */

/* Begin PBXFrameworksBuildPhase section */
		EEBE6D8721EFE18F00A3464E /* Frameworks */ = {
			isa = PBXFrameworksBuildPhase;
			buildActionMask = 2147483647;
			files = (
			);
			runOnlyForDeploymentPostprocessing = 0;
		};
		EEBE6D9E21EFE19100A3464E /* Frameworks */ = {
			isa = PBXFrameworksBuildPhase;
			buildActionMask = 2147483647;
			files = (
			);
			runOnlyForDeploymentPostprocessing = 0;
		};
		EEBE6DA921EFE19100A3464E /* Frameworks */ = {
			isa = PBXFrameworksBuildPhase;
			buildActionMask = 2147483647;
			files = (
			);
			runOnlyForDeploymentPostprocessing = 0;
		};
		EEF33D38251D55BF003D1856 /* Frameworks */ = {
			isa = PBXFrameworksBuildPhase;
			buildActionMask = 2147483647;
			files = (
				EEF33D3D251D55BF003D1856 /* SwiftUI.framework in Frameworks */,
				EEF33D3C251D55BF003D1856 /* WidgetKit.framework in Frameworks */,
			);
			runOnlyForDeploymentPostprocessing = 0;
		};
/* End PBXFrameworksBuildPhase section */

/* Begin PBXGroup section */
		EE2B78A321EFE30900306990 /* View Controllers */ = {
			isa = PBXGroup;
			children = (
				EE2B78BF21F006F900306990 /* Member View Controllers */,
				EE2B78A421EFE33000306990 /* Root View Controller */,
			);
			path = "View Controllers";
			sourceTree = "<group>";
		};
		EE2B78A421EFE33000306990 /* Root View Controller */ = {
			isa = PBXGroup;
			children = (
				EEBE6D9121EFE18F00A3464E /* Main.storyboard */,
				EE2B78A721EFE3DB00306990 /* RootViewController.swift */,
				EE2B78A521EFE39700306990 /* RootViewController+ViewFactory.swift */,
				EE06B03024FDDB1D00C84D4B /* TripleSplitViewController.swift */,
			);
			path = "Root View Controller";
			sourceTree = "<group>";
		};
		EE2B78A921EFE45B00306990 /* Utilities */ = {
			isa = PBXGroup;
			children = (
				EEB0ADD9227A3C3400613C8C /* Backup.swift */,
				EE0F62AC22356494003D8A8A /* CoreDataStack.swift */,
				EE924702225AA4E70044F858 /* Filters.swift */,
				EEB5D8202205F0D30070FF8B /* GradientView.swift */,
				EE27552C22341B04006BD083 /* RoundButton.swift */,
				EE2CAC512231AAF200D24334 /* SafariActivity.swift */,
				EE2CAC532231C1AA00D24334 /* String+Custom.swift */,
				EE6F94AF22309136001B3378 /* TcgPlayerApi.swift */,
				EEB5D81E2205EBFF0070FF8B /* UIColor+Custom.swift */,
				EE2B78AA21EFE47600306990 /* UIView+AutolayoutHelp.swift */,
				EE2755282234084C006BD083 /* UserDefaultsHandler.swift */,
				EE35EDB023F627D4000254E7 /* Array+Custom.swift */,
				EE0573E223FF393F00316516 /* UIImage+Custom.swift */,
				EE99E167243FBFC6008BEFAA /* Sharing.swift */,
				EEBA1B7925090905006DF743 /* ImageLoader.swift */,
				EEBA1B7B2509092E006DF743 /* URLImage.swift */,
				EEBA1B7D25091F84006DF743 /* TCGPricesLoader.swift */,
				EEF8AC5225140194002E10CF /* DebugBorder.swift */,
			);
			path = Utilities;
			sourceTree = "<group>";
		};
		EE2B78AC21EFE56200306990 /* Presentation Layer */ = {
			isa = PBXGroup;
			children = (
				EE2B78AD21EFE57500306990 /* View State */,
				EE2B78A321EFE30900306990 /* View Controllers */,
			);
			path = "Presentation Layer";
			sourceTree = "<group>";
		};
		EE2B78AD21EFE57500306990 /* View State */ = {
			isa = PBXGroup;
			children = (
				EE2B78B821EFE60E00306990 /* SelectionState.swift */,
				EE2B78B921EFE60E00306990 /* StateCoordinator.swift */,
			);
			path = "View State";
			sourceTree = "<group>";
		};
		EE2B78BC21EFE67E00306990 /* Model */ = {
			isa = PBXGroup;
			children = (
				EE6533AC249D3E1100489802 /* CardFrameEffect+CoreDataClass.swift */,
				EE6533AD249D3E1100489802 /* CardFrameEffect+CoreDataProperties.swift */,
				EE6533A0249AAC2600489802 /* CardKeyword+CoreDataClass.swift */,
				EE6533A1249AAC2600489802 /* CardKeyword+CoreDataProperties.swift */,
				EE2B821E21FCCA3900306990 /* Card.swift */,
				EEE7D585225B91DD00FE4D1C /* CardSubtype+CoreDataClass.swift */,
				EEE7D586225B91DD00FE4D1C /* CardSubtype+CoreDataProperties.swift */,
				EEE7D599225BA16D00FE4D1C /* CardSupertype+CoreDataClass.swift */,
				EEE7D59A225BA16D00FE4D1C /* CardSupertype+CoreDataProperties.swift */,
				EE924706225AD4440044F858 /* CardType+CoreDataClass.swift */,
				EE924707225AD4440044F858 /* CardType+CoreDataProperties.swift */,
				EEF02F1E223DAC11008F008B /* Collection+CoreDataClass.swift */,
				EEF02F1F223DAC11008F008B /* Collection+CoreDataProperties.swift */,
				EEEB6F26227929250009B442 /* Collection+Export.swift */,
				EEF02F20223DAC11008F008B /* CollectionCard+CoreDataClass.swift */,
				EEF02F21223DAC11008F008B /* CollectionCard+CoreDataProperties.swift */,
				EEE7D56D225B6E0000FE4D1C /* ColorIdentity+CoreDataClass.swift */,
				EEE7D56E225B6E0000FE4D1C /* ColorIdentity+CoreDataProperties.swift */,
				EE2B78D021F13ACD00306990 /* DataManager.swift */,
				EE4FD202223A91BD00E8CDB3 /* Deck+CoreDataClass.swift */,
				EE4FD203223A91BD00E8CDB3 /* Deck+CoreDataProperties.swift */,
				EEB0ADDB227A3FBF00613C8C /* Deck+Backup.swift */,
				EE1E1465223AFC6600A54747 /* DeckCard+CoreDataClass.swift */,
				EE1E1466223AFC6600A54747 /* DeckCard+CoreDataProperties.swift */,
				EE2B822021FD254100306990 /* ForeignDatum.swift */,
				EE2B822221FD258700306990 /* Legalities.swift */,
				EE2B822421FD25C800306990 /* Meta.swift */,
				EE2B78D221F13EAF00306990 /* MTGSet.swift */,
				EE2B821C21FCAD5200306990 /* Ruling.swift */,
				EE843A2F2228256100B07E09 /* ScryfallCard.swift */,
				EE2B78D421F1518E00306990 /* SetList.swift */,
				EE2CAC4F2231707000D24334 /* TcgPrices.swift */,
				EE6F94B1223092AD001B3378 /* TcgToken.swift */,
				EE2B822621FD25FD00306990 /* Token.swift */,
				EE75E5F32284DF8300C23421 /* UpdateSet.swift */,
				EE65339E249A9E8200489802 /* CardIdentifiers.swift */,
				EED295D7256DD056003A1800 /* Updates.swift */,
				EED295E5256DE2BD003A1800 /* NonCDSet.swift */,
			);
			path = Model;
			sourceTree = "<group>";
		};
		EE2B78BF21F006F900306990 /* Member View Controllers */ = {
			isa = PBXGroup;
			children = (
				EEE221F322AEBD16009638D5 /* Card View Controllers */,
				EE2B78C421F0083E00306990 /* CardList.storyboard */,
				EEB5D81C2205EA670070FF8B /* CardListTableViewCell.swift */,
				EE2B78C821F0087200306990 /* CardListTableViewController.swift */,
				EE24B103223DB9700057610D /* Collection.storyboard */,
				EE2B78C021F0075100306990 /* Collections.storyboard */,
				EE010517251A6EBD00FFA24C /* CollectionSectionHeader.xib */,
				EE01051D251A6FBF00FFA24C /* CollectionSectionHeaderView.swift */,
				EE2B78C221F0077400306990 /* CollectionsTableViewController.swift */,
				EE24B107223DB9F50057610D /* CollectionTableViewCell.swift */,
				EE24B105223DB9910057610D /* CollectionTableViewController.swift */,
				EEE221F222AEBC8F009638D5 /* Deck View Controllers */,
				EE9246F5225A9EBE0044F858 /* Filter View Controllers */,
				EE9246F1225A7B110044F858 /* Filters.storyboard */,
				EE9246F3225A7E620044F858 /* FiltersTableViewController.swift */,
				EE27552A22340F0F006BD083 /* Onboarding.storyboard */,
				EE99E17324411856008BEFAA /* OnboardingPageViewController.swift */,
				EE0F62AA22341DC1003D8A8A /* PageOneViewController.swift */,
				EED997BC257B19D40002F12E /* NotificationsViewController.swift */,
				EE0F62A822341CD7003D8A8A /* PageTwoViewController.swift */,
				EE2B78CC21F009A600306990 /* PlaceholderView.storyboard */,
				EE2B78CD21F009A600306990 /* PlaceholderViewController.swift */,
				EEC9198D223080A0004E52F5 /* Settings.storyboard */,
				EEC9198F223080DF004E52F5 /* SettingsTableViewController.swift */,
				EE05FC05253E185D00258BB0 /* SidebarCollectionViewController.swift */,
			);
			path = "Member View Controllers";
			sourceTree = "<group>";
		};
		EE35EDAD23F5EBE7000254E7 /* SwiftUI */ = {
			isa = PBXGroup;
			children = (
				EE35EDAE23F5EC27000254E7 /* BarChart.swift */,
				EE0573DC23FF347C00316516 /* ArcView.swift */,
				EE0573E023FF34BF00316516 /* IfLetView.swift */,
				EE0573DE23FF34A800316516 /* DataModel.swift */,
				EE0573D823FF342600316516 /* SunburstView.swift */,
				EE0573DA23FF345B00316516 /* Sunburst.swift */,
				EE37BA662494017A007885DF /* DeckLegalities.swift */,
				EED295EC25771363003A1800 /* DeckStatsView.swift */,
			);
			path = SwiftUI;
			sourceTree = "<group>";
		};
		EE5741D02513D516006FA8C2 /* Frameworks */ = {
			isa = PBXGroup;
			children = (
				EE5741D12513D516006FA8C2 /* WidgetKit.framework */,
				EE5741D32513D517006FA8C2 /* SwiftUI.framework */,
			);
			name = Frameworks;
			sourceTree = "<group>";
		};
		EE9246F5225A9EBE0044F858 /* Filter View Controllers */ = {
			isa = PBXGroup;
			children = (
				EE924700225A9F980044F858 /* LegalityFilterTableViewController.swift */,
				EE9246F9225A9EF80044F858 /* SetFilterTableViewController.swift */,
				EE9246F7225A9EF70044F858 /* SubTypeFilterTableViewController.swift */,
				EE9246FA225A9EF80044F858 /* SuperTypeFilterTableViewController.swift */,
				EE9246F6225A9EF70044F858 /* TypeFilterTableViewController.swift */,
				EED997C2257EB88F0002F12E /* KeywordFilterTableViewController.swift */,
			);
			path = "Filter View Controllers";
			sourceTree = "<group>";
		};
		EEBE6D8121EFE18F00A3464E = {
			isa = PBXGroup;
			children = (
				EEF33D47251D55C1003D1856 /* RandomCardArtWidgetExtension.entitlements */,
				EEBE6D8C21EFE18F00A3464E /* MTGCards */,
				EEBE6DA421EFE19100A3464E /* MTGCardsTests */,
				EEBE6DAF21EFE19100A3464E /* MTGCardsUITests */,
				EEF33D3E251D55BF003D1856 /* RandomCardArtWidget */,
				EE5741D02513D516006FA8C2 /* Frameworks */,
				EEBE6D8B21EFE18F00A3464E /* Products */,
			);
			sourceTree = "<group>";
		};
		EEBE6D8B21EFE18F00A3464E /* Products */ = {
			isa = PBXGroup;
			children = (
				EEBE6D8A21EFE18F00A3464E /* My MTG.app */,
				EEBE6DA121EFE19100A3464E /* MTGCardsTests.xctest */,
				EEBE6DAC21EFE19100A3464E /* MTGCardsUITests.xctest */,
				EEF33D3B251D55BF003D1856 /* RandomCardArtWidgetExtension.appex */,
			);
			name = Products;
			sourceTree = "<group>";
		};
		EEBE6D8C21EFE18F00A3464E /* MTGCards */ = {
			isa = PBXGroup;
			children = (
				EE2E412B22A8680F00A9CCF6 /* MTGCards.entitlements */,
				EEBE6D8D21EFE18F00A3464E /* AppDelegate.swift */,
				EEBE6D9721EFE19100A3464E /* Assets.xcassets */,
				EEBE6D9C21EFE19100A3464E /* Info.plist */,
				EEBE6D9921EFE19100A3464E /* LaunchScreen.storyboard */,
				EE2B78BC21EFE67E00306990 /* Model */,
				EEBE6D9421EFE18F00A3464E /* MTGCards.xcdatamodeld */,
				EE2B78AC21EFE56200306990 /* Presentation Layer */,
				EE2B78A921EFE45B00306990 /* Utilities */,
			);
			path = MTGCards;
			sourceTree = "<group>";
		};
		EEBE6DA421EFE19100A3464E /* MTGCardsTests */ = {
			isa = PBXGroup;
			children = (
				EEBE6DA521EFE19100A3464E /* MTGCardsTests.swift */,
				EEBE6DA721EFE19100A3464E /* Info.plist */,
			);
			path = MTGCardsTests;
			sourceTree = "<group>";
		};
		EEBE6DAF21EFE19100A3464E /* MTGCardsUITests */ = {
			isa = PBXGroup;
			children = (
				EEBE6DB021EFE19100A3464E /* MTGCardsUITests.swift */,
				EEBE6DB221EFE19100A3464E /* Info.plist */,
			);
			path = MTGCardsUITests;
			sourceTree = "<group>";
		};
		EEE221F222AEBC8F009638D5 /* Deck View Controllers */ = {
			isa = PBXGroup;
			children = (
				EE35EDAD23F5EBE7000254E7 /* SwiftUI */,
				EE4FD206223AC6CE00E8CDB3 /* Deck.storyboard */,
				EE32D7AE2265631D00AEC47E /* DeckCardCommanderTableViewCell.swift */,
				EEB0E85922ADDDE700BB8B74 /* DeckCardFoilTableViewCell.swift */,
				EEE7D5A9226375FA00FE4D1C /* DeckCardQuantityTableViewCell.swift */,
				EEE7D5AB226378CB00FE4D1C /* DeckCardSideboardTableViewCell.swift */,
				EEB0E85322ADDB2C00BB8B74 /* DeckStats.storyboard */,
				EEB0E85B22ADE58A00BB8B74 /* DeckStatsTableViewController.swift */,
				EE1E1469223AFFEA00A54747 /* DeckTableViewCell.swift */,
				EE4FD208223AC6FE00E8CDB3 /* DeckTableViewController.swift */,
				EEE7D5A5226284E800FE4D1C /* EditDeckCard.storyboard */,
				EEE7D5A72262852100FE4D1C /* EditDeckCardTableViewController.swift */,
				EE6533A8249BEEC600489802 /* EditDeck.storyboard */,
				EE6533AA249BEEF800489802 /* EditDeckTableViewController.swift */,
			);
			path = "Deck View Controllers";
			sourceTree = "<group>";
		};
		EEE221F322AEBD16009638D5 /* Card View Controllers */ = {
			isa = PBXGroup;
			children = (
				EE5EDE932246831F00C24C5E /* CardLegalityView.swift */,
				EE4F532622467A4D003A06CA /* CardRulingsView.swift */,
				EE4F532422467859003A06CA /* CardRulingView.xib */,
				EE2B78CA21F0089500306990 /* CardViewController.swift */,
				EE2B78C621F0084A00306990 /* Card.storyboard */,
				EEAA53CA223323D700CB4B72 /* Debug.storyboard */,
				EEAA53CC2233241000CB4B72 /* DebugViewController.swift */,
				EE5EDE922246831E00C24C5E /* CardLegalityView.xib */,
				EE06B04B24FEDFD000C84D4B /* CardVC.swift */,
				EEBA1B7F25093854006DF743 /* CardDetailsView.swift */,
				EEBA1B81250939FC006DF743 /* RulingsView.swift */,
				EE5742062513E22D006FA8C2 /* PricesView.swift */,
			);
			path = "Card View Controllers";
			sourceTree = "<group>";
		};
		EEF33D3E251D55BF003D1856 /* RandomCardArtWidget */ = {
			isa = PBXGroup;
			children = (
				EEF33D51251D5654003D1856 /* RandomCard.swift */,
				EEF33D3F251D55BF003D1856 /* RandomCardArtWidget.swift */,
				EEF33D41251D55C1003D1856 /* Assets.xcassets */,
				EEF33D43251D55C1003D1856 /* Info.plist */,
				EE244331252FECFA00B22885 /* RandomCardArtIntent.intentdefinition */,
				EE2443732530037700B22885 /* macOSCardArtIntent.intentdefinition */,
			);
			path = RandomCardArtWidget;
			sourceTree = "<group>";
		};
/* End PBXGroup section */

/* Begin PBXNativeTarget section */
		EEBE6D8921EFE18F00A3464E /* MTGCards */ = {
			isa = PBXNativeTarget;
			buildConfigurationList = EEBE6DB521EFE19100A3464E /* Build configuration list for PBXNativeTarget "MTGCards" */;
			buildPhases = (
				EEBE6D8621EFE18F00A3464E /* Sources */,
				EEBE6D8721EFE18F00A3464E /* Frameworks */,
				EEBE6D8821EFE18F00A3464E /* Resources */,
				EE5741E22513D519006FA8C2 /* Embed App Extensions */,
			);
			buildRules = (
			);
			dependencies = (
				EEF33D45251D55C1003D1856 /* PBXTargetDependency */,
			);
			name = MTGCards;
			packageProductDependencies = (
			);
			productName = MTGCards;
			productReference = EEBE6D8A21EFE18F00A3464E /* My MTG.app */;
			productType = "com.apple.product-type.application";
		};
		EEBE6DA021EFE19100A3464E /* MTGCardsTests */ = {
			isa = PBXNativeTarget;
			buildConfigurationList = EEBE6DB821EFE19100A3464E /* Build configuration list for PBXNativeTarget "MTGCardsTests" */;
			buildPhases = (
				EEBE6D9D21EFE19100A3464E /* Sources */,
				EEBE6D9E21EFE19100A3464E /* Frameworks */,
				EEBE6D9F21EFE19100A3464E /* Resources */,
			);
			buildRules = (
			);
			dependencies = (
				EEBE6DA321EFE19100A3464E /* PBXTargetDependency */,
			);
			name = MTGCardsTests;
			productName = MTGCardsTests;
			productReference = EEBE6DA121EFE19100A3464E /* MTGCardsTests.xctest */;
			productType = "com.apple.product-type.bundle.unit-test";
		};
		EEBE6DAB21EFE19100A3464E /* MTGCardsUITests */ = {
			isa = PBXNativeTarget;
			buildConfigurationList = EEBE6DBB21EFE19100A3464E /* Build configuration list for PBXNativeTarget "MTGCardsUITests" */;
			buildPhases = (
				EEBE6DA821EFE19100A3464E /* Sources */,
				EEBE6DA921EFE19100A3464E /* Frameworks */,
				EEBE6DAA21EFE19100A3464E /* Resources */,
			);
			buildRules = (
			);
			dependencies = (
				EEBE6DAE21EFE19100A3464E /* PBXTargetDependency */,
			);
			name = MTGCardsUITests;
			productName = MTGCardsUITests;
			productReference = EEBE6DAC21EFE19100A3464E /* MTGCardsUITests.xctest */;
			productType = "com.apple.product-type.bundle.ui-testing";
		};
		EEF33D3A251D55BF003D1856 /* RandomCardArtWidgetExtension */ = {
			isa = PBXNativeTarget;
			buildConfigurationList = EEF33D48251D55C1003D1856 /* Build configuration list for PBXNativeTarget "RandomCardArtWidgetExtension" */;
			buildPhases = (
				EEF33D37251D55BF003D1856 /* Sources */,
				EEF33D38251D55BF003D1856 /* Frameworks */,
				EEF33D39251D55BF003D1856 /* Resources */,
			);
			buildRules = (
			);
			dependencies = (
			);
			name = RandomCardArtWidgetExtension;
			productName = RandomCardArtWidgetExtension;
			productReference = EEF33D3B251D55BF003D1856 /* RandomCardArtWidgetExtension.appex */;
			productType = "com.apple.product-type.app-extension";
		};
/* End PBXNativeTarget section */

/* Begin PBXProject section */
		EEBE6D8221EFE18F00A3464E /* Project object */ = {
			isa = PBXProject;
			attributes = {
				LastSwiftUpdateCheck = 1220;
				LastUpgradeCheck = 1200;
				ORGANIZATIONNAME = "Robotic Snail Software";
				TargetAttributes = {
					EEBE6D8921EFE18F00A3464E = {
						CreatedOnToolsVersion = 10.1;
						LastSwiftMigration = 1020;
					};
					EEBE6DA021EFE19100A3464E = {
						CreatedOnToolsVersion = 10.1;
						LastSwiftMigration = 1020;
						TestTargetID = EEBE6D8921EFE18F00A3464E;
					};
					EEBE6DAB21EFE19100A3464E = {
						CreatedOnToolsVersion = 10.1;
						LastSwiftMigration = 1020;
						TestTargetID = EEBE6D8921EFE18F00A3464E;
					};
					EEF33D3A251D55BF003D1856 = {
						CreatedOnToolsVersion = 12.2;
					};
				};
			};
			buildConfigurationList = EEBE6D8521EFE18F00A3464E /* Build configuration list for PBXProject "MTGCards" */;
			compatibilityVersion = "Xcode 9.3";
			developmentRegion = en;
			hasScannedForEncodings = 0;
			knownRegions = (
				en,
				Base,
			);
			mainGroup = EEBE6D8121EFE18F00A3464E;
			packageReferences = (
			);
			productRefGroup = EEBE6D8B21EFE18F00A3464E /* Products */;
			projectDirPath = "";
			projectRoot = "";
			targets = (
				EEBE6D8921EFE18F00A3464E /* MTGCards */,
				EEBE6DA021EFE19100A3464E /* MTGCardsTests */,
				EEBE6DAB21EFE19100A3464E /* MTGCardsUITests */,
				EEF33D3A251D55BF003D1856 /* RandomCardArtWidgetExtension */,
			);
		};
/* End PBXProject section */

/* Begin PBXResourcesBuildPhase section */
		EEBE6D8821EFE18F00A3464E /* Resources */ = {
			isa = PBXResourcesBuildPhase;
			buildActionMask = 2147483647;
			files = (
				EE24B104223DB9700057610D /* Collection.storyboard in Resources */,
				EE5EDE942246831F00C24C5E /* CardLegalityView.xib in Resources */,
				EEAA53CB223323D700CB4B72 /* Debug.storyboard in Resources */,
				EE9246F2225A7B110044F858 /* Filters.storyboard in Resources */,
				EE4F532522467859003A06CA /* CardRulingView.xib in Resources */,
				EE6533A9249BEEC600489802 /* EditDeck.storyboard in Resources */,
				EE4FD207223AC6CE00E8CDB3 /* Deck.storyboard in Resources */,
				EE27552B22340F0F006BD083 /* Onboarding.storyboard in Resources */,
				EEE7D5A6226284E800FE4D1C /* EditDeckCard.storyboard in Resources */,
				EE2B78C121F0075100306990 /* Collections.storyboard in Resources */,
				EEBE6D9B21EFE19100A3464E /* LaunchScreen.storyboard in Resources */,
				EE2B78CE21F009A600306990 /* PlaceholderView.storyboard in Resources */,
				EEB0E85422ADDB2C00BB8B74 /* DeckStats.storyboard in Resources */,
				EEC9198E223080A0004E52F5 /* Settings.storyboard in Resources */,
				EE010518251A6EBD00FFA24C /* CollectionSectionHeader.xib in Resources */,
				EE2B78C721F0084A00306990 /* Card.storyboard in Resources */,
				EEBE6D9821EFE19100A3464E /* Assets.xcassets in Resources */,
				EE2B78C521F0083E00306990 /* CardList.storyboard in Resources */,
				EEBE6D9321EFE18F00A3464E /* Main.storyboard in Resources */,
			);
			runOnlyForDeploymentPostprocessing = 0;
		};
		EEBE6D9F21EFE19100A3464E /* Resources */ = {
			isa = PBXResourcesBuildPhase;
			buildActionMask = 2147483647;
			files = (
			);
			runOnlyForDeploymentPostprocessing = 0;
		};
		EEBE6DAA21EFE19100A3464E /* Resources */ = {
			isa = PBXResourcesBuildPhase;
			buildActionMask = 2147483647;
			files = (
			);
			runOnlyForDeploymentPostprocessing = 0;
		};
		EEF33D39251D55BF003D1856 /* Resources */ = {
			isa = PBXResourcesBuildPhase;
			buildActionMask = 2147483647;
			files = (
				EEF33D42251D55C1003D1856 /* Assets.xcassets in Resources */,
			);
			runOnlyForDeploymentPostprocessing = 0;
		};
/* End PBXResourcesBuildPhase section */

/* Begin PBXSourcesBuildPhase section */
		EEBE6D8621EFE18F00A3464E /* Sources */ = {
			isa = PBXSourcesBuildPhase;
			buildActionMask = 2147483647;
			files = (
				EED997C3257EB88F0002F12E /* KeywordFilterTableViewController.swift in Sources */,
				EE0F62AB22341DC1003D8A8A /* PageOneViewController.swift in Sources */,
				EEE7D59B225BA16D00FE4D1C /* CardSupertype+CoreDataClass.swift in Sources */,
				EEB0E85A22ADDDE700BB8B74 /* DeckCardFoilTableViewCell.swift in Sources */,
				EE2B78C921F0087200306990 /* CardListTableViewController.swift in Sources */,
				EE99E168243FBFC6008BEFAA /* Sharing.swift in Sources */,
				EE2B821F21FCCA3900306990 /* Card.swift in Sources */,
				EEB5D81F2205EBFF0070FF8B /* UIColor+Custom.swift in Sources */,
				EED295ED25771364003A1800 /* DeckStatsView.swift in Sources */,
				EE99E17424411856008BEFAA /* OnboardingPageViewController.swift in Sources */,
				EE2B78CF21F009A600306990 /* PlaceholderViewController.swift in Sources */,
				EE2B78D521F1518E00306990 /* SetList.swift in Sources */,
				EE0573DF23FF34A800316516 /* DataModel.swift in Sources */,
				EEBA1B7E25091F84006DF743 /* TCGPricesLoader.swift in Sources */,
				EED295E6256DE2BD003A1800 /* NonCDSet.swift in Sources */,
				EE924709225AD4440044F858 /* CardType+CoreDataProperties.swift in Sources */,
				EE6533AF249D3E1100489802 /* CardFrameEffect+CoreDataProperties.swift in Sources */,
				EEF02F22223DAC11008F008B /* Collection+CoreDataClass.swift in Sources */,
				EE24B108223DB9F50057610D /* CollectionTableViewCell.swift in Sources */,
				EE2B78A821EFE3DB00306990 /* RootViewController.swift in Sources */,
				EE924703225AA4E70044F858 /* Filters.swift in Sources */,
				EE6533A3249AAC2600489802 /* CardKeyword+CoreDataProperties.swift in Sources */,
				EE9246FB225A9EF80044F858 /* TypeFilterTableViewController.swift in Sources */,
				EE924701225A9F990044F858 /* LegalityFilterTableViewController.swift in Sources */,
				EE75E5F42284DF8300C23421 /* UpdateSet.swift in Sources */,
				EE244332252FECFA00B22885 /* RandomCardArtIntent.intentdefinition in Sources */,
				EE65339F249A9E8200489802 /* CardIdentifiers.swift in Sources */,
				EE2B822521FD25C800306990 /* Meta.swift in Sources */,
				EE6533A2249AAC2600489802 /* CardKeyword+CoreDataClass.swift in Sources */,
				EE06B03124FDDB1D00C84D4B /* TripleSplitViewController.swift in Sources */,
				EEEB6F27227929250009B442 /* Collection+Export.swift in Sources */,
				EEE7D5AA226375FA00FE4D1C /* DeckCardQuantityTableViewCell.swift in Sources */,
				EEF02F25223DAC11008F008B /* CollectionCard+CoreDataProperties.swift in Sources */,
				EE2CAC542231C1AA00D24334 /* String+Custom.swift in Sources */,
				EE2B78D121F13ACD00306990 /* DataManager.swift in Sources */,
				EE1E1468223AFC6600A54747 /* DeckCard+CoreDataProperties.swift in Sources */,
				EEBA1B7C2509092E006DF743 /* URLImage.swift in Sources */,
				EEF8AC5325140194002E10CF /* DebugBorder.swift in Sources */,
				EE6F94B022309136001B3378 /* TcgPlayerApi.swift in Sources */,
				EED295D8256DD056003A1800 /* Updates.swift in Sources */,
				EE9246FC225A9EF80044F858 /* SubTypeFilterTableViewController.swift in Sources */,
				EE2B822721FD25FD00306990 /* Token.swift in Sources */,
				EE37BA672494017A007885DF /* DeckLegalities.swift in Sources */,
				EE1E1467223AFC6600A54747 /* DeckCard+CoreDataClass.swift in Sources */,
				EEE7D5AC226378CB00FE4D1C /* DeckCardSideboardTableViewCell.swift in Sources */,
				EE2CAC522231AAF200D24334 /* SafariActivity.swift in Sources */,
				EE01051E251A6FBF00FFA24C /* CollectionSectionHeaderView.swift in Sources */,
				EEE7D5A82262852100FE4D1C /* EditDeckCardTableViewController.swift in Sources */,
				EE2B78D321F13EAF00306990 /* MTGSet.swift in Sources */,
				EE35EDAF23F5EC27000254E7 /* BarChart.swift in Sources */,
				EE2B78A621EFE39700306990 /* RootViewController+ViewFactory.swift in Sources */,
				EE27552D22341B04006BD083 /* RoundButton.swift in Sources */,
				EE9246FE225A9EF80044F858 /* SetFilterTableViewController.swift in Sources */,
				EEB0E85C22ADE58A00BB8B74 /* DeckStatsTableViewController.swift in Sources */,
				EE0573D923FF342600316516 /* SunburstView.swift in Sources */,
				EE4FD205223A91BD00E8CDB3 /* Deck+CoreDataProperties.swift in Sources */,
				EEBA1B7A25090905006DF743 /* ImageLoader.swift in Sources */,
				EEE7D587225B91DD00FE4D1C /* CardSubtype+CoreDataClass.swift in Sources */,
				EE9246FF225A9EF80044F858 /* SuperTypeFilterTableViewController.swift in Sources */,
				EE0F62AD22356494003D8A8A /* CoreDataStack.swift in Sources */,
				EE0573DD23FF347C00316516 /* ArcView.swift in Sources */,
				EE6533AE249D3E1100489802 /* CardFrameEffect+CoreDataClass.swift in Sources */,
				EE4FD204223A91BD00E8CDB3 /* Deck+CoreDataClass.swift in Sources */,
				EE5742072513E22D006FA8C2 /* PricesView.swift in Sources */,
				EE4F532722467A4D003A06CA /* CardRulingsView.swift in Sources */,
				EE6F94B2223092AD001B3378 /* TcgToken.swift in Sources */,
				EE2B78AB21EFE47600306990 /* UIView+AutolayoutHelp.swift in Sources */,
				EEE7D588225B91DD00FE4D1C /* CardSubtype+CoreDataProperties.swift in Sources */,
				EE4FD209223AC6FE00E8CDB3 /* DeckTableViewController.swift in Sources */,
				EEF02F23223DAC11008F008B /* Collection+CoreDataProperties.swift in Sources */,
				EEBE6D9621EFE18F00A3464E /* MTGCards.xcdatamodeld in Sources */,
				EE0573E123FF34BF00316516 /* IfLetView.swift in Sources */,
				EEB0ADDC227A3FBF00613C8C /* Deck+Backup.swift in Sources */,
				EEBE6D8E21EFE18F00A3464E /* AppDelegate.swift in Sources */,
				EE0573DB23FF345B00316516 /* Sunburst.swift in Sources */,
				EE32D7AF2265631D00AEC47E /* DeckCardCommanderTableViewCell.swift in Sources */,
				EEC91990223080DF004E52F5 /* SettingsTableViewController.swift in Sources */,
				EE2755292234084C006BD083 /* UserDefaultsHandler.swift in Sources */,
				EEE7D570225B6E0000FE4D1C /* ColorIdentity+CoreDataProperties.swift in Sources */,
				EE9246F4225A7E620044F858 /* FiltersTableViewController.swift in Sources */,
				EEE7D59C225BA16D00FE4D1C /* CardSupertype+CoreDataProperties.swift in Sources */,
				EEBA1B8025093854006DF743 /* CardDetailsView.swift in Sources */,
				EE2B78CB21F0089500306990 /* CardViewController.swift in Sources */,
				EE2B78BB21EFE60E00306990 /* StateCoordinator.swift in Sources */,
				EE0573E323FF393F00316516 /* UIImage+Custom.swift in Sources */,
				EE5EDE952246831F00C24C5E /* CardLegalityView.swift in Sources */,
				EE924708225AD4440044F858 /* CardType+CoreDataClass.swift in Sources */,
				EE2B822321FD258700306990 /* Legalities.swift in Sources */,
				EE2B78BA21EFE60E00306990 /* SelectionState.swift in Sources */,
				EE843A302228256100B07E09 /* ScryfallCard.swift in Sources */,
				EE0F62A922341CD7003D8A8A /* PageTwoViewController.swift in Sources */,
				EE2B78C321F0077400306990 /* CollectionsTableViewController.swift in Sources */,
				EEAA53CD2233241000CB4B72 /* DebugViewController.swift in Sources */,
				EEE7D56F225B6E0000FE4D1C /* ColorIdentity+CoreDataClass.swift in Sources */,
				EE1E146A223AFFEA00A54747 /* DeckTableViewCell.swift in Sources */,
				EE2B822121FD254100306990 /* ForeignDatum.swift in Sources */,
				EE2CAC502231707000D24334 /* TcgPrices.swift in Sources */,
				EEB5D8212205F0D30070FF8B /* GradientView.swift in Sources */,
				EE24B106223DB9910057610D /* CollectionTableViewController.swift in Sources */,
				EE2B821D21FCAD5200306990 /* Ruling.swift in Sources */,
				EEB0ADDA227A3C3400613C8C /* Backup.swift in Sources */,
				EEBA1B82250939FC006DF743 /* RulingsView.swift in Sources */,
				EED997BD257B19D40002F12E /* NotificationsViewController.swift in Sources */,
				EE2443962530075D00B22885 /* macOSCardArtIntent.intentdefinition in Sources */,
				EE35EDB123F627D4000254E7 /* Array+Custom.swift in Sources */,
				EEF02F24223DAC11008F008B /* CollectionCard+CoreDataClass.swift in Sources */,
				EE05FC06253E185D00258BB0 /* SidebarCollectionViewController.swift in Sources */,
				EE6533AB249BEEF800489802 /* EditDeckTableViewController.swift in Sources */,
				EE06B04C24FEDFD000C84D4B /* CardVC.swift in Sources */,
				EEB5D81D2205EA670070FF8B /* CardListTableViewCell.swift in Sources */,
			);
			runOnlyForDeploymentPostprocessing = 0;
		};
		EEBE6D9D21EFE19100A3464E /* Sources */ = {
			isa = PBXSourcesBuildPhase;
			buildActionMask = 2147483647;
			files = (
				EEBE6DA621EFE19100A3464E /* MTGCardsTests.swift in Sources */,
			);
			runOnlyForDeploymentPostprocessing = 0;
		};
		EEBE6DA821EFE19100A3464E /* Sources */ = {
			isa = PBXSourcesBuildPhase;
			buildActionMask = 2147483647;
			files = (
				EEBE6DB121EFE19100A3464E /* MTGCardsUITests.swift in Sources */,
			);
			runOnlyForDeploymentPostprocessing = 0;
		};
		EEF33D37251D55BF003D1856 /* Sources */ = {
			isa = PBXSourcesBuildPhase;
			buildActionMask = 2147483647;
			files = (
				EEF33D52251D5654003D1856 /* RandomCard.swift in Sources */,
				EE24433B252FEDBB00B22885 /* RandomCardArtIntent.intentdefinition in Sources */,
				EE24439B2530075E00B22885 /* macOSCardArtIntent.intentdefinition in Sources */,
				EEF33D40251D55BF003D1856 /* RandomCardArtWidget.swift in Sources */,
			);
			runOnlyForDeploymentPostprocessing = 0;
		};
/* End PBXSourcesBuildPhase section */

/* Begin PBXTargetDependency section */
		EEBE6DA321EFE19100A3464E /* PBXTargetDependency */ = {
			isa = PBXTargetDependency;
			target = EEBE6D8921EFE18F00A3464E /* MTGCards */;
			targetProxy = EEBE6DA221EFE19100A3464E /* PBXContainerItemProxy */;
		};
		EEBE6DAE21EFE19100A3464E /* PBXTargetDependency */ = {
			isa = PBXTargetDependency;
			target = EEBE6D8921EFE18F00A3464E /* MTGCards */;
			targetProxy = EEBE6DAD21EFE19100A3464E /* PBXContainerItemProxy */;
		};
		EEF33D45251D55C1003D1856 /* PBXTargetDependency */ = {
			isa = PBXTargetDependency;
			target = EEF33D3A251D55BF003D1856 /* RandomCardArtWidgetExtension */;
			targetProxy = EEF33D44251D55C1003D1856 /* PBXContainerItemProxy */;
		};
/* End PBXTargetDependency section */

/* Begin PBXVariantGroup section */
		EEBE6D9121EFE18F00A3464E /* Main.storyboard */ = {
			isa = PBXVariantGroup;
			children = (
				EEBE6D9221EFE18F00A3464E /* Base */,
			);
			name = Main.storyboard;
			sourceTree = "<group>";
		};
		EEBE6D9921EFE19100A3464E /* LaunchScreen.storyboard */ = {
			isa = PBXVariantGroup;
			children = (
				EEBE6D9A21EFE19100A3464E /* Base */,
			);
			name = LaunchScreen.storyboard;
			sourceTree = "<group>";
		};
/* End PBXVariantGroup section */

/* Begin XCBuildConfiguration section */
		EEBE6DB321EFE19100A3464E /* Debug */ = {
			isa = XCBuildConfiguration;
			buildSettings = {
				ALWAYS_SEARCH_USER_PATHS = NO;
				CLANG_ANALYZER_NONNULL = YES;
				CLANG_ANALYZER_NUMBER_OBJECT_CONVERSION = YES_AGGRESSIVE;
				CLANG_CXX_LANGUAGE_STANDARD = "gnu++14";
				CLANG_CXX_LIBRARY = "libc++";
				CLANG_ENABLE_MODULES = YES;
				CLANG_ENABLE_OBJC_ARC = YES;
				CLANG_ENABLE_OBJC_WEAK = YES;
				CLANG_WARN_BLOCK_CAPTURE_AUTORELEASING = YES;
				CLANG_WARN_BOOL_CONVERSION = YES;
				CLANG_WARN_COMMA = YES;
				CLANG_WARN_CONSTANT_CONVERSION = YES;
				CLANG_WARN_DEPRECATED_OBJC_IMPLEMENTATIONS = YES;
				CLANG_WARN_DIRECT_OBJC_ISA_USAGE = YES_ERROR;
				CLANG_WARN_DOCUMENTATION_COMMENTS = YES;
				CLANG_WARN_EMPTY_BODY = YES;
				CLANG_WARN_ENUM_CONVERSION = YES;
				CLANG_WARN_INFINITE_RECURSION = YES;
				CLANG_WARN_INT_CONVERSION = YES;
				CLANG_WARN_NON_LITERAL_NULL_CONVERSION = YES;
				CLANG_WARN_OBJC_IMPLICIT_RETAIN_SELF = YES;
				CLANG_WARN_OBJC_LITERAL_CONVERSION = YES;
				CLANG_WARN_OBJC_ROOT_CLASS = YES_ERROR;
				CLANG_WARN_QUOTED_INCLUDE_IN_FRAMEWORK_HEADER = YES;
				CLANG_WARN_RANGE_LOOP_ANALYSIS = YES;
				CLANG_WARN_STRICT_PROTOTYPES = YES;
				CLANG_WARN_SUSPICIOUS_MOVE = YES;
				CLANG_WARN_UNGUARDED_AVAILABILITY = YES_AGGRESSIVE;
				CLANG_WARN_UNREACHABLE_CODE = YES;
				CLANG_WARN__DUPLICATE_METHOD_MATCH = YES;
				CODE_SIGN_IDENTITY = "iPhone Developer";
				COPY_PHASE_STRIP = NO;
				DEBUG_INFORMATION_FORMAT = dwarf;
				DERIVE_MACCATALYST_PRODUCT_BUNDLE_IDENTIFIER = YES;
				ENABLE_STRICT_OBJC_MSGSEND = YES;
				ENABLE_TESTABILITY = YES;
				GCC_C_LANGUAGE_STANDARD = gnu11;
				GCC_DYNAMIC_NO_PIC = NO;
				GCC_NO_COMMON_BLOCKS = YES;
				GCC_OPTIMIZATION_LEVEL = 0;
				GCC_PREPROCESSOR_DEFINITIONS = (
					"DEBUG=1",
					"$(inherited)",
				);
				GCC_WARN_64_TO_32_BIT_CONVERSION = YES;
				GCC_WARN_ABOUT_RETURN_TYPE = YES_ERROR;
				GCC_WARN_UNDECLARED_SELECTOR = YES;
				GCC_WARN_UNINITIALIZED_AUTOS = YES_AGGRESSIVE;
				GCC_WARN_UNUSED_FUNCTION = YES;
				GCC_WARN_UNUSED_VARIABLE = YES;
				IPHONEOS_DEPLOYMENT_TARGET = 13.0;
				MTL_ENABLE_DEBUG_INFO = INCLUDE_SOURCE;
				MTL_FAST_MATH = YES;
				ONLY_ACTIVE_ARCH = YES;
				SDKROOT = iphoneos;
				SUPPORTS_MACCATALYST = YES;
				SWIFT_ACTIVE_COMPILATION_CONDITIONS = DEBUG;
				SWIFT_OPTIMIZATION_LEVEL = "-Onone";
			};
			name = Debug;
		};
		EEBE6DB421EFE19100A3464E /* Release */ = {
			isa = XCBuildConfiguration;
			buildSettings = {
				ALWAYS_SEARCH_USER_PATHS = NO;
				CLANG_ANALYZER_NONNULL = YES;
				CLANG_ANALYZER_NUMBER_OBJECT_CONVERSION = YES_AGGRESSIVE;
				CLANG_CXX_LANGUAGE_STANDARD = "gnu++14";
				CLANG_CXX_LIBRARY = "libc++";
				CLANG_ENABLE_MODULES = YES;
				CLANG_ENABLE_OBJC_ARC = YES;
				CLANG_ENABLE_OBJC_WEAK = YES;
				CLANG_WARN_BLOCK_CAPTURE_AUTORELEASING = YES;
				CLANG_WARN_BOOL_CONVERSION = YES;
				CLANG_WARN_COMMA = YES;
				CLANG_WARN_CONSTANT_CONVERSION = YES;
				CLANG_WARN_DEPRECATED_OBJC_IMPLEMENTATIONS = YES;
				CLANG_WARN_DIRECT_OBJC_ISA_USAGE = YES_ERROR;
				CLANG_WARN_DOCUMENTATION_COMMENTS = YES;
				CLANG_WARN_EMPTY_BODY = YES;
				CLANG_WARN_ENUM_CONVERSION = YES;
				CLANG_WARN_INFINITE_RECURSION = YES;
				CLANG_WARN_INT_CONVERSION = YES;
				CLANG_WARN_NON_LITERAL_NULL_CONVERSION = YES;
				CLANG_WARN_OBJC_IMPLICIT_RETAIN_SELF = YES;
				CLANG_WARN_OBJC_LITERAL_CONVERSION = YES;
				CLANG_WARN_OBJC_ROOT_CLASS = YES_ERROR;
				CLANG_WARN_QUOTED_INCLUDE_IN_FRAMEWORK_HEADER = YES;
				CLANG_WARN_RANGE_LOOP_ANALYSIS = YES;
				CLANG_WARN_STRICT_PROTOTYPES = YES;
				CLANG_WARN_SUSPICIOUS_MOVE = YES;
				CLANG_WARN_UNGUARDED_AVAILABILITY = YES_AGGRESSIVE;
				CLANG_WARN_UNREACHABLE_CODE = YES;
				CLANG_WARN__DUPLICATE_METHOD_MATCH = YES;
				CODE_SIGN_IDENTITY = "iPhone Developer";
				COPY_PHASE_STRIP = NO;
				DEBUG_INFORMATION_FORMAT = "dwarf-with-dsym";
				DERIVE_MACCATALYST_PRODUCT_BUNDLE_IDENTIFIER = YES;
				ENABLE_NS_ASSERTIONS = NO;
				ENABLE_STRICT_OBJC_MSGSEND = YES;
				GCC_C_LANGUAGE_STANDARD = gnu11;
				GCC_NO_COMMON_BLOCKS = YES;
				GCC_WARN_64_TO_32_BIT_CONVERSION = YES;
				GCC_WARN_ABOUT_RETURN_TYPE = YES_ERROR;
				GCC_WARN_UNDECLARED_SELECTOR = YES;
				GCC_WARN_UNINITIALIZED_AUTOS = YES_AGGRESSIVE;
				GCC_WARN_UNUSED_FUNCTION = YES;
				GCC_WARN_UNUSED_VARIABLE = YES;
				IPHONEOS_DEPLOYMENT_TARGET = 13.0;
				MTL_ENABLE_DEBUG_INFO = NO;
				MTL_FAST_MATH = YES;
				SDKROOT = iphoneos;
				SUPPORTS_MACCATALYST = YES;
				SWIFT_COMPILATION_MODE = wholemodule;
				SWIFT_OPTIMIZATION_LEVEL = "-O";
				VALIDATE_PRODUCT = YES;
			};
			name = Release;
		};
		EEBE6DB621EFE19100A3464E /* Debug */ = {
			isa = XCBuildConfiguration;
			buildSettings = {
				ALWAYS_EMBED_SWIFT_STANDARD_LIBRARIES = YES;
				ASSETCATALOG_COMPILER_APPICON_NAME = AppIcon;
				CODE_SIGN_ENTITLEMENTS = MTGCards/MTGCards.entitlements;
				CODE_SIGN_IDENTITY = "Apple Development";
				"CODE_SIGN_IDENTITY[sdk=macosx*]" = "Apple Development";
				CODE_SIGN_STYLE = Automatic;
				CURRENT_PROJECT_VERSION = 15;
				DERIVE_UIKITFORMAC_PRODUCT_BUNDLE_IDENTIFIER = NO;
				DEVELOPMENT_TEAM = JANZDS5D43;
				INFOPLIST_FILE = MTGCards/Info.plist;
				IPHONEOS_DEPLOYMENT_TARGET = 14.0;
				LD_RUNPATH_SEARCH_PATHS = (
					"$(inherited)",
					"@executable_path/Frameworks",
				);
				PRODUCT_BUNDLE_IDENTIFIER = com.roboticsnailsoftware.MTGCollection;
				PRODUCT_NAME = "My MTG";
				PROVISIONING_PROFILE_SPECIFIER = "";
				"PROVISIONING_PROFILE_SPECIFIER[sdk=macosx*]" = "";
				SUPPORTS_MACCATALYST = YES;
				SUPPORTS_MAC_DESIGNED_FOR_IPHONE_IPAD = YES;
				SUPPORTS_UIKITFORMAC = YES;
				SWIFT_VERSION = 5.0;
				TARGETED_DEVICE_FAMILY = "1,2,6";
			};
			name = Debug;
		};
		EEBE6DB721EFE19100A3464E /* Release */ = {
			isa = XCBuildConfiguration;
			buildSettings = {
				ALWAYS_EMBED_SWIFT_STANDARD_LIBRARIES = YES;
				ASSETCATALOG_COMPILER_APPICON_NAME = AppIcon;
				CODE_SIGN_ENTITLEMENTS = MTGCards/MTGCards.entitlements;
				CODE_SIGN_IDENTITY = "Apple Development";
				"CODE_SIGN_IDENTITY[sdk=macosx*]" = "Apple Development";
				CODE_SIGN_STYLE = Automatic;
				CURRENT_PROJECT_VERSION = 15;
				DERIVE_UIKITFORMAC_PRODUCT_BUNDLE_IDENTIFIER = NO;
				DEVELOPMENT_TEAM = JANZDS5D43;
				INFOPLIST_FILE = MTGCards/Info.plist;
				IPHONEOS_DEPLOYMENT_TARGET = 14.0;
				LD_RUNPATH_SEARCH_PATHS = (
					"$(inherited)",
					"@executable_path/Frameworks",
				);
				PRODUCT_BUNDLE_IDENTIFIER = com.roboticsnailsoftware.MTGCollection;
				PRODUCT_NAME = "My MTG";
				PROVISIONING_PROFILE_SPECIFIER = "";
				"PROVISIONING_PROFILE_SPECIFIER[sdk=macosx*]" = "";
				SUPPORTS_MACCATALYST = YES;
				SUPPORTS_MAC_DESIGNED_FOR_IPHONE_IPAD = YES;
				SUPPORTS_UIKITFORMAC = YES;
				SWIFT_VERSION = 5.0;
				TARGETED_DEVICE_FAMILY = "1,2,6";
			};
			name = Release;
		};
		EEBE6DB921EFE19100A3464E /* Debug */ = {
			isa = XCBuildConfiguration;
			buildSettings = {
				ALWAYS_EMBED_SWIFT_STANDARD_LIBRARIES = YES;
				BUNDLE_LOADER = "$(TEST_HOST)";
				CODE_SIGN_STYLE = Automatic;
				DEVELOPMENT_TEAM = JANZDS5D43;
				INFOPLIST_FILE = MTGCardsTests/Info.plist;
				LD_RUNPATH_SEARCH_PATHS = (
					"$(inherited)",
					"@executable_path/Frameworks",
					"@loader_path/Frameworks",
				);
				PRODUCT_BUNDLE_IDENTIFIER = com.RoboticSnailSoftware.MTGCardsTests;
				PRODUCT_NAME = "$(TARGET_NAME)";
				SWIFT_VERSION = 5.0;
				TARGETED_DEVICE_FAMILY = "1,2";
				TEST_HOST = "$(BUILT_PRODUCTS_DIR)/MTGCards.app/MTGCards";
			};
			name = Debug;
		};
		EEBE6DBA21EFE19100A3464E /* Release */ = {
			isa = XCBuildConfiguration;
			buildSettings = {
				ALWAYS_EMBED_SWIFT_STANDARD_LIBRARIES = YES;
				BUNDLE_LOADER = "$(TEST_HOST)";
				CODE_SIGN_STYLE = Automatic;
				DEVELOPMENT_TEAM = JANZDS5D43;
				INFOPLIST_FILE = MTGCardsTests/Info.plist;
				LD_RUNPATH_SEARCH_PATHS = (
					"$(inherited)",
					"@executable_path/Frameworks",
					"@loader_path/Frameworks",
				);
				PRODUCT_BUNDLE_IDENTIFIER = com.RoboticSnailSoftware.MTGCardsTests;
				PRODUCT_NAME = "$(TARGET_NAME)";
				SWIFT_VERSION = 5.0;
				TARGETED_DEVICE_FAMILY = "1,2";
				TEST_HOST = "$(BUILT_PRODUCTS_DIR)/MTGCards.app/MTGCards";
			};
			name = Release;
		};
		EEBE6DBC21EFE19100A3464E /* Debug */ = {
			isa = XCBuildConfiguration;
			buildSettings = {
				ALWAYS_EMBED_SWIFT_STANDARD_LIBRARIES = YES;
				CODE_SIGN_STYLE = Automatic;
				DEVELOPMENT_TEAM = JANZDS5D43;
				INFOPLIST_FILE = MTGCardsUITests/Info.plist;
				LD_RUNPATH_SEARCH_PATHS = (
					"$(inherited)",
					"@executable_path/Frameworks",
					"@loader_path/Frameworks",
				);
				PRODUCT_BUNDLE_IDENTIFIER = com.RoboticSnailSoftware.MTGCardsUITests;
				PRODUCT_NAME = "$(TARGET_NAME)";
				SWIFT_VERSION = 5.0;
				TARGETED_DEVICE_FAMILY = "1,2";
				TEST_TARGET_NAME = MTGCards;
			};
			name = Debug;
		};
		EEBE6DBD21EFE19100A3464E /* Release */ = {
			isa = XCBuildConfiguration;
			buildSettings = {
				ALWAYS_EMBED_SWIFT_STANDARD_LIBRARIES = YES;
				CODE_SIGN_STYLE = Automatic;
				DEVELOPMENT_TEAM = JANZDS5D43;
				INFOPLIST_FILE = MTGCardsUITests/Info.plist;
				LD_RUNPATH_SEARCH_PATHS = (
					"$(inherited)",
					"@executable_path/Frameworks",
					"@loader_path/Frameworks",
				);
				PRODUCT_BUNDLE_IDENTIFIER = com.RoboticSnailSoftware.MTGCardsUITests;
				PRODUCT_NAME = "$(TARGET_NAME)";
				SWIFT_VERSION = 5.0;
				TARGETED_DEVICE_FAMILY = "1,2";
				TEST_TARGET_NAME = MTGCards;
			};
			name = Release;
		};
		EEF33D49251D55C1003D1856 /* Debug */ = {
			isa = XCBuildConfiguration;
			buildSettings = {
				ASSETCATALOG_COMPILER_GLOBAL_ACCENT_COLOR_NAME = AccentColor;
				ASSETCATALOG_COMPILER_WIDGET_BACKGROUND_COLOR_NAME = WidgetBackground;
				CODE_SIGN_ENTITLEMENTS = RandomCardArtWidgetExtension.entitlements;
				CODE_SIGN_IDENTITY = "Apple Development";
				"CODE_SIGN_IDENTITY[sdk=macosx*]" = "Apple Development";
				CODE_SIGN_STYLE = Automatic;
				CURRENT_PROJECT_VERSION = 15;
				DEVELOPMENT_TEAM = JANZDS5D43;
				INFOPLIST_FILE = RandomCardArtWidget/Info.plist;
				IPHONEOS_DEPLOYMENT_TARGET = 14.0;
				LD_RUNPATH_SEARCH_PATHS = (
					"$(inherited)",
					"@executable_path/Frameworks",
					"@executable_path/../../Frameworks",
				);
				PRODUCT_BUNDLE_IDENTIFIER = com.roboticsnailsoftware.MTGCollection.RandomCardArtWidget;
				PRODUCT_NAME = "$(TARGET_NAME)";
				SKIP_INSTALL = YES;
				SUPPORTS_MACCATALYST = YES;
				SWIFT_VERSION = 5.0;
				TARGETED_DEVICE_FAMILY = "1,2";
			};
			name = Debug;
		};
		EEF33D4A251D55C1003D1856 /* Release */ = {
			isa = XCBuildConfiguration;
			buildSettings = {
				ASSETCATALOG_COMPILER_GLOBAL_ACCENT_COLOR_NAME = AccentColor;
				ASSETCATALOG_COMPILER_WIDGET_BACKGROUND_COLOR_NAME = WidgetBackground;
				CODE_SIGN_ENTITLEMENTS = RandomCardArtWidgetExtension.entitlements;
				CODE_SIGN_IDENTITY = "Apple Development";
				"CODE_SIGN_IDENTITY[sdk=macosx*]" = "Apple Development";
				CODE_SIGN_STYLE = Automatic;
				CURRENT_PROJECT_VERSION = 15;
				DEVELOPMENT_TEAM = JANZDS5D43;
				INFOPLIST_FILE = RandomCardArtWidget/Info.plist;
				IPHONEOS_DEPLOYMENT_TARGET = 14.0;
				LD_RUNPATH_SEARCH_PATHS = (
					"$(inherited)",
					"@executable_path/Frameworks",
					"@executable_path/../../Frameworks",
				);
				PRODUCT_BUNDLE_IDENTIFIER = com.roboticsnailsoftware.MTGCollection.RandomCardArtWidget;
				PRODUCT_NAME = "$(TARGET_NAME)";
				SKIP_INSTALL = YES;
				SUPPORTS_MACCATALYST = YES;
				SWIFT_VERSION = 5.0;
				TARGETED_DEVICE_FAMILY = "1,2";
			};
			name = Release;
		};
/* End XCBuildConfiguration section */

/* Begin XCConfigurationList section */
		EEBE6D8521EFE18F00A3464E /* Build configuration list for PBXProject "MTGCards" */ = {
			isa = XCConfigurationList;
			buildConfigurations = (
				EEBE6DB321EFE19100A3464E /* Debug */,
				EEBE6DB421EFE19100A3464E /* Release */,
			);
			defaultConfigurationIsVisible = 0;
			defaultConfigurationName = Release;
		};
		EEBE6DB521EFE19100A3464E /* Build configuration list for PBXNativeTarget "MTGCards" */ = {
			isa = XCConfigurationList;
			buildConfigurations = (
				EEBE6DB621EFE19100A3464E /* Debug */,
				EEBE6DB721EFE19100A3464E /* Release */,
			);
			defaultConfigurationIsVisible = 0;
			defaultConfigurationName = Release;
		};
		EEBE6DB821EFE19100A3464E /* Build configuration list for PBXNativeTarget "MTGCardsTests" */ = {
			isa = XCConfigurationList;
			buildConfigurations = (
				EEBE6DB921EFE19100A3464E /* Debug */,
				EEBE6DBA21EFE19100A3464E /* Release */,
			);
			defaultConfigurationIsVisible = 0;
			defaultConfigurationName = Release;
		};
		EEBE6DBB21EFE19100A3464E /* Build configuration list for PBXNativeTarget "MTGCardsUITests" */ = {
			isa = XCConfigurationList;
			buildConfigurations = (
				EEBE6DBC21EFE19100A3464E /* Debug */,
				EEBE6DBD21EFE19100A3464E /* Release */,
			);
			defaultConfigurationIsVisible = 0;
			defaultConfigurationName = Release;
		};
		EEF33D48251D55C1003D1856 /* Build configuration list for PBXNativeTarget "RandomCardArtWidgetExtension" */ = {
			isa = XCConfigurationList;
			buildConfigurations = (
				EEF33D49251D55C1003D1856 /* Debug */,
				EEF33D4A251D55C1003D1856 /* Release */,
			);
			defaultConfigurationIsVisible = 0;
			defaultConfigurationName = Release;
		};
/* End XCConfigurationList section */

/* Begin XCVersionGroup section */
		EEBE6D9421EFE18F00A3464E /* MTGCards.xcdatamodeld */ = {
			isa = XCVersionGroup;
			children = (
				EEBE6D9521EFE18F00A3464E /* MTGCards.xcdatamodel */,
			);
			currentVersion = EEBE6D9521EFE18F00A3464E /* MTGCards.xcdatamodel */;
			path = MTGCards.xcdatamodeld;
			sourceTree = "<group>";
			versionGroupType = wrapper.xcdatamodel;
		};
/* End XCVersionGroup section */
	};
	rootObject = EEBE6D8221EFE18F00A3464E /* Project object */;
}
