// !$*UTF8*$!
{
	archiveVersion = 1;
	classes = {
	};
	objectVersion = 50;
	objects = {

/* Begin PBXBuildFile section */
		EE0BECAC26584532006A0C43 /* RandomCardArtWidget.intentdefinition in Sources */ = {isa = PBXBuildFile; fileRef = EE564F54263B7B9D0036625A /* RandomCardArtWidget.intentdefinition */; };
		EE41CF4C2661936E00665129 /* MTGCards.xcdatamodeld in Sources */ = {isa = PBXBuildFile; fileRef = EE41CF482661916000665129 /* MTGCards.xcdatamodeld */; };
		EE41CF4F2662AA9600665129 /* SearchResultsView.swift in Sources */ = {isa = PBXBuildFile; fileRef = EE41CF4E2662AA9600665129 /* SearchResultsView.swift */; };
		EE41CF542662C03000665129 /* Collection+CoreDataClass.swift in Sources */ = {isa = PBXBuildFile; fileRef = EE41CF502662C02F00665129 /* Collection+CoreDataClass.swift */; };
		EE41CF552662C03000665129 /* Collection+CoreDataProperties.swift in Sources */ = {isa = PBXBuildFile; fileRef = EE41CF512662C02F00665129 /* Collection+CoreDataProperties.swift */; };
		EE41CF562662C03000665129 /* Deck+CoreDataClass.swift in Sources */ = {isa = PBXBuildFile; fileRef = EE41CF522662C02F00665129 /* Deck+CoreDataClass.swift */; };
		EE41CF572662C03000665129 /* Deck+CoreDataProperties.swift in Sources */ = {isa = PBXBuildFile; fileRef = EE41CF532662C02F00665129 /* Deck+CoreDataProperties.swift */; };
		EE41CF792666CD8600665129 /* MainSplitViewViewController.swift in Sources */ = {isa = PBXBuildFile; fileRef = EE41CF782666CD8500665129 /* MainSplitViewViewController.swift */; };
		EE4F54FC263773F400D4205D /* CardListTableViewController.swift in Sources */ = {isa = PBXBuildFile; fileRef = EE4F54FB263773F400D4205D /* CardListTableViewController.swift */; };
		EE564F26263B76FD0036625A /* CardVC.swift in Sources */ = {isa = PBXBuildFile; fileRef = EE564F25263B76FD0036625A /* CardVC.swift */; };
		EE564F28263B772F0036625A /* CardListTableViewCell.swift in Sources */ = {isa = PBXBuildFile; fileRef = EE564F27263B772F0036625A /* CardListTableViewCell.swift */; };
		EE564F2C263B77F60036625A /* RulingsView.swift in Sources */ = {isa = PBXBuildFile; fileRef = EE564F29263B77F50036625A /* RulingsView.swift */; };
		EE564F2D263B77F60036625A /* PricesView.swift in Sources */ = {isa = PBXBuildFile; fileRef = EE564F2A263B77F50036625A /* PricesView.swift */; };
		EE564F2E263B77F60036625A /* CardDetailsView.swift in Sources */ = {isa = PBXBuildFile; fileRef = EE564F2B263B77F60036625A /* CardDetailsView.swift */; };
		EE564F30263B78440036625A /* URLImage.swift in Sources */ = {isa = PBXBuildFile; fileRef = EE564F2F263B78440036625A /* URLImage.swift */; };
		EE564F32263B785F0036625A /* ImageLoader.swift in Sources */ = {isa = PBXBuildFile; fileRef = EE564F31263B785F0036625A /* ImageLoader.swift */; };
		EE564F34263B791E0036625A /* Sharing.swift in Sources */ = {isa = PBXBuildFile; fileRef = EE564F33263B791E0036625A /* Sharing.swift */; };
		EE564F36263B795A0036625A /* DebugBorder.swift in Sources */ = {isa = PBXBuildFile; fileRef = EE564F35263B795A0036625A /* DebugBorder.swift */; };
		EE564F38263B79970036625A /* Array+Custom.swift in Sources */ = {isa = PBXBuildFile; fileRef = EE564F37263B79970036625A /* Array+Custom.swift */; };
		EE564F3A263B79E30036625A /* SafariActivity.swift in Sources */ = {isa = PBXBuildFile; fileRef = EE564F39263B79E30036625A /* SafariActivity.swift */; };
		EE564F3C263B7A150036625A /* TCGPricesLoader.swift in Sources */ = {isa = PBXBuildFile; fileRef = EE564F3B263B7A150036625A /* TCGPricesLoader.swift */; };
		EE564F40263B7A5E0036625A /* UIColor+Custom.swift in Sources */ = {isa = PBXBuildFile; fileRef = EE564F3F263B7A5E0036625A /* UIColor+Custom.swift */; };
		EE564F42263B7A9B0036625A /* Backup.swift in Sources */ = {isa = PBXBuildFile; fileRef = EE564F41263B7A9B0036625A /* Backup.swift */; };
		EE564F44263B7ABE0036625A /* Deck+Backup.swift in Sources */ = {isa = PBXBuildFile; fileRef = EE564F43263B7ABE0036625A /* Deck+Backup.swift */; };
		EE564F46263B7AE10036625A /* String+Custom.swift in Sources */ = {isa = PBXBuildFile; fileRef = EE564F45263B7AE10036625A /* String+Custom.swift */; };
		EE564F4E263B7B9D0036625A /* WidgetKit.framework in Frameworks */ = {isa = PBXBuildFile; fileRef = EE564F4D263B7B9D0036625A /* WidgetKit.framework */; };
		EE564F50263B7B9D0036625A /* SwiftUI.framework in Frameworks */ = {isa = PBXBuildFile; fileRef = EE564F4F263B7B9D0036625A /* SwiftUI.framework */; };
		EE564F53263B7B9D0036625A /* RandomCardArtWidget.swift in Sources */ = {isa = PBXBuildFile; fileRef = EE564F52263B7B9D0036625A /* RandomCardArtWidget.swift */; };
		EE564F56263B7B9E0036625A /* Assets.xcassets in Resources */ = {isa = PBXBuildFile; fileRef = EE564F55263B7B9E0036625A /* Assets.xcassets */; };
		EE564F58263B7B9E0036625A /* RandomCardArtWidget.intentdefinition in Sources */ = {isa = PBXBuildFile; fileRef = EE564F54263B7B9D0036625A /* RandomCardArtWidget.intentdefinition */; settings = {ATTRIBUTES = (codegen, ); }; };
		EE564F5C263B7B9E0036625A /* RandomCardArtWidgetExtension.appex in Embed App Extensions */ = {isa = PBXBuildFile; fileRef = EE564F4B263B7B9D0036625A /* RandomCardArtWidgetExtension.appex */; settings = {ATTRIBUTES = (RemoveHeadersOnCopy, ); }; };
		EE564F64263B7D3E0036625A /* RandomCard.swift in Sources */ = {isa = PBXBuildFile; fileRef = EE564F62263B7BBA0036625A /* RandomCard.swift */; };
		EE564F66263B7E260036625A /* CardList.storyboard in Resources */ = {isa = PBXBuildFile; fileRef = EE564F65263B7E260036625A /* CardList.storyboard */; };
		EE68B742261FCE0800BCD15F /* ToolbarDelegate.swift in Sources */ = {isa = PBXBuildFile; fileRef = EE68B741261FCE0800BCD15F /* ToolbarDelegate.swift */; };
		EEBA8689263776B00006C597 /* TripleSplitViewController.swift in Sources */ = {isa = PBXBuildFile; fileRef = EEBA8688263776B00006C597 /* TripleSplitViewController.swift */; };
		EEBA868B263776F80006C597 /* SidebarCollectionViewController.swift in Sources */ = {isa = PBXBuildFile; fileRef = EEBA868A263776F80006C597 /* SidebarCollectionViewController.swift */; };
		EEBA86902637774D0006C597 /* PlaceholderViewController.swift in Sources */ = {isa = PBXBuildFile; fileRef = EEBA868F2637774D0006C597 /* PlaceholderViewController.swift */; };
		EEBA8692263777B90006C597 /* PlaceholderView.storyboard in Resources */ = {isa = PBXBuildFile; fileRef = EEBA8691263777B90006C597 /* PlaceholderView.storyboard */; };
		EEBA8695263778160006C597 /* UserDefaultsHandler.swift in Sources */ = {isa = PBXBuildFile; fileRef = EEBA8694263778160006C597 /* UserDefaultsHandler.swift */; };
		EEBA869B263778430006C597 /* PageTwoViewController.swift in Sources */ = {isa = PBXBuildFile; fileRef = EEBA8697263778430006C597 /* PageTwoViewController.swift */; };
		EEBA869C263778430006C597 /* OnboardingPageViewController.swift in Sources */ = {isa = PBXBuildFile; fileRef = EEBA8698263778430006C597 /* OnboardingPageViewController.swift */; };
		EEBA869D263778430006C597 /* Onboarding.storyboard in Resources */ = {isa = PBXBuildFile; fileRef = EEBA8699263778430006C597 /* Onboarding.storyboard */; };
		EEBA869E263778430006C597 /* PageOneViewController.swift in Sources */ = {isa = PBXBuildFile; fileRef = EEBA869A263778430006C597 /* PageOneViewController.swift */; };
		EEBA86A0263778B00006C597 /* RoundButton.swift in Sources */ = {isa = PBXBuildFile; fileRef = EEBA869F263778B00006C597 /* RoundButton.swift */; };
		EEBA86A22637790F0006C597 /* DataManager.swift in Sources */ = {isa = PBXBuildFile; fileRef = EEBA86A12637790F0006C597 /* DataManager.swift */; };
		EEBA86A42637792E0006C597 /* CoreDataStack.swift in Sources */ = {isa = PBXBuildFile; fileRef = EEBA86A32637792E0006C597 /* CoreDataStack.swift */; };
		EEBA870F26377A5A0006C597 /* Card.swift in Sources */ = {isa = PBXBuildFile; fileRef = EEBA870C26377A5A0006C597 /* Card.swift */; };
		EEBA871326377AB80006C597 /* CardIdentifiers.swift in Sources */ = {isa = PBXBuildFile; fileRef = EEBA871026377AB80006C597 /* CardIdentifiers.swift */; };
		EEBA871426377AB80006C597 /* CardFrameEffect+CoreDataClass.swift in Sources */ = {isa = PBXBuildFile; fileRef = EEBA871126377AB80006C597 /* CardFrameEffect+CoreDataClass.swift */; };
		EEBA871526377AB80006C597 /* CardFrameEffect+CoreDataProperties.swift in Sources */ = {isa = PBXBuildFile; fileRef = EEBA871226377AB80006C597 /* CardFrameEffect+CoreDataProperties.swift */; };
		EEBA871C26377AEB0006C597 /* CardSupertype+CoreDataClass.swift in Sources */ = {isa = PBXBuildFile; fileRef = EEBA871626377AEA0006C597 /* CardSupertype+CoreDataClass.swift */; };
		EEBA871D26377AEB0006C597 /* CardType+CoreDataClass.swift in Sources */ = {isa = PBXBuildFile; fileRef = EEBA871726377AEA0006C597 /* CardType+CoreDataClass.swift */; };
		EEBA871E26377AEB0006C597 /* CardSubtype+CoreDataClass.swift in Sources */ = {isa = PBXBuildFile; fileRef = EEBA871826377AEA0006C597 /* CardSubtype+CoreDataClass.swift */; };
		EEBA871F26377AEB0006C597 /* CardSubtype+CoreDataProperties.swift in Sources */ = {isa = PBXBuildFile; fileRef = EEBA871926377AEA0006C597 /* CardSubtype+CoreDataProperties.swift */; };
		EEBA872026377AEB0006C597 /* CardSupertype+CoreDataProperties.swift in Sources */ = {isa = PBXBuildFile; fileRef = EEBA871A26377AEA0006C597 /* CardSupertype+CoreDataProperties.swift */; };
		EEBA872126377AEB0006C597 /* CardType+CoreDataProperties.swift in Sources */ = {isa = PBXBuildFile; fileRef = EEBA871B26377AEB0006C597 /* CardType+CoreDataProperties.swift */; };
		EEBA873326377B290006C597 /* ColorIdentity+CoreDataClass.swift in Sources */ = {isa = PBXBuildFile; fileRef = EEBA872326377B270006C597 /* ColorIdentity+CoreDataClass.swift */; };
		EEBA873426377B290006C597 /* Legalities.swift in Sources */ = {isa = PBXBuildFile; fileRef = EEBA872426377B270006C597 /* Legalities.swift */; };
		EEBA873726377B290006C597 /* ColorIdentity+CoreDataProperties.swift in Sources */ = {isa = PBXBuildFile; fileRef = EEBA872726377B280006C597 /* ColorIdentity+CoreDataProperties.swift */; };
		EEBA873826377B290006C597 /* DeckCard+CoreDataProperties.swift in Sources */ = {isa = PBXBuildFile; fileRef = EEBA872826377B280006C597 /* DeckCard+CoreDataProperties.swift */; };
		EEBA873926377B290006C597 /* CollectionCard+CoreDataProperties.swift in Sources */ = {isa = PBXBuildFile; fileRef = EEBA872926377B280006C597 /* CollectionCard+CoreDataProperties.swift */; };
		EEBA873C26377B290006C597 /* DeckCard+CoreDataClass.swift in Sources */ = {isa = PBXBuildFile; fileRef = EEBA872C26377B280006C597 /* DeckCard+CoreDataClass.swift */; };
		EEBA873D26377B290006C597 /* ForeignDatum.swift in Sources */ = {isa = PBXBuildFile; fileRef = EEBA872D26377B280006C597 /* ForeignDatum.swift */; };
		EEBA873F26377B290006C597 /* CollectionCard+CoreDataClass.swift in Sources */ = {isa = PBXBuildFile; fileRef = EEBA872F26377B290006C597 /* CollectionCard+CoreDataClass.swift */; };
		EEBA874D26377B730006C597 /* Token.swift in Sources */ = {isa = PBXBuildFile; fileRef = EEBA874226377B720006C597 /* Token.swift */; };
		EEBA874E26377B730006C597 /* MTGSet.swift in Sources */ = {isa = PBXBuildFile; fileRef = EEBA874326377B720006C597 /* MTGSet.swift */; };
		EEBA874F26377B730006C597 /* TcgToken.swift in Sources */ = {isa = PBXBuildFile; fileRef = EEBA874426377B720006C597 /* TcgToken.swift */; };
		EEBA875026377B730006C597 /* UpdateSet.swift in Sources */ = {isa = PBXBuildFile; fileRef = EEBA874526377B720006C597 /* UpdateSet.swift */; };
		EEBA875126377B730006C597 /* NonCDSet.swift in Sources */ = {isa = PBXBuildFile; fileRef = EEBA874626377B720006C597 /* NonCDSet.swift */; };
		EEBA875226377B730006C597 /* Meta.swift in Sources */ = {isa = PBXBuildFile; fileRef = EEBA874726377B720006C597 /* Meta.swift */; };
		EEBA875326377B730006C597 /* Ruling.swift in Sources */ = {isa = PBXBuildFile; fileRef = EEBA874826377B720006C597 /* Ruling.swift */; };
		EEBA875426377B730006C597 /* TcgPrices.swift in Sources */ = {isa = PBXBuildFile; fileRef = EEBA874926377B730006C597 /* TcgPrices.swift */; };
		EEBA875526377B730006C597 /* Updates.swift in Sources */ = {isa = PBXBuildFile; fileRef = EEBA874A26377B730006C597 /* Updates.swift */; };
		EEBA875626377B730006C597 /* ScryfallCard.swift in Sources */ = {isa = PBXBuildFile; fileRef = EEBA874B26377B730006C597 /* ScryfallCard.swift */; };
		EEBA875726377B730006C597 /* SetList.swift in Sources */ = {isa = PBXBuildFile; fileRef = EEBA874C26377B730006C597 /* SetList.swift */; };
		EEBA875A26377BD70006C597 /* CardKeyword+CoreDataProperties.swift in Sources */ = {isa = PBXBuildFile; fileRef = EEBA875826377BD60006C597 /* CardKeyword+CoreDataProperties.swift */; };
		EEBA875B26377BD70006C597 /* CardKeyword+CoreDataClass.swift in Sources */ = {isa = PBXBuildFile; fileRef = EEBA875926377BD70006C597 /* CardKeyword+CoreDataClass.swift */; };
		EEBA875E26377C590006C597 /* Settings.storyboard in Resources */ = {isa = PBXBuildFile; fileRef = EEBA875C26377C590006C597 /* Settings.storyboard */; };
		EEBA875F26377C590006C597 /* SettingsTableViewController.swift in Sources */ = {isa = PBXBuildFile; fileRef = EEBA875D26377C590006C597 /* SettingsTableViewController.swift */; };
		EEBA876226377EEA0006C597 /* Deck.storyboard in Resources */ = {isa = PBXBuildFile; fileRef = EEBA876026377EEA0006C597 /* Deck.storyboard */; };
		EEBA876326377EEA0006C597 /* DeckTableViewController.swift in Sources */ = {isa = PBXBuildFile; fileRef = EEBA876126377EEA0006C597 /* DeckTableViewController.swift */; };
		EEBA876626377F200006C597 /* Collection.storyboard in Resources */ = {isa = PBXBuildFile; fileRef = EEBA876426377F1F0006C597 /* Collection.storyboard */; };
		EEBA876726377F200006C597 /* CollectionTableViewController.swift in Sources */ = {isa = PBXBuildFile; fileRef = EEBA876526377F200006C597 /* CollectionTableViewController.swift */; };
		EEBA876A26377F470006C597 /* DeckStatsTableViewController.swift in Sources */ = {isa = PBXBuildFile; fileRef = EEBA876826377F470006C597 /* DeckStatsTableViewController.swift */; };
		EEBA876B26377F470006C597 /* DeckStats.storyboard in Resources */ = {isa = PBXBuildFile; fileRef = EEBA876926377F470006C597 /* DeckStats.storyboard */; };
		EEBA876D26377FA30006C597 /* CollectionTableViewCell.swift in Sources */ = {isa = PBXBuildFile; fileRef = EEBA876C26377FA30006C597 /* CollectionTableViewCell.swift */; };
		EEBA8777263780130006C597 /* SunburstView.swift in Sources */ = {isa = PBXBuildFile; fileRef = EEBA876F263780120006C597 /* SunburstView.swift */; };
		EEBA8778263780130006C597 /* ArcView.swift in Sources */ = {isa = PBXBuildFile; fileRef = EEBA8770263780120006C597 /* ArcView.swift */; };
		EEBA8779263780130006C597 /* DeckLegalities.swift in Sources */ = {isa = PBXBuildFile; fileRef = EEBA8771263780120006C597 /* DeckLegalities.swift */; };
		EEBA877A263780130006C597 /* DataModel.swift in Sources */ = {isa = PBXBuildFile; fileRef = EEBA8772263780120006C597 /* DataModel.swift */; };
		EEBA877B263780130006C597 /* DeckStatsView.swift in Sources */ = {isa = PBXBuildFile; fileRef = EEBA8773263780120006C597 /* DeckStatsView.swift */; };
		EEBA877C263780130006C597 /* IfLetView.swift in Sources */ = {isa = PBXBuildFile; fileRef = EEBA8774263780120006C597 /* IfLetView.swift */; };
		EEBA877D263780130006C597 /* BarChart.swift in Sources */ = {isa = PBXBuildFile; fileRef = EEBA8775263780120006C597 /* BarChart.swift */; };
		EEBA877E263780130006C597 /* Sunburst.swift in Sources */ = {isa = PBXBuildFile; fileRef = EEBA8776263780130006C597 /* Sunburst.swift */; };
		EEBA8780263780500006C597 /* TcgPlayerApi.swift in Sources */ = {isa = PBXBuildFile; fileRef = EEBA877F263780500006C597 /* TcgPlayerApi.swift */; };
		EEBA8782263780750006C597 /* GradientView.swift in Sources */ = {isa = PBXBuildFile; fileRef = EEBA8781263780750006C597 /* GradientView.swift */; };
		EEBA8784263780CA0006C597 /* NumberFormatters.swift in Sources */ = {isa = PBXBuildFile; fileRef = EEBA8783263780CA0006C597 /* NumberFormatters.swift */; };
		EEBA8786263781320006C597 /* Filters.swift in Sources */ = {isa = PBXBuildFile; fileRef = EEBA8785263781320006C597 /* Filters.swift */; };
		EEBA8789263781540006C597 /* Filters.storyboard in Resources */ = {isa = PBXBuildFile; fileRef = EEBA8787263781540006C597 /* Filters.storyboard */; };
		EEBA878A263781540006C597 /* FiltersTableViewController.swift in Sources */ = {isa = PBXBuildFile; fileRef = EEBA8788263781540006C597 /* FiltersTableViewController.swift */; };
		EEBB0EDB266827F800189166 /* ContainerViewController.swift in Sources */ = {isa = PBXBuildFile; fileRef = EEBB0EDA266827F800189166 /* ContainerViewController.swift */; };
		EEBB0EDD2669357600189166 /* SearchBar.swift in Sources */ = {isa = PBXBuildFile; fileRef = EEBB0EDC2669357600189166 /* SearchBar.swift */; };
		EEBB0EE1266AB07700189166 /* LaunchScreen.storyboard in Resources */ = {isa = PBXBuildFile; fileRef = EEBB0EE0266AB07700189166 /* LaunchScreen.storyboard */; };
		EECA46A226378635003469FE /* KeywordFilterTableViewController.swift in Sources */ = {isa = PBXBuildFile; fileRef = EECA469E26378635003469FE /* KeywordFilterTableViewController.swift */; };
		EECA46A326378635003469FE /* LegalityFilterTableViewController.swift in Sources */ = {isa = PBXBuildFile; fileRef = EECA469C26378635003469FE /* LegalityFilterTableViewController.swift */; };
		EECA46A426378635003469FE /* SubTypeFilterTableViewController.swift in Sources */ = {isa = PBXBuildFile; fileRef = EECA469F26378635003469FE /* SubTypeFilterTableViewController.swift */; };
		EECA46A526378635003469FE /* SuperTypeFilterTableViewController.swift in Sources */ = {isa = PBXBuildFile; fileRef = EECA46A026378635003469FE /* SuperTypeFilterTableViewController.swift */; };
		EECA46A626378635003469FE /* TypeFilterTableViewController.swift in Sources */ = {isa = PBXBuildFile; fileRef = EECA46A126378635003469FE /* TypeFilterTableViewController.swift */; };
		EECA46A726378635003469FE /* SetFilterTableViewController.swift in Sources */ = {isa = PBXBuildFile; fileRef = EECA469D26378635003469FE /* SetFilterTableViewController.swift */; };
		EECA46AA2637868D003469FE /* NotificationsViewController.swift in Sources */ = {isa = PBXBuildFile; fileRef = EECA46A92637868D003469FE /* NotificationsViewController.swift */; };
		EECA46AC26378770003469FE /* DeckTableViewCell.swift in Sources */ = {isa = PBXBuildFile; fileRef = EECA46AB26378770003469FE /* DeckTableViewCell.swift */; };
		EECA46B6263787D1003469FE /* DeckCardFoilTableViewCell.swift in Sources */ = {isa = PBXBuildFile; fileRef = EECA46AE263787D0003469FE /* DeckCardFoilTableViewCell.swift */; };
		EECA46B7263787D1003469FE /* EditDeck.storyboard in Resources */ = {isa = PBXBuildFile; fileRef = EECA46AF263787D0003469FE /* EditDeck.storyboard */; };
		EECA46B8263787D1003469FE /* EditDeckTableViewController.swift in Sources */ = {isa = PBXBuildFile; fileRef = EECA46B0263787D0003469FE /* EditDeckTableViewController.swift */; };
		EECA46B9263787D1003469FE /* DeckCardSideboardTableViewCell.swift in Sources */ = {isa = PBXBuildFile; fileRef = EECA46B1263787D0003469FE /* DeckCardSideboardTableViewCell.swift */; };
		EECA46BA263787D1003469FE /* EditDeckCard.storyboard in Resources */ = {isa = PBXBuildFile; fileRef = EECA46B2263787D0003469FE /* EditDeckCard.storyboard */; };
		EECA46BB263787D1003469FE /* DeckCardCommanderTableViewCell.swift in Sources */ = {isa = PBXBuildFile; fileRef = EECA46B3263787D0003469FE /* DeckCardCommanderTableViewCell.swift */; };
		EECA46BC263787D1003469FE /* DeckCardQuantityTableViewCell.swift in Sources */ = {isa = PBXBuildFile; fileRef = EECA46B4263787D1003469FE /* DeckCardQuantityTableViewCell.swift */; };
		EECA46BD263787D1003469FE /* EditDeckCardTableViewController.swift in Sources */ = {isa = PBXBuildFile; fileRef = EECA46B5263787D1003469FE /* EditDeckCardTableViewController.swift */; };
		EED485C92616AF7F002A7795 /* AppDelegate.swift in Sources */ = {isa = PBXBuildFile; fileRef = EED485C82616AF7F002A7795 /* AppDelegate.swift */; };
		EED485CB2616AF7F002A7795 /* SceneDelegate.swift in Sources */ = {isa = PBXBuildFile; fileRef = EED485CA2616AF7F002A7795 /* SceneDelegate.swift */; };
		EED485D02616AF7F002A7795 /* Main.storyboard in Resources */ = {isa = PBXBuildFile; fileRef = EED485CE2616AF7F002A7795 /* Main.storyboard */; };
		EED485D52616AF82002A7795 /* Assets.xcassets in Resources */ = {isa = PBXBuildFile; fileRef = EED485D42616AF82002A7795 /* Assets.xcassets */; };
/* End PBXBuildFile section */

/* Begin PBXContainerItemProxy section */
		EE564F5A263B7B9E0036625A /* PBXContainerItemProxy */ = {
			isa = PBXContainerItemProxy;
			containerPortal = EED485BD2616AF7F002A7795 /* Project object */;
			proxyType = 1;
			remoteGlobalIDString = EE564F4A263B7B9D0036625A;
			remoteInfo = RandomCardArtWidgetExtension;
		};
/* End PBXContainerItemProxy section */

/* Begin PBXCopyFilesBuildPhase section */
		EE564F61263B7B9E0036625A /* Embed App Extensions */ = {
			isa = PBXCopyFilesBuildPhase;
			buildActionMask = 2147483647;
			dstPath = "";
			dstSubfolderSpec = 13;
			files = (
				EE564F5C263B7B9E0036625A /* RandomCardArtWidgetExtension.appex in Embed App Extensions */,
			);
			name = "Embed App Extensions";
			runOnlyForDeploymentPostprocessing = 0;
		};
/* End PBXCopyFilesBuildPhase section */

/* Begin PBXFileReference section */
		EE41CF492661916000665129 /* MTGCards.xcdatamodel */ = {isa = PBXFileReference; lastKnownFileType = wrapper.xcdatamodel; path = MTGCards.xcdatamodel; sourceTree = "<group>"; };
		EE41CF4E2662AA9600665129 /* SearchResultsView.swift */ = {isa = PBXFileReference; lastKnownFileType = sourcecode.swift; path = SearchResultsView.swift; sourceTree = "<group>"; };
		EE41CF502662C02F00665129 /* Collection+CoreDataClass.swift */ = {isa = PBXFileReference; lastKnownFileType = sourcecode.swift; path = "Collection+CoreDataClass.swift"; sourceTree = SOURCE_ROOT; };
		EE41CF512662C02F00665129 /* Collection+CoreDataProperties.swift */ = {isa = PBXFileReference; lastKnownFileType = sourcecode.swift; path = "Collection+CoreDataProperties.swift"; sourceTree = SOURCE_ROOT; };
		EE41CF522662C02F00665129 /* Deck+CoreDataClass.swift */ = {isa = PBXFileReference; lastKnownFileType = sourcecode.swift; path = "Deck+CoreDataClass.swift"; sourceTree = SOURCE_ROOT; };
		EE41CF532662C02F00665129 /* Deck+CoreDataProperties.swift */ = {isa = PBXFileReference; lastKnownFileType = sourcecode.swift; path = "Deck+CoreDataProperties.swift"; sourceTree = SOURCE_ROOT; };
		EE41CF782666CD8500665129 /* MainSplitViewViewController.swift */ = {isa = PBXFileReference; lastKnownFileType = sourcecode.swift; path = MainSplitViewViewController.swift; sourceTree = "<group>"; };
		EE4F54FB263773F400D4205D /* CardListTableViewController.swift */ = {isa = PBXFileReference; fileEncoding = 4; lastKnownFileType = sourcecode.swift; path = CardListTableViewController.swift; sourceTree = "<group>"; };
		EE564F25263B76FD0036625A /* CardVC.swift */ = {isa = PBXFileReference; fileEncoding = 4; lastKnownFileType = sourcecode.swift; path = CardVC.swift; sourceTree = "<group>"; };
		EE564F27263B772F0036625A /* CardListTableViewCell.swift */ = {isa = PBXFileReference; fileEncoding = 4; lastKnownFileType = sourcecode.swift; path = CardListTableViewCell.swift; sourceTree = "<group>"; };
		EE564F29263B77F50036625A /* RulingsView.swift */ = {isa = PBXFileReference; fileEncoding = 4; lastKnownFileType = sourcecode.swift; path = RulingsView.swift; sourceTree = "<group>"; };
		EE564F2A263B77F50036625A /* PricesView.swift */ = {isa = PBXFileReference; fileEncoding = 4; lastKnownFileType = sourcecode.swift; path = PricesView.swift; sourceTree = "<group>"; };
		EE564F2B263B77F60036625A /* CardDetailsView.swift */ = {isa = PBXFileReference; fileEncoding = 4; lastKnownFileType = sourcecode.swift; path = CardDetailsView.swift; sourceTree = "<group>"; };
		EE564F2F263B78440036625A /* URLImage.swift */ = {isa = PBXFileReference; fileEncoding = 4; lastKnownFileType = sourcecode.swift; path = URLImage.swift; sourceTree = "<group>"; };
		EE564F31263B785F0036625A /* ImageLoader.swift */ = {isa = PBXFileReference; fileEncoding = 4; lastKnownFileType = sourcecode.swift; path = ImageLoader.swift; sourceTree = "<group>"; };
		EE564F33263B791E0036625A /* Sharing.swift */ = {isa = PBXFileReference; fileEncoding = 4; lastKnownFileType = sourcecode.swift; path = Sharing.swift; sourceTree = "<group>"; };
		EE564F35263B795A0036625A /* DebugBorder.swift */ = {isa = PBXFileReference; fileEncoding = 4; lastKnownFileType = sourcecode.swift; path = DebugBorder.swift; sourceTree = "<group>"; };
		EE564F37263B79970036625A /* Array+Custom.swift */ = {isa = PBXFileReference; fileEncoding = 4; lastKnownFileType = sourcecode.swift; path = "Array+Custom.swift"; sourceTree = "<group>"; };
		EE564F39263B79E30036625A /* SafariActivity.swift */ = {isa = PBXFileReference; fileEncoding = 4; lastKnownFileType = sourcecode.swift; path = SafariActivity.swift; sourceTree = "<group>"; };
		EE564F3B263B7A150036625A /* TCGPricesLoader.swift */ = {isa = PBXFileReference; fileEncoding = 4; lastKnownFileType = sourcecode.swift; path = TCGPricesLoader.swift; sourceTree = "<group>"; };
		EE564F3F263B7A5E0036625A /* UIColor+Custom.swift */ = {isa = PBXFileReference; fileEncoding = 4; lastKnownFileType = sourcecode.swift; path = "UIColor+Custom.swift"; sourceTree = "<group>"; };
		EE564F41263B7A9B0036625A /* Backup.swift */ = {isa = PBXFileReference; fileEncoding = 4; lastKnownFileType = sourcecode.swift; path = Backup.swift; sourceTree = "<group>"; };
		EE564F43263B7ABE0036625A /* Deck+Backup.swift */ = {isa = PBXFileReference; fileEncoding = 4; lastKnownFileType = sourcecode.swift; path = "Deck+Backup.swift"; sourceTree = "<group>"; };
		EE564F45263B7AE10036625A /* String+Custom.swift */ = {isa = PBXFileReference; fileEncoding = 4; lastKnownFileType = sourcecode.swift; path = "String+Custom.swift"; sourceTree = "<group>"; };
		EE564F4B263B7B9D0036625A /* RandomCardArtWidgetExtension.appex */ = {isa = PBXFileReference; explicitFileType = "wrapper.app-extension"; includeInIndex = 0; path = RandomCardArtWidgetExtension.appex; sourceTree = BUILT_PRODUCTS_DIR; };
		EE564F4D263B7B9D0036625A /* WidgetKit.framework */ = {isa = PBXFileReference; lastKnownFileType = wrapper.framework; name = WidgetKit.framework; path = System/Library/Frameworks/WidgetKit.framework; sourceTree = SDKROOT; };
		EE564F4F263B7B9D0036625A /* SwiftUI.framework */ = {isa = PBXFileReference; lastKnownFileType = wrapper.framework; name = SwiftUI.framework; path = System/Library/Frameworks/SwiftUI.framework; sourceTree = SDKROOT; };
		EE564F52263B7B9D0036625A /* RandomCardArtWidget.swift */ = {isa = PBXFileReference; lastKnownFileType = sourcecode.swift; path = RandomCardArtWidget.swift; sourceTree = "<group>"; };
		EE564F54263B7B9D0036625A /* RandomCardArtWidget.intentdefinition */ = {isa = PBXFileReference; lastKnownFileType = file.intentdefinition; path = RandomCardArtWidget.intentdefinition; sourceTree = "<group>"; };
		EE564F55263B7B9E0036625A /* Assets.xcassets */ = {isa = PBXFileReference; lastKnownFileType = folder.assetcatalog; path = Assets.xcassets; sourceTree = "<group>"; };
		EE564F57263B7B9E0036625A /* Info.plist */ = {isa = PBXFileReference; lastKnownFileType = text.plist.xml; path = Info.plist; sourceTree = "<group>"; };
		EE564F5D263B7B9E0036625A /* RandomCardArtWidgetExtension.entitlements */ = {isa = PBXFileReference; lastKnownFileType = text.plist.entitlements; path = RandomCardArtWidgetExtension.entitlements; sourceTree = "<group>"; };
		EE564F62263B7BBA0036625A /* RandomCard.swift */ = {isa = PBXFileReference; fileEncoding = 4; lastKnownFileType = sourcecode.swift; path = RandomCard.swift; sourceTree = "<group>"; };
		EE564F65263B7E260036625A /* CardList.storyboard */ = {isa = PBXFileReference; fileEncoding = 4; lastKnownFileType = file.storyboard; path = CardList.storyboard; sourceTree = "<group>"; };
		EE68B741261FCE0800BCD15F /* ToolbarDelegate.swift */ = {isa = PBXFileReference; lastKnownFileType = sourcecode.swift; path = ToolbarDelegate.swift; sourceTree = "<group>"; };
		EEBA8688263776B00006C597 /* TripleSplitViewController.swift */ = {isa = PBXFileReference; fileEncoding = 4; lastKnownFileType = sourcecode.swift; path = TripleSplitViewController.swift; sourceTree = "<group>"; };
		EEBA868A263776F80006C597 /* SidebarCollectionViewController.swift */ = {isa = PBXFileReference; fileEncoding = 4; lastKnownFileType = sourcecode.swift; path = SidebarCollectionViewController.swift; sourceTree = "<group>"; };
		EEBA868F2637774D0006C597 /* PlaceholderViewController.swift */ = {isa = PBXFileReference; fileEncoding = 4; lastKnownFileType = sourcecode.swift; path = PlaceholderViewController.swift; sourceTree = "<group>"; };
		EEBA8691263777B90006C597 /* PlaceholderView.storyboard */ = {isa = PBXFileReference; fileEncoding = 4; lastKnownFileType = file.storyboard; path = PlaceholderView.storyboard; sourceTree = "<group>"; };
		EEBA8694263778160006C597 /* UserDefaultsHandler.swift */ = {isa = PBXFileReference; fileEncoding = 4; lastKnownFileType = sourcecode.swift; path = UserDefaultsHandler.swift; sourceTree = "<group>"; };
		EEBA8697263778430006C597 /* PageTwoViewController.swift */ = {isa = PBXFileReference; fileEncoding = 4; lastKnownFileType = sourcecode.swift; path = PageTwoViewController.swift; sourceTree = "<group>"; };
		EEBA8698263778430006C597 /* OnboardingPageViewController.swift */ = {isa = PBXFileReference; fileEncoding = 4; lastKnownFileType = sourcecode.swift; path = OnboardingPageViewController.swift; sourceTree = "<group>"; };
		EEBA8699263778430006C597 /* Onboarding.storyboard */ = {isa = PBXFileReference; fileEncoding = 4; lastKnownFileType = file.storyboard; path = Onboarding.storyboard; sourceTree = "<group>"; };
		EEBA869A263778430006C597 /* PageOneViewController.swift */ = {isa = PBXFileReference; fileEncoding = 4; lastKnownFileType = sourcecode.swift; path = PageOneViewController.swift; sourceTree = "<group>"; };
		EEBA869F263778B00006C597 /* RoundButton.swift */ = {isa = PBXFileReference; fileEncoding = 4; lastKnownFileType = sourcecode.swift; path = RoundButton.swift; sourceTree = "<group>"; };
		EEBA86A12637790F0006C597 /* DataManager.swift */ = {isa = PBXFileReference; fileEncoding = 4; lastKnownFileType = sourcecode.swift; path = DataManager.swift; sourceTree = "<group>"; };
		EEBA86A32637792E0006C597 /* CoreDataStack.swift */ = {isa = PBXFileReference; fileEncoding = 4; lastKnownFileType = sourcecode.swift; path = CoreDataStack.swift; sourceTree = "<group>"; };
		EEBA870C26377A5A0006C597 /* Card.swift */ = {isa = PBXFileReference; fileEncoding = 4; lastKnownFileType = sourcecode.swift; path = Card.swift; sourceTree = "<group>"; };
		EEBA871026377AB80006C597 /* CardIdentifiers.swift */ = {isa = PBXFileReference; fileEncoding = 4; lastKnownFileType = sourcecode.swift; path = CardIdentifiers.swift; sourceTree = "<group>"; };
		EEBA871126377AB80006C597 /* CardFrameEffect+CoreDataClass.swift */ = {isa = PBXFileReference; fileEncoding = 4; lastKnownFileType = sourcecode.swift; path = "CardFrameEffect+CoreDataClass.swift"; sourceTree = "<group>"; };
		EEBA871226377AB80006C597 /* CardFrameEffect+CoreDataProperties.swift */ = {isa = PBXFileReference; fileEncoding = 4; lastKnownFileType = sourcecode.swift; path = "CardFrameEffect+CoreDataProperties.swift"; sourceTree = "<group>"; };
		EEBA871626377AEA0006C597 /* CardSupertype+CoreDataClass.swift */ = {isa = PBXFileReference; fileEncoding = 4; lastKnownFileType = sourcecode.swift; path = "CardSupertype+CoreDataClass.swift"; sourceTree = "<group>"; };
		EEBA871726377AEA0006C597 /* CardType+CoreDataClass.swift */ = {isa = PBXFileReference; fileEncoding = 4; lastKnownFileType = sourcecode.swift; path = "CardType+CoreDataClass.swift"; sourceTree = "<group>"; };
		EEBA871826377AEA0006C597 /* CardSubtype+CoreDataClass.swift */ = {isa = PBXFileReference; fileEncoding = 4; lastKnownFileType = sourcecode.swift; path = "CardSubtype+CoreDataClass.swift"; sourceTree = "<group>"; };
		EEBA871926377AEA0006C597 /* CardSubtype+CoreDataProperties.swift */ = {isa = PBXFileReference; fileEncoding = 4; lastKnownFileType = sourcecode.swift; path = "CardSubtype+CoreDataProperties.swift"; sourceTree = "<group>"; };
		EEBA871A26377AEA0006C597 /* CardSupertype+CoreDataProperties.swift */ = {isa = PBXFileReference; fileEncoding = 4; lastKnownFileType = sourcecode.swift; path = "CardSupertype+CoreDataProperties.swift"; sourceTree = "<group>"; };
		EEBA871B26377AEB0006C597 /* CardType+CoreDataProperties.swift */ = {isa = PBXFileReference; fileEncoding = 4; lastKnownFileType = sourcecode.swift; path = "CardType+CoreDataProperties.swift"; sourceTree = "<group>"; };
		EEBA872326377B270006C597 /* ColorIdentity+CoreDataClass.swift */ = {isa = PBXFileReference; fileEncoding = 4; lastKnownFileType = sourcecode.swift; path = "ColorIdentity+CoreDataClass.swift"; sourceTree = "<group>"; };
		EEBA872426377B270006C597 /* Legalities.swift */ = {isa = PBXFileReference; fileEncoding = 4; lastKnownFileType = sourcecode.swift; path = Legalities.swift; sourceTree = "<group>"; };
		EEBA872726377B280006C597 /* ColorIdentity+CoreDataProperties.swift */ = {isa = PBXFileReference; fileEncoding = 4; lastKnownFileType = sourcecode.swift; path = "ColorIdentity+CoreDataProperties.swift"; sourceTree = "<group>"; };
		EEBA872826377B280006C597 /* DeckCard+CoreDataProperties.swift */ = {isa = PBXFileReference; fileEncoding = 4; lastKnownFileType = sourcecode.swift; path = "DeckCard+CoreDataProperties.swift"; sourceTree = "<group>"; };
		EEBA872926377B280006C597 /* CollectionCard+CoreDataProperties.swift */ = {isa = PBXFileReference; fileEncoding = 4; lastKnownFileType = sourcecode.swift; path = "CollectionCard+CoreDataProperties.swift"; sourceTree = "<group>"; };
		EEBA872C26377B280006C597 /* DeckCard+CoreDataClass.swift */ = {isa = PBXFileReference; fileEncoding = 4; lastKnownFileType = sourcecode.swift; path = "DeckCard+CoreDataClass.swift"; sourceTree = "<group>"; };
		EEBA872D26377B280006C597 /* ForeignDatum.swift */ = {isa = PBXFileReference; fileEncoding = 4; lastKnownFileType = sourcecode.swift; path = ForeignDatum.swift; sourceTree = "<group>"; };
		EEBA872F26377B290006C597 /* CollectionCard+CoreDataClass.swift */ = {isa = PBXFileReference; fileEncoding = 4; lastKnownFileType = sourcecode.swift; path = "CollectionCard+CoreDataClass.swift"; sourceTree = "<group>"; };
		EEBA874226377B720006C597 /* Token.swift */ = {isa = PBXFileReference; fileEncoding = 4; lastKnownFileType = sourcecode.swift; path = Token.swift; sourceTree = "<group>"; };
		EEBA874326377B720006C597 /* MTGSet.swift */ = {isa = PBXFileReference; fileEncoding = 4; lastKnownFileType = sourcecode.swift; path = MTGSet.swift; sourceTree = "<group>"; };
		EEBA874426377B720006C597 /* TcgToken.swift */ = {isa = PBXFileReference; fileEncoding = 4; lastKnownFileType = sourcecode.swift; path = TcgToken.swift; sourceTree = "<group>"; };
		EEBA874526377B720006C597 /* UpdateSet.swift */ = {isa = PBXFileReference; fileEncoding = 4; lastKnownFileType = sourcecode.swift; path = UpdateSet.swift; sourceTree = "<group>"; };
		EEBA874626377B720006C597 /* NonCDSet.swift */ = {isa = PBXFileReference; fileEncoding = 4; lastKnownFileType = sourcecode.swift; path = NonCDSet.swift; sourceTree = "<group>"; };
		EEBA874726377B720006C597 /* Meta.swift */ = {isa = PBXFileReference; fileEncoding = 4; lastKnownFileType = sourcecode.swift; path = Meta.swift; sourceTree = "<group>"; };
		EEBA874826377B720006C597 /* Ruling.swift */ = {isa = PBXFileReference; fileEncoding = 4; lastKnownFileType = sourcecode.swift; path = Ruling.swift; sourceTree = "<group>"; };
		EEBA874926377B730006C597 /* TcgPrices.swift */ = {isa = PBXFileReference; fileEncoding = 4; lastKnownFileType = sourcecode.swift; path = TcgPrices.swift; sourceTree = "<group>"; };
		EEBA874A26377B730006C597 /* Updates.swift */ = {isa = PBXFileReference; fileEncoding = 4; lastKnownFileType = sourcecode.swift; path = Updates.swift; sourceTree = "<group>"; };
		EEBA874B26377B730006C597 /* ScryfallCard.swift */ = {isa = PBXFileReference; fileEncoding = 4; lastKnownFileType = sourcecode.swift; path = ScryfallCard.swift; sourceTree = "<group>"; };
		EEBA874C26377B730006C597 /* SetList.swift */ = {isa = PBXFileReference; fileEncoding = 4; lastKnownFileType = sourcecode.swift; path = SetList.swift; sourceTree = "<group>"; };
		EEBA875826377BD60006C597 /* CardKeyword+CoreDataProperties.swift */ = {isa = PBXFileReference; fileEncoding = 4; lastKnownFileType = sourcecode.swift; path = "CardKeyword+CoreDataProperties.swift"; sourceTree = "<group>"; };
		EEBA875926377BD70006C597 /* CardKeyword+CoreDataClass.swift */ = {isa = PBXFileReference; fileEncoding = 4; lastKnownFileType = sourcecode.swift; path = "CardKeyword+CoreDataClass.swift"; sourceTree = "<group>"; };
		EEBA875C26377C590006C597 /* Settings.storyboard */ = {isa = PBXFileReference; fileEncoding = 4; lastKnownFileType = file.storyboard; path = Settings.storyboard; sourceTree = "<group>"; };
		EEBA875D26377C590006C597 /* SettingsTableViewController.swift */ = {isa = PBXFileReference; fileEncoding = 4; lastKnownFileType = sourcecode.swift; path = SettingsTableViewController.swift; sourceTree = "<group>"; };
		EEBA876026377EEA0006C597 /* Deck.storyboard */ = {isa = PBXFileReference; fileEncoding = 4; lastKnownFileType = file.storyboard; path = Deck.storyboard; sourceTree = "<group>"; };
		EEBA876126377EEA0006C597 /* DeckTableViewController.swift */ = {isa = PBXFileReference; fileEncoding = 4; lastKnownFileType = sourcecode.swift; path = DeckTableViewController.swift; sourceTree = "<group>"; };
		EEBA876426377F1F0006C597 /* Collection.storyboard */ = {isa = PBXFileReference; fileEncoding = 4; lastKnownFileType = file.storyboard; path = Collection.storyboard; sourceTree = "<group>"; };
		EEBA876526377F200006C597 /* CollectionTableViewController.swift */ = {isa = PBXFileReference; fileEncoding = 4; lastKnownFileType = sourcecode.swift; path = CollectionTableViewController.swift; sourceTree = "<group>"; };
		EEBA876826377F470006C597 /* DeckStatsTableViewController.swift */ = {isa = PBXFileReference; fileEncoding = 4; lastKnownFileType = sourcecode.swift; path = DeckStatsTableViewController.swift; sourceTree = "<group>"; };
		EEBA876926377F470006C597 /* DeckStats.storyboard */ = {isa = PBXFileReference; fileEncoding = 4; lastKnownFileType = file.storyboard; path = DeckStats.storyboard; sourceTree = "<group>"; };
		EEBA876C26377FA30006C597 /* CollectionTableViewCell.swift */ = {isa = PBXFileReference; fileEncoding = 4; lastKnownFileType = sourcecode.swift; path = CollectionTableViewCell.swift; sourceTree = "<group>"; };
		EEBA876F263780120006C597 /* SunburstView.swift */ = {isa = PBXFileReference; fileEncoding = 4; lastKnownFileType = sourcecode.swift; path = SunburstView.swift; sourceTree = "<group>"; };
		EEBA8770263780120006C597 /* ArcView.swift */ = {isa = PBXFileReference; fileEncoding = 4; lastKnownFileType = sourcecode.swift; path = ArcView.swift; sourceTree = "<group>"; };
		EEBA8771263780120006C597 /* DeckLegalities.swift */ = {isa = PBXFileReference; fileEncoding = 4; lastKnownFileType = sourcecode.swift; path = DeckLegalities.swift; sourceTree = "<group>"; };
		EEBA8772263780120006C597 /* DataModel.swift */ = {isa = PBXFileReference; fileEncoding = 4; lastKnownFileType = sourcecode.swift; path = DataModel.swift; sourceTree = "<group>"; };
		EEBA8773263780120006C597 /* DeckStatsView.swift */ = {isa = PBXFileReference; fileEncoding = 4; lastKnownFileType = sourcecode.swift; path = DeckStatsView.swift; sourceTree = "<group>"; };
		EEBA8774263780120006C597 /* IfLetView.swift */ = {isa = PBXFileReference; fileEncoding = 4; lastKnownFileType = sourcecode.swift; path = IfLetView.swift; sourceTree = "<group>"; };
		EEBA8775263780120006C597 /* BarChart.swift */ = {isa = PBXFileReference; fileEncoding = 4; lastKnownFileType = sourcecode.swift; path = BarChart.swift; sourceTree = "<group>"; };
		EEBA8776263780130006C597 /* Sunburst.swift */ = {isa = PBXFileReference; fileEncoding = 4; lastKnownFileType = sourcecode.swift; path = Sunburst.swift; sourceTree = "<group>"; };
		EEBA877F263780500006C597 /* TcgPlayerApi.swift */ = {isa = PBXFileReference; fileEncoding = 4; lastKnownFileType = sourcecode.swift; path = TcgPlayerApi.swift; sourceTree = "<group>"; };
		EEBA8781263780750006C597 /* GradientView.swift */ = {isa = PBXFileReference; fileEncoding = 4; lastKnownFileType = sourcecode.swift; path = GradientView.swift; sourceTree = "<group>"; };
		EEBA8783263780CA0006C597 /* NumberFormatters.swift */ = {isa = PBXFileReference; lastKnownFileType = sourcecode.swift; path = NumberFormatters.swift; sourceTree = "<group>"; };
		EEBA8785263781320006C597 /* Filters.swift */ = {isa = PBXFileReference; fileEncoding = 4; lastKnownFileType = sourcecode.swift; path = Filters.swift; sourceTree = "<group>"; };
		EEBA8787263781540006C597 /* Filters.storyboard */ = {isa = PBXFileReference; fileEncoding = 4; lastKnownFileType = file.storyboard; path = Filters.storyboard; sourceTree = "<group>"; };
		EEBA8788263781540006C597 /* FiltersTableViewController.swift */ = {isa = PBXFileReference; fileEncoding = 4; lastKnownFileType = sourcecode.swift; path = FiltersTableViewController.swift; sourceTree = "<group>"; };
		EEBB0EDA266827F800189166 /* ContainerViewController.swift */ = {isa = PBXFileReference; lastKnownFileType = sourcecode.swift; path = ContainerViewController.swift; sourceTree = "<group>"; };
		EEBB0EDC2669357600189166 /* SearchBar.swift */ = {isa = PBXFileReference; fileEncoding = 4; lastKnownFileType = sourcecode.swift; path = SearchBar.swift; sourceTree = "<group>"; };
		EEBB0EE0266AB07700189166 /* LaunchScreen.storyboard */ = {isa = PBXFileReference; fileEncoding = 4; lastKnownFileType = file.storyboard; path = LaunchScreen.storyboard; sourceTree = "<group>"; };
		EECA469C26378635003469FE /* LegalityFilterTableViewController.swift */ = {isa = PBXFileReference; lastKnownFileType = sourcecode.swift; path = LegalityFilterTableViewController.swift; sourceTree = "<group>"; };
		EECA469D26378635003469FE /* SetFilterTableViewController.swift */ = {isa = PBXFileReference; lastKnownFileType = sourcecode.swift; path = SetFilterTableViewController.swift; sourceTree = "<group>"; };
		EECA469E26378635003469FE /* KeywordFilterTableViewController.swift */ = {isa = PBXFileReference; lastKnownFileType = sourcecode.swift; path = KeywordFilterTableViewController.swift; sourceTree = "<group>"; };
		EECA469F26378635003469FE /* SubTypeFilterTableViewController.swift */ = {isa = PBXFileReference; lastKnownFileType = sourcecode.swift; path = SubTypeFilterTableViewController.swift; sourceTree = "<group>"; };
		EECA46A026378635003469FE /* SuperTypeFilterTableViewController.swift */ = {isa = PBXFileReference; lastKnownFileType = sourcecode.swift; path = SuperTypeFilterTableViewController.swift; sourceTree = "<group>"; };
		EECA46A126378635003469FE /* TypeFilterTableViewController.swift */ = {isa = PBXFileReference; lastKnownFileType = sourcecode.swift; path = TypeFilterTableViewController.swift; sourceTree = "<group>"; };
		EECA46A92637868D003469FE /* NotificationsViewController.swift */ = {isa = PBXFileReference; fileEncoding = 4; lastKnownFileType = sourcecode.swift; path = NotificationsViewController.swift; sourceTree = "<group>"; };
		EECA46AB26378770003469FE /* DeckTableViewCell.swift */ = {isa = PBXFileReference; fileEncoding = 4; lastKnownFileType = sourcecode.swift; path = DeckTableViewCell.swift; sourceTree = "<group>"; };
		EECA46AE263787D0003469FE /* DeckCardFoilTableViewCell.swift */ = {isa = PBXFileReference; fileEncoding = 4; lastKnownFileType = sourcecode.swift; path = DeckCardFoilTableViewCell.swift; sourceTree = "<group>"; };
		EECA46AF263787D0003469FE /* EditDeck.storyboard */ = {isa = PBXFileReference; fileEncoding = 4; lastKnownFileType = file.storyboard; path = EditDeck.storyboard; sourceTree = "<group>"; };
		EECA46B0263787D0003469FE /* EditDeckTableViewController.swift */ = {isa = PBXFileReference; fileEncoding = 4; lastKnownFileType = sourcecode.swift; path = EditDeckTableViewController.swift; sourceTree = "<group>"; };
		EECA46B1263787D0003469FE /* DeckCardSideboardTableViewCell.swift */ = {isa = PBXFileReference; fileEncoding = 4; lastKnownFileType = sourcecode.swift; path = DeckCardSideboardTableViewCell.swift; sourceTree = "<group>"; };
		EECA46B2263787D0003469FE /* EditDeckCard.storyboard */ = {isa = PBXFileReference; fileEncoding = 4; lastKnownFileType = file.storyboard; path = EditDeckCard.storyboard; sourceTree = "<group>"; };
		EECA46B3263787D0003469FE /* DeckCardCommanderTableViewCell.swift */ = {isa = PBXFileReference; fileEncoding = 4; lastKnownFileType = sourcecode.swift; path = DeckCardCommanderTableViewCell.swift; sourceTree = "<group>"; };
		EECA46B4263787D1003469FE /* DeckCardQuantityTableViewCell.swift */ = {isa = PBXFileReference; fileEncoding = 4; lastKnownFileType = sourcecode.swift; path = DeckCardQuantityTableViewCell.swift; sourceTree = "<group>"; };
		EECA46B5263787D1003469FE /* EditDeckCardTableViewController.swift */ = {isa = PBXFileReference; fileEncoding = 4; lastKnownFileType = sourcecode.swift; path = EditDeckCardTableViewController.swift; sourceTree = "<group>"; };
		EED485C52616AF7F002A7795 /* MTGCards.app */ = {isa = PBXFileReference; explicitFileType = wrapper.application; includeInIndex = 0; path = MTGCards.app; sourceTree = BUILT_PRODUCTS_DIR; };
		EED485C82616AF7F002A7795 /* AppDelegate.swift */ = {isa = PBXFileReference; lastKnownFileType = sourcecode.swift; path = AppDelegate.swift; sourceTree = "<group>"; };
		EED485CA2616AF7F002A7795 /* SceneDelegate.swift */ = {isa = PBXFileReference; lastKnownFileType = sourcecode.swift; path = SceneDelegate.swift; sourceTree = "<group>"; };
		EED485CF2616AF7F002A7795 /* Base */ = {isa = PBXFileReference; lastKnownFileType = file.storyboard; name = Base; path = Base.lproj/Main.storyboard; sourceTree = "<group>"; };
		EED485D42616AF82002A7795 /* Assets.xcassets */ = {isa = PBXFileReference; lastKnownFileType = folder.assetcatalog; path = Assets.xcassets; sourceTree = "<group>"; };
		EED485D92616AF82002A7795 /* Info.plist */ = {isa = PBXFileReference; lastKnownFileType = text.plist.xml; path = Info.plist; sourceTree = "<group>"; };
		EED485E02616AF8B002A7795 /* MTGCards.entitlements */ = {isa = PBXFileReference; lastKnownFileType = text.plist.entitlements; path = MTGCards.entitlements; sourceTree = "<group>"; };
/* End PBXFileReference section */

/* Begin PBXFrameworksBuildPhase section */
		EE564F48263B7B9D0036625A /* Frameworks */ = {
			isa = PBXFrameworksBuildPhase;
			buildActionMask = 2147483647;
			files = (
				EE564F50263B7B9D0036625A /* SwiftUI.framework in Frameworks */,
				EE564F4E263B7B9D0036625A /* WidgetKit.framework in Frameworks */,
			);
			runOnlyForDeploymentPostprocessing = 0;
		};
		EED485C22616AF7F002A7795 /* Frameworks */ = {
			isa = PBXFrameworksBuildPhase;
			buildActionMask = 2147483647;
			files = (
			);
			runOnlyForDeploymentPostprocessing = 0;
		};
/* End PBXFrameworksBuildPhase section */

/* Begin PBXGroup section */
		EE41CF4D2662AA7F00665129 /* Search */ = {
			isa = PBXGroup;
			children = (
				EEBB0EDC2669357600189166 /* SearchBar.swift */,
				EE41CF4E2662AA9600665129 /* SearchResultsView.swift */,
			);
			path = Search;
			sourceTree = "<group>";
		};
		EE4F54F62637739D00D4205D /* View Controllers */ = {
			isa = PBXGroup;
			children = (
				EE564F24263B76E90036625A /* Card */,
				EE564F65263B7E260036625A /* CardList.storyboard */,
				EE564F27263B772F0036625A /* CardListTableViewCell.swift */,
				EE4F54FB263773F400D4205D /* CardListTableViewController.swift */,
				EEBA876426377F1F0006C597 /* Collection.storyboard */,
				EEBA876C26377FA30006C597 /* CollectionTableViewCell.swift */,
				EEBA876526377F200006C597 /* CollectionTableViewController.swift */,
				EEBB0EDA266827F800189166 /* ContainerViewController.swift */,
				EECA46AD26378783003469FE /* Deck */,
				EECA46A82637863F003469FE /* Filter */,
				EE41CF782666CD8500665129 /* MainSplitViewViewController.swift */,
				EEBA8696263778200006C597 /* Onboarding */,
				EEBA8691263777B90006C597 /* PlaceholderView.storyboard */,
				EEBA868F2637774D0006C597 /* PlaceholderViewController.swift */,
				EE41CF4D2662AA7F00665129 /* Search */,
				EEBA875C26377C590006C597 /* Settings.storyboard */,
				EEBA875D26377C590006C597 /* SettingsTableViewController.swift */,
				EEBA868A263776F80006C597 /* SidebarCollectionViewController.swift */,
				EEBA876E26377FDA0006C597 /* SwiftUI */,
				EEBA8688263776B00006C597 /* TripleSplitViewController.swift */,
			);
			path = "View Controllers";
			sourceTree = "<group>";
		};
		EE564F24263B76E90036625A /* Card */ = {
			isa = PBXGroup;
			children = (
				EE564F2B263B77F60036625A /* CardDetailsView.swift */,
				EE564F2A263B77F50036625A /* PricesView.swift */,
				EE564F29263B77F50036625A /* RulingsView.swift */,
				EE564F25263B76FD0036625A /* CardVC.swift */,
			);
			path = Card;
			sourceTree = "<group>";
		};
		EE564F3D263B7A220036625A /* APIs */ = {
			isa = PBXGroup;
			children = (
				EE564F3E263B7A280036625A /* TCGPlayer */,
			);
			path = APIs;
			sourceTree = "<group>";
		};
		EE564F3E263B7A280036625A /* TCGPlayer */ = {
			isa = PBXGroup;
			children = (
				EE564F3B263B7A150036625A /* TCGPricesLoader.swift */,
				EEBA877F263780500006C597 /* TcgPlayerApi.swift */,
			);
			path = TCGPlayer;
			sourceTree = "<group>";
		};
		EE564F4C263B7B9D0036625A /* Frameworks */ = {
			isa = PBXGroup;
			children = (
				EE564F4D263B7B9D0036625A /* WidgetKit.framework */,
				EE564F4F263B7B9D0036625A /* SwiftUI.framework */,
			);
			name = Frameworks;
			sourceTree = "<group>";
		};
		EE564F51263B7B9D0036625A /* RandomCardArtWidget */ = {
			isa = PBXGroup;
			children = (
				EE564F62263B7BBA0036625A /* RandomCard.swift */,
				EE564F52263B7B9D0036625A /* RandomCardArtWidget.swift */,
				EE564F54263B7B9D0036625A /* RandomCardArtWidget.intentdefinition */,
				EE564F55263B7B9E0036625A /* Assets.xcassets */,
				EE564F57263B7B9E0036625A /* Info.plist */,
			);
			path = RandomCardArtWidget;
			sourceTree = "<group>";
		};
		EEBA8693263777FB0006C597 /* Utilities */ = {
			isa = PBXGroup;
			children = (
				EE564F45263B7AE10036625A /* String+Custom.swift */,
				EE564F3F263B7A5E0036625A /* UIColor+Custom.swift */,
				EE564F39263B79E30036625A /* SafariActivity.swift */,
				EE564F37263B79970036625A /* Array+Custom.swift */,
				EE564F35263B795A0036625A /* DebugBorder.swift */,
				EE564F33263B791E0036625A /* Sharing.swift */,
				EE564F31263B785F0036625A /* ImageLoader.swift */,
				EE564F2F263B78440036625A /* URLImage.swift */,
				EEBA8781263780750006C597 /* GradientView.swift */,
				EEBA86A32637792E0006C597 /* CoreDataStack.swift */,
				EEBA86A12637790F0006C597 /* DataManager.swift */,
				EEBA869F263778B00006C597 /* RoundButton.swift */,
				EEBA8694263778160006C597 /* UserDefaultsHandler.swift */,
				EEBA8783263780CA0006C597 /* NumberFormatters.swift */,
			);
			path = Utilities;
			sourceTree = "<group>";
		};
		EEBA8696263778200006C597 /* Onboarding */ = {
			isa = PBXGroup;
			children = (
				EECA46A92637868D003469FE /* NotificationsViewController.swift */,
				EEBA8699263778430006C597 /* Onboarding.storyboard */,
				EEBA8698263778430006C597 /* OnboardingPageViewController.swift */,
				EEBA869A263778430006C597 /* PageOneViewController.swift */,
				EEBA8697263778430006C597 /* PageTwoViewController.swift */,
			);
			path = Onboarding;
			sourceTree = "<group>";
		};
		EEBA86A5263779370006C597 /* Model */ = {
			isa = PBXGroup;
			children = (
				EE564F41263B7A9B0036625A /* Backup.swift */,
				EEBA870C26377A5A0006C597 /* Card.swift */,
				EEBA871126377AB80006C597 /* CardFrameEffect+CoreDataClass.swift */,
				EEBA871226377AB80006C597 /* CardFrameEffect+CoreDataProperties.swift */,
				EEBA871026377AB80006C597 /* CardIdentifiers.swift */,
				EEBA875926377BD70006C597 /* CardKeyword+CoreDataClass.swift */,
				EEBA875826377BD60006C597 /* CardKeyword+CoreDataProperties.swift */,
				EEBA871826377AEA0006C597 /* CardSubtype+CoreDataClass.swift */,
				EEBA871926377AEA0006C597 /* CardSubtype+CoreDataProperties.swift */,
				EEBA871626377AEA0006C597 /* CardSupertype+CoreDataClass.swift */,
				EEBA871A26377AEA0006C597 /* CardSupertype+CoreDataProperties.swift */,
				EEBA871726377AEA0006C597 /* CardType+CoreDataClass.swift */,
				EEBA871B26377AEB0006C597 /* CardType+CoreDataProperties.swift */,
				EE41CF502662C02F00665129 /* Collection+CoreDataClass.swift */,
				EE41CF512662C02F00665129 /* Collection+CoreDataProperties.swift */,
				EEBA872F26377B290006C597 /* CollectionCard+CoreDataClass.swift */,
				EEBA872926377B280006C597 /* CollectionCard+CoreDataProperties.swift */,
				EEBA872326377B270006C597 /* ColorIdentity+CoreDataClass.swift */,
				EEBA872726377B280006C597 /* ColorIdentity+CoreDataProperties.swift */,
				EE564F43263B7ABE0036625A /* Deck+Backup.swift */,
				EE41CF522662C02F00665129 /* Deck+CoreDataClass.swift */,
				EE41CF532662C02F00665129 /* Deck+CoreDataProperties.swift */,
				EEBA872C26377B280006C597 /* DeckCard+CoreDataClass.swift */,
				EEBA872826377B280006C597 /* DeckCard+CoreDataProperties.swift */,
				EEBA8785263781320006C597 /* Filters.swift */,
				EEBA872D26377B280006C597 /* ForeignDatum.swift */,
				EEBA872426377B270006C597 /* Legalities.swift */,
				EEBA874726377B720006C597 /* Meta.swift */,
				EEBA874326377B720006C597 /* MTGSet.swift */,
				EEBA874626377B720006C597 /* NonCDSet.swift */,
				EEBA874826377B720006C597 /* Ruling.swift */,
				EEBA874B26377B730006C597 /* ScryfallCard.swift */,
				EEBA874C26377B730006C597 /* SetList.swift */,
				EEBA874926377B730006C597 /* TcgPrices.swift */,
				EEBA874426377B720006C597 /* TcgToken.swift */,
				EEBA874226377B720006C597 /* Token.swift */,
				EEBA874A26377B730006C597 /* Updates.swift */,
				EEBA874526377B720006C597 /* UpdateSet.swift */,
			);
			path = Model;
			sourceTree = "<group>";
		};
		EEBA876E26377FDA0006C597 /* SwiftUI */ = {
			isa = PBXGroup;
			children = (
				EEBA8770263780120006C597 /* ArcView.swift */,
				EEBA8775263780120006C597 /* BarChart.swift */,
				EEBA8772263780120006C597 /* DataModel.swift */,
				EEBA8771263780120006C597 /* DeckLegalities.swift */,
				EEBA8773263780120006C597 /* DeckStatsView.swift */,
				EEBA8774263780120006C597 /* IfLetView.swift */,
				EEBA8776263780130006C597 /* Sunburst.swift */,
				EEBA876F263780120006C597 /* SunburstView.swift */,
			);
			path = SwiftUI;
			sourceTree = "<group>";
		};
		EECA46A82637863F003469FE /* Filter */ = {
			isa = PBXGroup;
			children = (
				EEBA8787263781540006C597 /* Filters.storyboard */,
				EEBA8788263781540006C597 /* FiltersTableViewController.swift */,
				EECA469E26378635003469FE /* KeywordFilterTableViewController.swift */,
				EECA469C26378635003469FE /* LegalityFilterTableViewController.swift */,
				EECA469D26378635003469FE /* SetFilterTableViewController.swift */,
				EECA469F26378635003469FE /* SubTypeFilterTableViewController.swift */,
				EECA46A026378635003469FE /* SuperTypeFilterTableViewController.swift */,
				EECA46A126378635003469FE /* TypeFilterTableViewController.swift */,
			);
			path = Filter;
			sourceTree = "<group>";
		};
		EECA46AD26378783003469FE /* Deck */ = {
			isa = PBXGroup;
			children = (
				EECA46B3263787D0003469FE /* DeckCardCommanderTableViewCell.swift */,
				EECA46AE263787D0003469FE /* DeckCardFoilTableViewCell.swift */,
				EECA46B4263787D1003469FE /* DeckCardQuantityTableViewCell.swift */,
				EECA46B1263787D0003469FE /* DeckCardSideboardTableViewCell.swift */,
				EECA46AF263787D0003469FE /* EditDeck.storyboard */,
				EECA46B2263787D0003469FE /* EditDeckCard.storyboard */,
				EECA46B5263787D1003469FE /* EditDeckCardTableViewController.swift */,
				EECA46B0263787D0003469FE /* EditDeckTableViewController.swift */,
				EEBA876026377EEA0006C597 /* Deck.storyboard */,
				EEBA876926377F470006C597 /* DeckStats.storyboard */,
				EEBA876826377F470006C597 /* DeckStatsTableViewController.swift */,
				EECA46AB26378770003469FE /* DeckTableViewCell.swift */,
				EEBA876126377EEA0006C597 /* DeckTableViewController.swift */,
			);
			path = Deck;
			sourceTree = "<group>";
		};
		EED485BC2616AF7F002A7795 = {
			isa = PBXGroup;
			children = (
				EE564F5D263B7B9E0036625A /* RandomCardArtWidgetExtension.entitlements */,
				EED485C72616AF7F002A7795 /* MTGCards */,
				EE564F51263B7B9D0036625A /* RandomCardArtWidget */,
				EE564F4C263B7B9D0036625A /* Frameworks */,
				EED485C62616AF7F002A7795 /* Products */,
			);
			sourceTree = "<group>";
		};
		EED485C62616AF7F002A7795 /* Products */ = {
			isa = PBXGroup;
			children = (
				EED485C52616AF7F002A7795 /* MTGCards.app */,
				EE564F4B263B7B9D0036625A /* RandomCardArtWidgetExtension.appex */,
			);
			name = Products;
			sourceTree = "<group>";
		};
		EED485C72616AF7F002A7795 /* MTGCards */ = {
			isa = PBXGroup;
			children = (
				EEBB0EE0266AB07700189166 /* LaunchScreen.storyboard */,
				EE564F3D263B7A220036625A /* APIs */,
				EED485C82616AF7F002A7795 /* AppDelegate.swift */,
				EED485D42616AF82002A7795 /* Assets.xcassets */,
				EED485D92616AF82002A7795 /* Info.plist */,
				EED485CE2616AF7F002A7795 /* Main.storyboard */,
				EEBA86A5263779370006C597 /* Model */,
				EED485E02616AF8B002A7795 /* MTGCards.entitlements */,
				EE41CF482661916000665129 /* MTGCards.xcdatamodeld */,
				EED485CA2616AF7F002A7795 /* SceneDelegate.swift */,
				EE68B741261FCE0800BCD15F /* ToolbarDelegate.swift */,
				EEBA8693263777FB0006C597 /* Utilities */,
				EE4F54F62637739D00D4205D /* View Controllers */,
			);
			path = MTGCards;
			sourceTree = "<group>";
		};
/* End PBXGroup section */

/* Begin PBXNativeTarget section */
		EE564F4A263B7B9D0036625A /* RandomCardArtWidgetExtension */ = {
			isa = PBXNativeTarget;
			buildConfigurationList = EE564F5E263B7B9E0036625A /* Build configuration list for PBXNativeTarget "RandomCardArtWidgetExtension" */;
			buildPhases = (
				EE564F47263B7B9D0036625A /* Sources */,
				EE564F48263B7B9D0036625A /* Frameworks */,
				EE564F49263B7B9D0036625A /* Resources */,
			);
			buildRules = (
			);
			dependencies = (
			);
			name = RandomCardArtWidgetExtension;
			productName = RandomCardArtWidgetExtension;
			productReference = EE564F4B263B7B9D0036625A /* RandomCardArtWidgetExtension.appex */;
			productType = "com.apple.product-type.app-extension";
		};
		EED485C42616AF7F002A7795 /* MTGCards */ = {
			isa = PBXNativeTarget;
			buildConfigurationList = EED485DC2616AF82002A7795 /* Build configuration list for PBXNativeTarget "MTGCards" */;
			buildPhases = (
				EED485C12616AF7F002A7795 /* Sources */,
				EED485C22616AF7F002A7795 /* Frameworks */,
				EED485C32616AF7F002A7795 /* Resources */,
				EE564F61263B7B9E0036625A /* Embed App Extensions */,
			);
			buildRules = (
			);
			dependencies = (
				EE564F5B263B7B9E0036625A /* PBXTargetDependency */,
			);
			name = MTGCards;
			productName = MTGCards;
			productReference = EED485C52616AF7F002A7795 /* MTGCards.app */;
			productType = "com.apple.product-type.application";
		};
/* End PBXNativeTarget section */

/* Begin PBXProject section */
		EED485BD2616AF7F002A7795 /* Project object */ = {
			isa = PBXProject;
			attributes = {
				LastSwiftUpdateCheck = 1250;
				LastUpgradeCheck = 1240;
				TargetAttributes = {
					EE564F4A263B7B9D0036625A = {
						CreatedOnToolsVersion = 12.5;
					};
					EED485C42616AF7F002A7795 = {
						CreatedOnToolsVersion = 12.4;
					};
				};
			};
			buildConfigurationList = EED485C02616AF7F002A7795 /* Build configuration list for PBXProject "MTGCards" */;
			compatibilityVersion = "Xcode 9.3";
			developmentRegion = en;
			hasScannedForEncodings = 0;
			knownRegions = (
				en,
				Base,
			);
			mainGroup = EED485BC2616AF7F002A7795;
			productRefGroup = EED485C62616AF7F002A7795 /* Products */;
			projectDirPath = "";
			projectRoot = "";
			targets = (
				EED485C42616AF7F002A7795 /* MTGCards */,
				EE564F4A263B7B9D0036625A /* RandomCardArtWidgetExtension */,
			);
		};
/* End PBXProject section */

/* Begin PBXResourcesBuildPhase section */
		EE564F49263B7B9D0036625A /* Resources */ = {
			isa = PBXResourcesBuildPhase;
			buildActionMask = 2147483647;
			files = (
				EE564F56263B7B9E0036625A /* Assets.xcassets in Resources */,
			);
			runOnlyForDeploymentPostprocessing = 0;
		};
		EED485C32616AF7F002A7795 /* Resources */ = {
			isa = PBXResourcesBuildPhase;
			buildActionMask = 2147483647;
			files = (
				EEBA876626377F200006C597 /* Collection.storyboard in Resources */,
				EEBA869D263778430006C597 /* Onboarding.storyboard in Resources */,
				EED485D52616AF82002A7795 /* Assets.xcassets in Resources */,
				EEBA875E26377C590006C597 /* Settings.storyboard in Resources */,
				EE564F66263B7E260036625A /* CardList.storyboard in Resources */,
				EECA46BA263787D1003469FE /* EditDeckCard.storyboard in Resources */,
				EED485D02616AF7F002A7795 /* Main.storyboard in Resources */,
				EEBB0EE1266AB07700189166 /* LaunchScreen.storyboard in Resources */,
				EEBA876226377EEA0006C597 /* Deck.storyboard in Resources */,
				EEBA8692263777B90006C597 /* PlaceholderView.storyboard in Resources */,
				EEBA8789263781540006C597 /* Filters.storyboard in Resources */,
				EEBA876B26377F470006C597 /* DeckStats.storyboard in Resources */,
				EECA46B7263787D1003469FE /* EditDeck.storyboard in Resources */,
			);
			runOnlyForDeploymentPostprocessing = 0;
		};
/* End PBXResourcesBuildPhase section */

/* Begin PBXSourcesBuildPhase section */
		EE564F47263B7B9D0036625A /* Sources */ = {
			isa = PBXSourcesBuildPhase;
			buildActionMask = 2147483647;
			files = (
				EE564F53263B7B9D0036625A /* RandomCardArtWidget.swift in Sources */,
				EE564F64263B7D3E0036625A /* RandomCard.swift in Sources */,
				EE564F58263B7B9E0036625A /* RandomCardArtWidget.intentdefinition in Sources */,
			);
			runOnlyForDeploymentPostprocessing = 0;
		};
		EED485C12616AF7F002A7795 /* Sources */ = {
			isa = PBXSourcesBuildPhase;
			buildActionMask = 2147483647;
			files = (
				EEBA875326377B730006C597 /* Ruling.swift in Sources */,
				EEBB0EDD2669357600189166 /* SearchBar.swift in Sources */,
				EEBA875426377B730006C597 /* TcgPrices.swift in Sources */,
				EEBA877A263780130006C597 /* DataModel.swift in Sources */,
				EEBA873C26377B290006C597 /* DeckCard+CoreDataClass.swift in Sources */,
				EEBA871426377AB80006C597 /* CardFrameEffect+CoreDataClass.swift in Sources */,
				EE564F36263B795A0036625A /* DebugBorder.swift in Sources */,
				EEBA86A42637792E0006C597 /* CoreDataStack.swift in Sources */,
				EEBA870F26377A5A0006C597 /* Card.swift in Sources */,
				EECA46AC26378770003469FE /* DeckTableViewCell.swift in Sources */,
				EECA46A726378635003469FE /* SetFilterTableViewController.swift in Sources */,
				EEBA873326377B290006C597 /* ColorIdentity+CoreDataClass.swift in Sources */,
				EEBA875626377B730006C597 /* ScryfallCard.swift in Sources */,
				EECA46B8263787D1003469FE /* EditDeckTableViewController.swift in Sources */,
				EE564F26263B76FD0036625A /* CardVC.swift in Sources */,
				EEBA877E263780130006C597 /* Sunburst.swift in Sources */,
				EEBA869E263778430006C597 /* PageOneViewController.swift in Sources */,
				EE41CF4F2662AA9600665129 /* SearchResultsView.swift in Sources */,
				EEBA877C263780130006C597 /* IfLetView.swift in Sources */,
				EEBA871E26377AEB0006C597 /* CardSubtype+CoreDataClass.swift in Sources */,
				EE564F2D263B77F60036625A /* PricesView.swift in Sources */,
				EE41CF552662C03000665129 /* Collection+CoreDataProperties.swift in Sources */,
				EEBA875226377B730006C597 /* Meta.swift in Sources */,
				EECA46A226378635003469FE /* KeywordFilterTableViewController.swift in Sources */,
				EEBA874E26377B730006C597 /* MTGSet.swift in Sources */,
				EEBA873726377B290006C597 /* ColorIdentity+CoreDataProperties.swift in Sources */,
				EE41CF792666CD8600665129 /* MainSplitViewViewController.swift in Sources */,
				EECA46AA2637868D003469FE /* NotificationsViewController.swift in Sources */,
				EED485C92616AF7F002A7795 /* AppDelegate.swift in Sources */,
				EEBB0EDB266827F800189166 /* ContainerViewController.swift in Sources */,
				EEBA8780263780500006C597 /* TcgPlayerApi.swift in Sources */,
				EEBA876726377F200006C597 /* CollectionTableViewController.swift in Sources */,
				EEBA875526377B730006C597 /* Updates.swift in Sources */,
				EEBA875026377B730006C597 /* UpdateSet.swift in Sources */,
				EECA46BC263787D1003469FE /* DeckCardQuantityTableViewCell.swift in Sources */,
				EEBA877B263780130006C597 /* DeckStatsView.swift in Sources */,
				EEBA8778263780130006C597 /* ArcView.swift in Sources */,
				EE564F40263B7A5E0036625A /* UIColor+Custom.swift in Sources */,
				EECA46A326378635003469FE /* LegalityFilterTableViewController.swift in Sources */,
				EEBA8695263778160006C597 /* UserDefaultsHandler.swift in Sources */,
				EE564F34263B791E0036625A /* Sharing.swift in Sources */,
				EEBA872026377AEB0006C597 /* CardSupertype+CoreDataProperties.swift in Sources */,
				EE564F3C263B7A150036625A /* TCGPricesLoader.swift in Sources */,
				EEBA873926377B290006C597 /* CollectionCard+CoreDataProperties.swift in Sources */,
				EE41CF572662C03000665129 /* Deck+CoreDataProperties.swift in Sources */,
				EE564F28263B772F0036625A /* CardListTableViewCell.swift in Sources */,
				EEBA8786263781320006C597 /* Filters.swift in Sources */,
				EE564F3A263B79E30036625A /* SafariActivity.swift in Sources */,
				EEBA875126377B730006C597 /* NonCDSet.swift in Sources */,
				EE564F44263B7ABE0036625A /* Deck+Backup.swift in Sources */,
				EEBA8779263780130006C597 /* DeckLegalities.swift in Sources */,
				EEBA873F26377B290006C597 /* CollectionCard+CoreDataClass.swift in Sources */,
				EEBA86A22637790F0006C597 /* DataManager.swift in Sources */,
				EE564F2C263B77F60036625A /* RulingsView.swift in Sources */,
				EEBA875F26377C590006C597 /* SettingsTableViewController.swift in Sources */,
				EEBA871D26377AEB0006C597 /* CardType+CoreDataClass.swift in Sources */,
				EEBA873D26377B290006C597 /* ForeignDatum.swift in Sources */,
				EE564F2E263B77F60036625A /* CardDetailsView.swift in Sources */,
				EE564F38263B79970036625A /* Array+Custom.swift in Sources */,
				EEBA876A26377F470006C597 /* DeckStatsTableViewController.swift in Sources */,
				EECA46A526378635003469FE /* SuperTypeFilterTableViewController.swift in Sources */,
				EEBA869B263778430006C597 /* PageTwoViewController.swift in Sources */,
				EEBA872126377AEB0006C597 /* CardType+CoreDataProperties.swift in Sources */,
				EECA46A426378635003469FE /* SubTypeFilterTableViewController.swift in Sources */,
				EEBA873426377B290006C597 /* Legalities.swift in Sources */,
				EEBA871526377AB80006C597 /* CardFrameEffect+CoreDataProperties.swift in Sources */,
				EEBA871F26377AEB0006C597 /* CardSubtype+CoreDataProperties.swift in Sources */,
				EE41CF562662C03000665129 /* Deck+CoreDataClass.swift in Sources */,
				EEBA871C26377AEB0006C597 /* CardSupertype+CoreDataClass.swift in Sources */,
				EEBA8689263776B00006C597 /* TripleSplitViewController.swift in Sources */,
				EECA46BB263787D1003469FE /* DeckCardCommanderTableViewCell.swift in Sources */,
				EEBA876326377EEA0006C597 /* DeckTableViewController.swift in Sources */,
				EE41CF4C2661936E00665129 /* MTGCards.xcdatamodeld in Sources */,
				EEBA871326377AB80006C597 /* CardIdentifiers.swift in Sources */,
				EECA46A626378635003469FE /* TypeFilterTableViewController.swift in Sources */,
				EEBA873826377B290006C597 /* DeckCard+CoreDataProperties.swift in Sources */,
				EEBA877D263780130006C597 /* BarChart.swift in Sources */,
				EEBA878A263781540006C597 /* FiltersTableViewController.swift in Sources */,
				EEBA86A0263778B00006C597 /* RoundButton.swift in Sources */,
				EEBA874D26377B730006C597 /* Token.swift in Sources */,
				EECA46B6263787D1003469FE /* DeckCardFoilTableViewCell.swift in Sources */,
				EECA46B9263787D1003469FE /* DeckCardSideboardTableViewCell.swift in Sources */,
				EEBA868B263776F80006C597 /* SidebarCollectionViewController.swift in Sources */,
				EE41CF542662C03000665129 /* Collection+CoreDataClass.swift in Sources */,
				EE564F46263B7AE10036625A /* String+Custom.swift in Sources */,
				EEBA875726377B730006C597 /* SetList.swift in Sources */,
				EEBA8784263780CA0006C597 /* NumberFormatters.swift in Sources */,
				EEBA875A26377BD70006C597 /* CardKeyword+CoreDataProperties.swift in Sources */,
				EE564F32263B785F0036625A /* ImageLoader.swift in Sources */,
				EECA46BD263787D1003469FE /* EditDeckCardTableViewController.swift in Sources */,
				EEBA8777263780130006C597 /* SunburstView.swift in Sources */,
				EEBA86902637774D0006C597 /* PlaceholderViewController.swift in Sources */,
				EE4F54FC263773F400D4205D /* CardListTableViewController.swift in Sources */,
				EEBA875B26377BD70006C597 /* CardKeyword+CoreDataClass.swift in Sources */,
				EEBA876D26377FA30006C597 /* CollectionTableViewCell.swift in Sources */,
				EED485CB2616AF7F002A7795 /* SceneDelegate.swift in Sources */,
				EE68B742261FCE0800BCD15F /* ToolbarDelegate.swift in Sources */,
				EEBA8782263780750006C597 /* GradientView.swift in Sources */,
				EEBA874F26377B730006C597 /* TcgToken.swift in Sources */,
				EE564F42263B7A9B0036625A /* Backup.swift in Sources */,
				EEBA869C263778430006C597 /* OnboardingPageViewController.swift in Sources */,
				EE0BECAC26584532006A0C43 /* RandomCardArtWidget.intentdefinition in Sources */,
				EE564F30263B78440036625A /* URLImage.swift in Sources */,
			);
			runOnlyForDeploymentPostprocessing = 0;
		};
/* End PBXSourcesBuildPhase section */

/* Begin PBXTargetDependency section */
		EE564F5B263B7B9E0036625A /* PBXTargetDependency */ = {
			isa = PBXTargetDependency;
			target = EE564F4A263B7B9D0036625A /* RandomCardArtWidgetExtension */;
			targetProxy = EE564F5A263B7B9E0036625A /* PBXContainerItemProxy */;
		};
/* End PBXTargetDependency section */

/* Begin PBXVariantGroup section */
		EED485CE2616AF7F002A7795 /* Main.storyboard */ = {
			isa = PBXVariantGroup;
			children = (
				EED485CF2616AF7F002A7795 /* Base */,
			);
			name = Main.storyboard;
			sourceTree = "<group>";
		};
/* End PBXVariantGroup section */

/* Begin XCBuildConfiguration section */
		EE564F5F263B7B9E0036625A /* Debug */ = {
			isa = XCBuildConfiguration;
			buildSettings = {
				ASSETCATALOG_COMPILER_GLOBAL_ACCENT_COLOR_NAME = AccentColor;
				ASSETCATALOG_COMPILER_WIDGET_BACKGROUND_COLOR_NAME = WidgetBackground;
				CODE_SIGN_ENTITLEMENTS = RandomCardArtWidgetExtension.entitlements;
				CODE_SIGN_STYLE = Automatic;
				CURRENT_PROJECT_VERSION = 16;
				DEVELOPMENT_TEAM = JANZDS5D43;
				INFOPLIST_FILE = RandomCardArtWidget/Info.plist;
				IPHONEOS_DEPLOYMENT_TARGET = 14.5;
				LD_RUNPATH_SEARCH_PATHS = (
					"$(inherited)",
					"@executable_path/Frameworks",
					"@executable_path/../../Frameworks",
				);
				PRODUCT_BUNDLE_IDENTIFIER = com.roboticsnailsoftware.MTGCollection.RandomCardArtWidget;
				PRODUCT_NAME = "$(TARGET_NAME)";
				SKIP_INSTALL = YES;
				SUPPORTS_MACCATALYST = YES;
				SWIFT_VERSION = 5.0;
				TARGETED_DEVICE_FAMILY = "1,2,6";
			};
			name = Debug;
		};
		EE564F60263B7B9E0036625A /* Release */ = {
			isa = XCBuildConfiguration;
			buildSettings = {
				ASSETCATALOG_COMPILER_GLOBAL_ACCENT_COLOR_NAME = AccentColor;
				ASSETCATALOG_COMPILER_WIDGET_BACKGROUND_COLOR_NAME = WidgetBackground;
				CODE_SIGN_ENTITLEMENTS = RandomCardArtWidgetExtension.entitlements;
				CODE_SIGN_STYLE = Automatic;
				CURRENT_PROJECT_VERSION = 16;
				DEVELOPMENT_TEAM = JANZDS5D43;
				INFOPLIST_FILE = RandomCardArtWidget/Info.plist;
				IPHONEOS_DEPLOYMENT_TARGET = 14.5;
				LD_RUNPATH_SEARCH_PATHS = (
					"$(inherited)",
					"@executable_path/Frameworks",
					"@executable_path/../../Frameworks",
				);
				PRODUCT_BUNDLE_IDENTIFIER = com.roboticsnailsoftware.MTGCollection.RandomCardArtWidget;
				PRODUCT_NAME = "$(TARGET_NAME)";
				SKIP_INSTALL = YES;
				SUPPORTS_MACCATALYST = YES;
				SWIFT_VERSION = 5.0;
				TARGETED_DEVICE_FAMILY = "1,2,6";
			};
			name = Release;
		};
		EED485DA2616AF82002A7795 /* Debug */ = {
			isa = XCBuildConfiguration;
			buildSettings = {
				ALWAYS_SEARCH_USER_PATHS = NO;
				CLANG_ANALYZER_NONNULL = YES;
				CLANG_ANALYZER_NUMBER_OBJECT_CONVERSION = YES_AGGRESSIVE;
				CLANG_CXX_LANGUAGE_STANDARD = "gnu++14";
				CLANG_CXX_LIBRARY = "libc++";
				CLANG_ENABLE_MODULES = YES;
				CLANG_ENABLE_OBJC_ARC = YES;
				CLANG_ENABLE_OBJC_WEAK = YES;
				CLANG_WARN_BLOCK_CAPTURE_AUTORELEASING = YES;
				CLANG_WARN_BOOL_CONVERSION = YES;
				CLANG_WARN_COMMA = YES;
				CLANG_WARN_CONSTANT_CONVERSION = YES;
				CLANG_WARN_DEPRECATED_OBJC_IMPLEMENTATIONS = YES;
				CLANG_WARN_DIRECT_OBJC_ISA_USAGE = YES_ERROR;
				CLANG_WARN_DOCUMENTATION_COMMENTS = YES;
				CLANG_WARN_EMPTY_BODY = YES;
				CLANG_WARN_ENUM_CONVERSION = YES;
				CLANG_WARN_INFINITE_RECURSION = YES;
				CLANG_WARN_INT_CONVERSION = YES;
				CLANG_WARN_NON_LITERAL_NULL_CONVERSION = YES;
				CLANG_WARN_OBJC_IMPLICIT_RETAIN_SELF = YES;
				CLANG_WARN_OBJC_LITERAL_CONVERSION = YES;
				CLANG_WARN_OBJC_ROOT_CLASS = YES_ERROR;
				CLANG_WARN_QUOTED_INCLUDE_IN_FRAMEWORK_HEADER = YES;
				CLANG_WARN_RANGE_LOOP_ANALYSIS = YES;
				CLANG_WARN_STRICT_PROTOTYPES = YES;
				CLANG_WARN_SUSPICIOUS_MOVE = YES;
				CLANG_WARN_UNGUARDED_AVAILABILITY = YES_AGGRESSIVE;
				CLANG_WARN_UNREACHABLE_CODE = YES;
				CLANG_WARN__DUPLICATE_METHOD_MATCH = YES;
				COPY_PHASE_STRIP = NO;
				DEBUG_INFORMATION_FORMAT = dwarf;
				ENABLE_STRICT_OBJC_MSGSEND = YES;
				ENABLE_TESTABILITY = YES;
				GCC_C_LANGUAGE_STANDARD = gnu11;
				GCC_DYNAMIC_NO_PIC = NO;
				GCC_NO_COMMON_BLOCKS = YES;
				GCC_OPTIMIZATION_LEVEL = 0;
				GCC_PREPROCESSOR_DEFINITIONS = (
					"DEBUG=1",
					"$(inherited)",
				);
				GCC_WARN_64_TO_32_BIT_CONVERSION = YES;
				GCC_WARN_ABOUT_RETURN_TYPE = YES_ERROR;
				GCC_WARN_UNDECLARED_SELECTOR = YES;
				GCC_WARN_UNINITIALIZED_AUTOS = YES_AGGRESSIVE;
				GCC_WARN_UNUSED_FUNCTION = YES;
				GCC_WARN_UNUSED_VARIABLE = YES;
				IPHONEOS_DEPLOYMENT_TARGET = 14.5;
				MTL_ENABLE_DEBUG_INFO = INCLUDE_SOURCE;
				MTL_FAST_MATH = YES;
				ONLY_ACTIVE_ARCH = YES;
				SDKROOT = iphoneos;
				SWIFT_ACTIVE_COMPILATION_CONDITIONS = DEBUG;
				SWIFT_OPTIMIZATION_LEVEL = "-Onone";
			};
			name = Debug;
		};
		EED485DB2616AF82002A7795 /* Release */ = {
			isa = XCBuildConfiguration;
			buildSettings = {
				ALWAYS_SEARCH_USER_PATHS = NO;
				CLANG_ANALYZER_NONNULL = YES;
				CLANG_ANALYZER_NUMBER_OBJECT_CONVERSION = YES_AGGRESSIVE;
				CLANG_CXX_LANGUAGE_STANDARD = "gnu++14";
				CLANG_CXX_LIBRARY = "libc++";
				CLANG_ENABLE_MODULES = YES;
				CLANG_ENABLE_OBJC_ARC = YES;
				CLANG_ENABLE_OBJC_WEAK = YES;
				CLANG_WARN_BLOCK_CAPTURE_AUTORELEASING = YES;
				CLANG_WARN_BOOL_CONVERSION = YES;
				CLANG_WARN_COMMA = YES;
				CLANG_WARN_CONSTANT_CONVERSION = YES;
				CLANG_WARN_DEPRECATED_OBJC_IMPLEMENTATIONS = YES;
				CLANG_WARN_DIRECT_OBJC_ISA_USAGE = YES_ERROR;
				CLANG_WARN_DOCUMENTATION_COMMENTS = YES;
				CLANG_WARN_EMPTY_BODY = YES;
				CLANG_WARN_ENUM_CONVERSION = YES;
				CLANG_WARN_INFINITE_RECURSION = YES;
				CLANG_WARN_INT_CONVERSION = YES;
				CLANG_WARN_NON_LITERAL_NULL_CONVERSION = YES;
				CLANG_WARN_OBJC_IMPLICIT_RETAIN_SELF = YES;
				CLANG_WARN_OBJC_LITERAL_CONVERSION = YES;
				CLANG_WARN_OBJC_ROOT_CLASS = YES_ERROR;
				CLANG_WARN_QUOTED_INCLUDE_IN_FRAMEWORK_HEADER = YES;
				CLANG_WARN_RANGE_LOOP_ANALYSIS = YES;
				CLANG_WARN_STRICT_PROTOTYPES = YES;
				CLANG_WARN_SUSPICIOUS_MOVE = YES;
				CLANG_WARN_UNGUARDED_AVAILABILITY = YES_AGGRESSIVE;
				CLANG_WARN_UNREACHABLE_CODE = YES;
				CLANG_WARN__DUPLICATE_METHOD_MATCH = YES;
				COPY_PHASE_STRIP = NO;
				DEBUG_INFORMATION_FORMAT = "dwarf-with-dsym";
				ENABLE_NS_ASSERTIONS = NO;
				ENABLE_STRICT_OBJC_MSGSEND = YES;
				GCC_C_LANGUAGE_STANDARD = gnu11;
				GCC_NO_COMMON_BLOCKS = YES;
				GCC_WARN_64_TO_32_BIT_CONVERSION = YES;
				GCC_WARN_ABOUT_RETURN_TYPE = YES_ERROR;
				GCC_WARN_UNDECLARED_SELECTOR = YES;
				GCC_WARN_UNINITIALIZED_AUTOS = YES_AGGRESSIVE;
				GCC_WARN_UNUSED_FUNCTION = YES;
				GCC_WARN_UNUSED_VARIABLE = YES;
				IPHONEOS_DEPLOYMENT_TARGET = 14.5;
				MTL_ENABLE_DEBUG_INFO = NO;
				MTL_FAST_MATH = YES;
				SDKROOT = iphoneos;
				SWIFT_COMPILATION_MODE = wholemodule;
				SWIFT_OPTIMIZATION_LEVEL = "-O";
				VALIDATE_PRODUCT = YES;
			};
			name = Release;
		};
		EED485DD2616AF82002A7795 /* Debug */ = {
			isa = XCBuildConfiguration;
			buildSettings = {
				ALWAYS_EMBED_SWIFT_STANDARD_LIBRARIES = YES;
				ASSETCATALOG_COMPILER_APPICON_NAME = AppIcon;
				ASSETCATALOG_COMPILER_GLOBAL_ACCENT_COLOR_NAME = AccentColor;
				CODE_SIGN_ENTITLEMENTS = MTGCards/MTGCards.entitlements;
				CODE_SIGN_STYLE = Automatic;
				CURRENT_PROJECT_VERSION = 16;
				DEVELOPMENT_TEAM = JANZDS5D43;
				INFOPLIST_FILE = MTGCards/Info.plist;
				IPHONEOS_DEPLOYMENT_TARGET = 14.5;
				LD_RUNPATH_SEARCH_PATHS = (
					"$(inherited)",
					"@executable_path/Frameworks",
				);
				PRODUCT_BUNDLE_IDENTIFIER = com.roboticsnailsoftware.MTGCollection;
				PRODUCT_NAME = "$(TARGET_NAME)";
				SUPPORTS_MACCATALYST = YES;
				SWIFT_VERSION = 5.0;
				TARGETED_DEVICE_FAMILY = "1,2,6";
			};
			name = Debug;
		};
		EED485DE2616AF82002A7795 /* Release */ = {
			isa = XCBuildConfiguration;
			buildSettings = {
				ALWAYS_EMBED_SWIFT_STANDARD_LIBRARIES = YES;
				ASSETCATALOG_COMPILER_APPICON_NAME = AppIcon;
				ASSETCATALOG_COMPILER_GLOBAL_ACCENT_COLOR_NAME = AccentColor;
				CODE_SIGN_ENTITLEMENTS = MTGCards/MTGCards.entitlements;
				CODE_SIGN_STYLE = Automatic;
				CURRENT_PROJECT_VERSION = 16;
				DEVELOPMENT_TEAM = JANZDS5D43;
				INFOPLIST_FILE = MTGCards/Info.plist;
				IPHONEOS_DEPLOYMENT_TARGET = 14.5;
				LD_RUNPATH_SEARCH_PATHS = (
					"$(inherited)",
					"@executable_path/Frameworks",
				);
				PRODUCT_BUNDLE_IDENTIFIER = com.roboticsnailsoftware.MTGCollection;
				PRODUCT_NAME = "$(TARGET_NAME)";
				SUPPORTS_MACCATALYST = YES;
				SWIFT_VERSION = 5.0;
				TARGETED_DEVICE_FAMILY = "1,2,6";
			};
			name = Release;
		};
/* End XCBuildConfiguration section */

/* Begin XCConfigurationList section */
		EE564F5E263B7B9E0036625A /* Build configuration list for PBXNativeTarget "RandomCardArtWidgetExtension" */ = {
			isa = XCConfigurationList;
			buildConfigurations = (
				EE564F5F263B7B9E0036625A /* Debug */,
				EE564F60263B7B9E0036625A /* Release */,
			);
			defaultConfigurationIsVisible = 0;
			defaultConfigurationName = Release;
		};
		EED485C02616AF7F002A7795 /* Build configuration list for PBXProject "MTGCards" */ = {
			isa = XCConfigurationList;
			buildConfigurations = (
				EED485DA2616AF82002A7795 /* Debug */,
				EED485DB2616AF82002A7795 /* Release */,
			);
			defaultConfigurationIsVisible = 0;
			defaultConfigurationName = Release;
		};
		EED485DC2616AF82002A7795 /* Build configuration list for PBXNativeTarget "MTGCards" */ = {
			isa = XCConfigurationList;
			buildConfigurations = (
				EED485DD2616AF82002A7795 /* Debug */,
				EED485DE2616AF82002A7795 /* Release */,
			);
			defaultConfigurationIsVisible = 0;
			defaultConfigurationName = Release;
		};
/* End XCConfigurationList section */

/* Begin XCVersionGroup section */
		EE41CF482661916000665129 /* MTGCards.xcdatamodeld */ = {
			isa = XCVersionGroup;
			children = (
				EE41CF492661916000665129 /* MTGCards.xcdatamodel */,
			);
			currentVersion = EE41CF492661916000665129 /* MTGCards.xcdatamodel */;
			path = MTGCards.xcdatamodeld;
			sourceTree = "<group>";
			versionGroupType = wrapper.xcdatamodel;
		};
/* End XCVersionGroup section */
	};
	rootObject = EED485BD2616AF7F002A7795 /* Project object */;
}
